
Microsoft Visual Studio Solution File, Format Version 12.00
# Visual Studio 2013
VisualStudioVersion = 12.0.31101.0
MinimumVisualStudioVersion = 10.0.40219.1
Project("{FAE04EC0-301F-11D3-BF4B-00C04F79EFBC}") = "libCCTV.2013", "libCCTV.2013.csproj", "{6A266775-B834-4B5F-9097-B9BB2EA44148}"
EndProject
Project("{FAE04EC0-301F-11D3-BF4B-00C04F79EFBC}") = "CCTVViewer", "..\CCTVViewer\CCTVViewer.csproj", "{FA380E87-2D37-40F8-8414-5AEC37EFF71B}"
EndProject
Project("{FAE04EC0-301F-11D3-BF4B-00C04F79EFBC}") = "CCTVCtrl", "..\CCTVCtrl\CCTVCtrl.csproj", "{9EC7EBB6-5B58-4049-81D8-727F8837E04C}"
EndProject
Global
	GlobalSection(SolutionConfigurationPlatforms) = preSolution
		Debug|Any CPU = Debug|Any CPU
		Debug|x64 = Debug|x64
		Debug|x86 = Debug|x86
		Release|Any CPU = Release|Any CPU
		Release|x64 = Release|x64
		Release|x86 = Release|x86
	EndGlobalSection
	GlobalSection(ProjectConfigurationPlatforms) = postSolution
		{6A266775-B834-4B5F-9097-B9BB2EA44148}.Debug|Any CPU.ActiveCfg = Debug|x86
		{6A266775-B834-4B5F-9097-B9BB2EA44148}.Debug|x64.ActiveCfg = Debug|x64
		{6A266775-B834-4B5F-9097-B9BB2EA44148}.Debug|x64.Build.0 = Debug|x64
		{6A266775-B834-4B5F-9097-B9BB2EA44148}.Debug|x86.ActiveCfg = Debug|x86
		{6A266775-B834-4B5F-9097-B9BB2EA44148}.Debug|x86.Build.0 = Debug|x86
		{6A266775-B834-4B5F-9097-B9BB2EA44148}.Release|Any CPU.ActiveCfg = Release|x86
		{6A266775-B834-4B5F-9097-B9BB2EA44148}.Release|x64.ActiveCfg = Release|x64
		{6A266775-B834-4B5F-9097-B9BB2EA44148}.Release|x64.Build.0 = Release|x64
		{6A266775-B834-4B5F-9097-B9BB2EA44148}.Release|x86.ActiveCfg = Release|x86
		{6A266775-B834-4B5F-9097-B9BB2EA44148}.Release|x86.Build.0 = Release|x86
		{FA380E87-2D37-40F8-8414-5AEC37EFF71B}.Debug|Any CPU.ActiveCfg = Debug|Any CPU
		{FA380E87-2D37-40F8-8414-5AEC37EFF71B}.Debug|Any CPU.Build.0 = Debug|Any CPU
		{FA380E87-2D37-40F8-8414-5AEC37EFF71B}.Debug|x64.ActiveCfg = Debug|Any CPU
		{FA380E87-2D37-40F8-8414-5AEC37EFF71B}.Debug|x86.ActiveCfg = Debug|x86
		{FA380E87-2D37-40F8-8414-5AEC37EFF71B}.Debug|x86.Build.0 = Debug|x86
		{FA380E87-2D37-40F8-8414-5AEC37EFF71B}.Release|Any CPU.ActiveCfg = Release|Any CPU
		{FA380E87-2D37-40F8-8414-5AEC37EFF71B}.Release|Any CPU.Build.0 = Release|Any CPU
		{FA380E87-2D37-40F8-8414-5AEC37EFF71B}.Release|x64.ActiveCfg = Release|Any CPU
		{FA380E87-2D37-40F8-8414-5AEC37EFF71B}.Release|x86.ActiveCfg = Release|x86
		{FA380E87-2D37-40F8-8414-5AEC37EFF71B}.Release|x86.Build.0 = Release|x86
		{9EC7EBB6-5B58-4049-81D8-727F8837E04C}.Debug|Any CPU.ActiveCfg = Debug|Any CPU
		{9EC7EBB6-5B58-4049-81D8-727F8837E04C}.Debug|Any CPU.Build.0 = Debug|Any CPU
		{9EC7EBB6-5B58-4049-81D8-727F8837E04C}.Debug|x64.ActiveCfg = Debug|Any CPU
		{9EC7EBB6-5B58-4049-81D8-727F8837E04C}.Debug|x86.ActiveCfg = Debug|x86
		{9EC7EBB6-5B58-4049-81D8-727F8837E04C}.Debug|x86.Build.0 = Debug|x86
		{9EC7EBB6-5B58-4049-81D8-727F8837E04C}.Release|Any CPU.ActiveCfg = Release|Any CPU
		{9EC7EBB6-5B58-4049-81D8-727F8837E04C}.Release|Any CPU.Build.0 = Release|Any CPU
		{9EC7EBB6-5B58-4049-81D8-727F8837E04C}.Release|x64.ActiveCfg = Release|Any CPU
		{9EC7EBB6-5B58-4049-81D8-727F8837E04C}.Release|x86.ActiveCfg = Release|x86
		{9EC7EBB6-5B58-4049-81D8-727F8837E04C}.Release|x86.Build.0 = Release|x86
	EndGlobalSection
	GlobalSection(SolutionProperties) = preSolution
		HideSolutionNode = FALSE
	EndGlobalSection
EndGlobal
