
Microsoft Visual Studio Solution File, Format Version 12.00
# Visual Studio 2013
VisualStudioVersion = 12.0.21005.1
MinimumVisualStudioVersion = 10.0.40219.1
Project("{FAE04EC0-301F-11D3-BF4B-00C04F79EFBC}") = "TrainingSystem", "TrainingSystem\TrainingSystem.csproj", "{678B1375-BA86-4F33-A323-117A5BB347E3}"
EndProject
Project("{FAE04EC0-301F-11D3-BF4B-00C04F79EFBC}") = "DbConnectionTest", "DbConnectionTest\DbConnectionTest.csproj", "{1BD635F1-1602-4E16-B574-3BF30B7FAF5E}"
EndProject
Project("{FAE04EC0-301F-11D3-BF4B-00C04F79EFBC}") = "AspNetCaller", "AspNetCaller\AspNetCaller.csproj", "{0E66DBD8-99C3-40D4-B7AA-218A7379976F}"
EndProject
Project("{FAE04EC0-301F-11D3-BF4B-00C04F79EFBC}") = "libSensorSignal", "libSensorSignal\libSensorSignal.csproj", "{6D3D7665-1854-45BF-A2F3-414F085F0A2D}"
EndProject
Global
	GlobalSection(SolutionConfigurationPlatforms) = preSolution
		Debug|Any CPU = Debug|Any CPU
		Debug|x86 = Debug|x86
		Release|Any CPU = Release|Any CPU
		Release|x86 = Release|x86
	EndGlobalSection
	GlobalSection(ProjectConfigurationPlatforms) = postSolution
		{678B1375-BA86-4F33-A323-117A5BB347E3}.Debug|Any CPU.ActiveCfg = Debug|Any CPU
		{678B1375-BA86-4F33-A323-117A5BB347E3}.Debug|Any CPU.Build.0 = Debug|Any CPU
		{678B1375-BA86-4F33-A323-117A5BB347E3}.Debug|x86.ActiveCfg = Debug|Any CPU
		{678B1375-BA86-4F33-A323-117A5BB347E3}.Release|Any CPU.ActiveCfg = Release|Any CPU
		{678B1375-BA86-4F33-A323-117A5BB347E3}.Release|Any CPU.Build.0 = Release|Any CPU
		{678B1375-BA86-4F33-A323-117A5BB347E3}.Release|x86.ActiveCfg = Release|Any CPU
		{1BD635F1-1602-4E16-B574-3BF30B7FAF5E}.Debug|Any CPU.ActiveCfg = Debug|Any CPU
		{1BD635F1-1602-4E16-B574-3BF30B7FAF5E}.Debug|Any CPU.Build.0 = Debug|Any CPU
		{1BD635F1-1602-4E16-B574-3BF30B7FAF5E}.Debug|x86.ActiveCfg = Debug|Any CPU
		{1BD635F1-1602-4E16-B574-3BF30B7FAF5E}.Release|Any CPU.ActiveCfg = Release|Any CPU
		{1BD635F1-1602-4E16-B574-3BF30B7FAF5E}.Release|Any CPU.Build.0 = Release|Any CPU
		{1BD635F1-1602-4E16-B574-3BF30B7FAF5E}.Release|x86.ActiveCfg = Release|Any CPU
		{0E66DBD8-99C3-40D4-B7AA-218A7379976F}.Debug|Any CPU.ActiveCfg = Debug|Any CPU
		{0E66DBD8-99C3-40D4-B7AA-218A7379976F}.Debug|Any CPU.Build.0 = Debug|Any CPU
		{0E66DBD8-99C3-40D4-B7AA-218A7379976F}.Debug|x86.ActiveCfg = Debug|Any CPU
		{0E66DBD8-99C3-40D4-B7AA-218A7379976F}.Release|Any CPU.ActiveCfg = Release|Any CPU
		{0E66DBD8-99C3-40D4-B7AA-218A7379976F}.Release|Any CPU.Build.0 = Release|Any CPU
		{0E66DBD8-99C3-40D4-B7AA-218A7379976F}.Release|x86.ActiveCfg = Release|Any CPU
		{6D3D7665-1854-45BF-A2F3-414F085F0A2D}.Debug|Any CPU.ActiveCfg = Debug|Any CPU
		{6D3D7665-1854-45BF-A2F3-414F085F0A2D}.Debug|Any CPU.Build.0 = Debug|Any CPU
		{6D3D7665-1854-45BF-A2F3-414F085F0A2D}.Debug|x86.ActiveCfg = Debug|x86
		{6D3D7665-1854-45BF-A2F3-414F085F0A2D}.Debug|x86.Build.0 = Debug|x86
		{6D3D7665-1854-45BF-A2F3-414F085F0A2D}.Release|Any CPU.ActiveCfg = Release|Any CPU
		{6D3D7665-1854-45BF-A2F3-414F085F0A2D}.Release|Any CPU.Build.0 = Release|Any CPU
		{6D3D7665-1854-45BF-A2F3-414F085F0A2D}.Release|x86.ActiveCfg = Release|x86
		{6D3D7665-1854-45BF-A2F3-414F085F0A2D}.Release|x86.Build.0 = Release|x86
	EndGlobalSection
	GlobalSection(SolutionProperties) = preSolution
		HideSolutionNode = FALSE
	EndGlobalSection
EndGlobal
