
Microsoft Visual Studio Solution File, Format Version 12.00
# Visual Studio Version 16
VisualStudioVersion = 16.0.30907.101
MinimumVisualStudioVersion = 10.0.40219.1
Project("{9A19103F-16F7-4668-BE54-9A1E7A4F7556}") = "SOPWebServer2", "SOPWebServer2\SOPWebServer2.csproj", "{F2DFD410-0B5B-49DA-8A92-2A6AB5A37B90}"
EndProject
Project("{2150E333-8FDC-42A3-9474-1A3956D46DE8}") = "Common", "Common", "{29A5B904-07F7-4013-AA8F-6A652B9886DD}"
EndProject
Project("{2150E333-8FDC-42A3-9474-1A3956D46DE8}") = "BusinessLogicLayer", "BusinessLogicLayer", "{77169406-DC59-4CBC-83E9-7D639F3C8DBF}"
EndProject
Project("{9A19103F-16F7-4668-BE54-9A1E7A4F7556}") = "SOPWebServer.BLL", "SOPWebServer.BLL\SOPWebServer.BLL.csproj", "{1070BF09-895D-477F-A4E3-2471E2ADF6CC}"
EndProject
Project("{9A19103F-16F7-4668-BE54-9A1E7A4F7556}") = "SDMS.Model", "..\SDMS\SDMS.Model\SDMS.Model.csproj", "{23809430-7435-4F21-944F-8CF963C5A0AB}"
EndProject
Project("{2150E333-8FDC-42A3-9474-1A3956D46DE8}") = "DataAccessLayer", "DataAccessLayer", "{8347D672-A698-4D6F-8B31-85BFFD0D4020}"
EndProject
Project("{9A19103F-16F7-4668-BE54-9A1E7A4F7556}") = "SDMS.IDAL", "..\SDMS\SDMS.IDAL\SDMS.IDAL.csproj", "{40E008EA-2BC8-49E8-AAA0-7C5DD06DD089}"
EndProject
Project("{9A19103F-16F7-4668-BE54-9A1E7A4F7556}") = "SDMS.DAL", "..\SDMS\SDMS.DAL\SDMS.DAL.csproj", "{424124E5-F551-46FE-B1F2-02B5A137AB8C}"
EndProject
Project("{9A19103F-16F7-4668-BE54-9A1E7A4F7556}") = "Common.Model", "..\Common\Common.Model\Common.Model.csproj", "{0E9AD3A8-8F9A-40D9-B963-CAF242147196}"
EndProject
Project("{9A19103F-16F7-4668-BE54-9A1E7A4F7556}") = "Common.IDAL", "..\Common\Common.IDAL\Common.IDAL.csproj", "{569370B2-48A4-4A6E-9B62-3446A3AA0661}"
EndProject
Project("{9A19103F-16F7-4668-BE54-9A1E7A4F7556}") = "Common.DAL", "..\Common\Common.DAL\Common.DAL.csproj", "{463CC96F-49AB-484D-8800-1A72D17F29D0}"
EndProject
Project("{9A19103F-16F7-4668-BE54-9A1E7A4F7556}") = "TeamEditor.Model", "..\TeamEditor\TeamEditor.Model\TeamEditor.Model.csproj", "{82C3BB6E-927D-4C47-822D-D07A58DC9DD7}"
EndProject
Project("{9A19103F-16F7-4668-BE54-9A1E7A4F7556}") = "TeamEditor.IDAL", "..\TeamEditor\TeamEditor.IDAL\TeamEditor.IDAL.csproj", "{5749D132-5356-4433-959B-FEE03E5B5B63}"
EndProject
Project("{9A19103F-16F7-4668-BE54-9A1E7A4F7556}") = "TeamEditor.DAL", "..\TeamEditor\TeamEditor.DAL\TeamEditor.DAL.csproj", "{ECD24241-4736-483C-A04D-DFD2F482F99C}"
EndProject
Project("{9A19103F-16F7-4668-BE54-9A1E7A4F7556}") = "TeamEditor.BLL", "..\TeamEditor\TeamEditor.BLL\TeamEditor.BLL.csproj", "{CC4F29DF-8D59-4DC1-BFA6-1BF73DDFD982}"
EndProject
Project("{9A19103F-16F7-4668-BE54-9A1E7A4F7556}") = "dnsData", "..\DNS\dnsData\dnsData.csproj", "{5BA62A5F-9FF3-470F-BB87-AF7324CE9E81}"
EndProject
Project("{9A19103F-16F7-4668-BE54-9A1E7A4F7556}") = "dnsSMS", "..\DNS\dnsSMS\dnsSMS\dnsSMS.csproj", "{989E1BAE-C013-49B8-89F8-03148F69DB7F}"
EndProject
Project("{9A19103F-16F7-4668-BE54-9A1E7A4F7556}") = "dnsSopID", "..\DNS\dnsSopID\dnsSopID.csproj", "{3119CC69-0FE5-4898-9F34-E09AB30821E7}"
EndProject
Project("{9A19103F-16F7-4668-BE54-9A1E7A4F7556}") = "dnsCommunicateSopServer", "..\DNS\dnsCommunicateSopServer\dnsCommunicateSopServer.csproj", "{0AE59353-38BD-4C7B-8EEA-1144ABA08D77}"
EndProject
Project("{9A19103F-16F7-4668-BE54-9A1E7A4F7556}") = "dnsEmail", "..\DNS\dnsEmail\dnsEmail\dnsEmail.csproj", "{0AEAAF07-F284-4E13-BD03-B0014DDC9F00}"
EndProject
Project("{9A19103F-16F7-4668-BE54-9A1E7A4F7556}") = "SOPManager.IDAL", "..\SOPManager\SOPManager.IDAL\SOPManager.IDAL.csproj", "{73FF4232-88BC-4E62-B1BB-F4F8DC52F65E}"
EndProject
Project("{9A19103F-16F7-4668-BE54-9A1E7A4F7556}") = "SOPManager.DAL", "..\SOPManager\SOPManager.DAL\SOPManager.DAL.csproj", "{D7C6C72E-BFB8-40FD-AFF9-ED58BE721D62}"
EndProject
Project("{9A19103F-16F7-4668-BE54-9A1E7A4F7556}") = "SOPManager.Model", "..\SOPManager\SOPManager.Model\SOPManager.Model.csproj", "{141B8F9E-9F21-4737-B08A-0464AB8A676B}"
EndProject
Project("{9A19103F-16F7-4668-BE54-9A1E7A4F7556}") = "dnsDBUtil", "..\..\..\esdk\workspace\DNS_DBUtil\DNS_DBUtil\dnsDBUtil.csproj", "{79E0FE7F-C8C0-4B74-8523-7668FBE458F1}"
EndProject
Project("{9A19103F-16F7-4668-BE54-9A1E7A4F7556}") = "AgentFactory.BLL", "AgentFactory.BLL\AgentFactory.BLL.csproj", "{45E84FF9-7D93-49B6-987F-BF67AC862673}"
EndProject
Global
	GlobalSection(SolutionConfigurationPlatforms) = preSolution
		Debug|Any CPU = Debug|Any CPU
		Release_Kakao|Any CPU = Release_Kakao|Any CPU
		Release_SKT_MCS|Any CPU = Release_SKT_MCS|Any CPU
		Release_Soulbrain|Any CPU = Release_Soulbrain|Any CPU
		Release_UNE_MCS|Any CPU = Release_UNE_MCS|Any CPU
		Release_UnEInternal|Any CPU = Release_UnEInternal|Any CPU
		Release|Any CPU = Release|Any CPU
	EndGlobalSection
	GlobalSection(ProjectConfigurationPlatforms) = postSolution
		{F2DFD410-0B5B-49DA-8A92-2A6AB5A37B90}.Debug|Any CPU.ActiveCfg = Debug|Any CPU
		{F2DFD410-0B5B-49DA-8A92-2A6AB5A37B90}.Debug|Any CPU.Build.0 = Debug|Any CPU
		{F2DFD410-0B5B-49DA-8A92-2A6AB5A37B90}.Release_Kakao|Any CPU.ActiveCfg = Release|Any CPU
		{F2DFD410-0B5B-49DA-8A92-2A6AB5A37B90}.Release_Kakao|Any CPU.Build.0 = Release|Any CPU
		{F2DFD410-0B5B-49DA-8A92-2A6AB5A37B90}.Release_SKT_MCS|Any CPU.ActiveCfg = Release|Any CPU
		{F2DFD410-0B5B-49DA-8A92-2A6AB5A37B90}.Release_SKT_MCS|Any CPU.Build.0 = Release|Any CPU
		{F2DFD410-0B5B-49DA-8A92-2A6AB5A37B90}.Release_Soulbrain|Any CPU.ActiveCfg = Release|Any CPU
		{F2DFD410-0B5B-49DA-8A92-2A6AB5A37B90}.Release_Soulbrain|Any CPU.Build.0 = Release|Any CPU
		{F2DFD410-0B5B-49DA-8A92-2A6AB5A37B90}.Release_UNE_MCS|Any CPU.ActiveCfg = Release|Any CPU
		{F2DFD410-0B5B-49DA-8A92-2A6AB5A37B90}.Release_UNE_MCS|Any CPU.Build.0 = Release|Any CPU
		{F2DFD410-0B5B-49DA-8A92-2A6AB5A37B90}.Release_UnEInternal|Any CPU.ActiveCfg = Release|Any CPU
		{F2DFD410-0B5B-49DA-8A92-2A6AB5A37B90}.Release_UnEInternal|Any CPU.Build.0 = Release|Any CPU
		{F2DFD410-0B5B-49DA-8A92-2A6AB5A37B90}.Release|Any CPU.ActiveCfg = Release|Any CPU
		{F2DFD410-0B5B-49DA-8A92-2A6AB5A37B90}.Release|Any CPU.Build.0 = Release|Any CPU
		{1070BF09-895D-477F-A4E3-2471E2ADF6CC}.Debug|Any CPU.ActiveCfg = Debug|Any CPU
		{1070BF09-895D-477F-A4E3-2471E2ADF6CC}.Debug|Any CPU.Build.0 = Debug|Any CPU
		{1070BF09-895D-477F-A4E3-2471E2ADF6CC}.Release_Kakao|Any CPU.ActiveCfg = Release|Any CPU
		{1070BF09-895D-477F-A4E3-2471E2ADF6CC}.Release_Kakao|Any CPU.Build.0 = Release|Any CPU
		{1070BF09-895D-477F-A4E3-2471E2ADF6CC}.Release_SKT_MCS|Any CPU.ActiveCfg = Release|Any CPU
		{1070BF09-895D-477F-A4E3-2471E2ADF6CC}.Release_SKT_MCS|Any CPU.Build.0 = Release|Any CPU
		{1070BF09-895D-477F-A4E3-2471E2ADF6CC}.Release_Soulbrain|Any CPU.ActiveCfg = Release|Any CPU
		{1070BF09-895D-477F-A4E3-2471E2ADF6CC}.Release_Soulbrain|Any CPU.Build.0 = Release|Any CPU
		{1070BF09-895D-477F-A4E3-2471E2ADF6CC}.Release_UNE_MCS|Any CPU.ActiveCfg = Release|Any CPU
		{1070BF09-895D-477F-A4E3-2471E2ADF6CC}.Release_UNE_MCS|Any CPU.Build.0 = Release|Any CPU
		{1070BF09-895D-477F-A4E3-2471E2ADF6CC}.Release_UnEInternal|Any CPU.ActiveCfg = Release|Any CPU
		{1070BF09-895D-477F-A4E3-2471E2ADF6CC}.Release_UnEInternal|Any CPU.Build.0 = Release|Any CPU
		{1070BF09-895D-477F-A4E3-2471E2ADF6CC}.Release|Any CPU.ActiveCfg = Release|Any CPU
		{1070BF09-895D-477F-A4E3-2471E2ADF6CC}.Release|Any CPU.Build.0 = Release|Any CPU
		{23809430-7435-4F21-944F-8CF963C5A0AB}.Debug|Any CPU.ActiveCfg = Debug|Any CPU
		{23809430-7435-4F21-944F-8CF963C5A0AB}.Debug|Any CPU.Build.0 = Debug|Any CPU
		{23809430-7435-4F21-944F-8CF963C5A0AB}.Release_Kakao|Any CPU.ActiveCfg = Release|Any CPU
		{23809430-7435-4F21-944F-8CF963C5A0AB}.Release_Kakao|Any CPU.Build.0 = Release|Any CPU
		{23809430-7435-4F21-944F-8CF963C5A0AB}.Release_SKT_MCS|Any CPU.ActiveCfg = Release|Any CPU
		{23809430-7435-4F21-944F-8CF963C5A0AB}.Release_SKT_MCS|Any CPU.Build.0 = Release|Any CPU
		{23809430-7435-4F21-944F-8CF963C5A0AB}.Release_Soulbrain|Any CPU.ActiveCfg = Release|Any CPU
		{23809430-7435-4F21-944F-8CF963C5A0AB}.Release_Soulbrain|Any CPU.Build.0 = Release|Any CPU
		{23809430-7435-4F21-944F-8CF963C5A0AB}.Release_UNE_MCS|Any CPU.ActiveCfg = Release|Any CPU
		{23809430-7435-4F21-944F-8CF963C5A0AB}.Release_UNE_MCS|Any CPU.Build.0 = Release|Any CPU
		{23809430-7435-4F21-944F-8CF963C5A0AB}.Release_UnEInternal|Any CPU.ActiveCfg = Release|Any CPU
		{23809430-7435-4F21-944F-8CF963C5A0AB}.Release_UnEInternal|Any CPU.Build.0 = Release|Any CPU
		{23809430-7435-4F21-944F-8CF963C5A0AB}.Release|Any CPU.ActiveCfg = Release|Any CPU
		{23809430-7435-4F21-944F-8CF963C5A0AB}.Release|Any CPU.Build.0 = Release|Any CPU
		{40E008EA-2BC8-49E8-AAA0-7C5DD06DD089}.Debug|Any CPU.ActiveCfg = Debug|Any CPU
		{40E008EA-2BC8-49E8-AAA0-7C5DD06DD089}.Debug|Any CPU.Build.0 = Debug|Any CPU
		{40E008EA-2BC8-49E8-AAA0-7C5DD06DD089}.Release_Kakao|Any CPU.ActiveCfg = Release|Any CPU
		{40E008EA-2BC8-49E8-AAA0-7C5DD06DD089}.Release_Kakao|Any CPU.Build.0 = Release|Any CPU
		{40E008EA-2BC8-49E8-AAA0-7C5DD06DD089}.Release_SKT_MCS|Any CPU.ActiveCfg = Release|Any CPU
		{40E008EA-2BC8-49E8-AAA0-7C5DD06DD089}.Release_SKT_MCS|Any CPU.Build.0 = Release|Any CPU
		{40E008EA-2BC8-49E8-AAA0-7C5DD06DD089}.Release_Soulbrain|Any CPU.ActiveCfg = Release|Any CPU
		{40E008EA-2BC8-49E8-AAA0-7C5DD06DD089}.Release_Soulbrain|Any CPU.Build.0 = Release|Any CPU
		{40E008EA-2BC8-49E8-AAA0-7C5DD06DD089}.Release_UNE_MCS|Any CPU.ActiveCfg = Release|Any CPU
		{40E008EA-2BC8-49E8-AAA0-7C5DD06DD089}.Release_UNE_MCS|Any CPU.Build.0 = Release|Any CPU
		{40E008EA-2BC8-49E8-AAA0-7C5DD06DD089}.Release_UnEInternal|Any CPU.ActiveCfg = Release|Any CPU
		{40E008EA-2BC8-49E8-AAA0-7C5DD06DD089}.Release_UnEInternal|Any CPU.Build.0 = Release|Any CPU
		{40E008EA-2BC8-49E8-AAA0-7C5DD06DD089}.Release|Any CPU.ActiveCfg = Release|Any CPU
		{40E008EA-2BC8-49E8-AAA0-7C5DD06DD089}.Release|Any CPU.Build.0 = Release|Any CPU
		{424124E5-F551-46FE-B1F2-02B5A137AB8C}.Debug|Any CPU.ActiveCfg = Debug|Any CPU
		{424124E5-F551-46FE-B1F2-02B5A137AB8C}.Debug|Any CPU.Build.0 = Debug|Any CPU
		{424124E5-F551-46FE-B1F2-02B5A137AB8C}.Release_Kakao|Any CPU.ActiveCfg = Release|Any CPU
		{424124E5-F551-46FE-B1F2-02B5A137AB8C}.Release_Kakao|Any CPU.Build.0 = Release|Any CPU
		{424124E5-F551-46FE-B1F2-02B5A137AB8C}.Release_SKT_MCS|Any CPU.ActiveCfg = Release|Any CPU
		{424124E5-F551-46FE-B1F2-02B5A137AB8C}.Release_SKT_MCS|Any CPU.Build.0 = Release|Any CPU
		{424124E5-F551-46FE-B1F2-02B5A137AB8C}.Release_Soulbrain|Any CPU.ActiveCfg = Release|Any CPU
		{424124E5-F551-46FE-B1F2-02B5A137AB8C}.Release_Soulbrain|Any CPU.Build.0 = Release|Any CPU
		{424124E5-F551-46FE-B1F2-02B5A137AB8C}.Release_UNE_MCS|Any CPU.ActiveCfg = Release|Any CPU
		{424124E5-F551-46FE-B1F2-02B5A137AB8C}.Release_UNE_MCS|Any CPU.Build.0 = Release|Any CPU
		{424124E5-F551-46FE-B1F2-02B5A137AB8C}.Release_UnEInternal|Any CPU.ActiveCfg = Release|Any CPU
		{424124E5-F551-46FE-B1F2-02B5A137AB8C}.Release_UnEInternal|Any CPU.Build.0 = Release|Any CPU
		{424124E5-F551-46FE-B1F2-02B5A137AB8C}.Release|Any CPU.ActiveCfg = Release|Any CPU
		{424124E5-F551-46FE-B1F2-02B5A137AB8C}.Release|Any CPU.Build.0 = Release|Any CPU
		{0E9AD3A8-8F9A-40D9-B963-CAF242147196}.Debug|Any CPU.ActiveCfg = Debug|Any CPU
		{0E9AD3A8-8F9A-40D9-B963-CAF242147196}.Debug|Any CPU.Build.0 = Debug|Any CPU
		{0E9AD3A8-8F9A-40D9-B963-CAF242147196}.Release_Kakao|Any CPU.ActiveCfg = Release|Any CPU
		{0E9AD3A8-8F9A-40D9-B963-CAF242147196}.Release_Kakao|Any CPU.Build.0 = Release|Any CPU
		{0E9AD3A8-8F9A-40D9-B963-CAF242147196}.Release_SKT_MCS|Any CPU.ActiveCfg = Release|Any CPU
		{0E9AD3A8-8F9A-40D9-B963-CAF242147196}.Release_SKT_MCS|Any CPU.Build.0 = Release|Any CPU
		{0E9AD3A8-8F9A-40D9-B963-CAF242147196}.Release_Soulbrain|Any CPU.ActiveCfg = Release|Any CPU
		{0E9AD3A8-8F9A-40D9-B963-CAF242147196}.Release_Soulbrain|Any CPU.Build.0 = Release|Any CPU
		{0E9AD3A8-8F9A-40D9-B963-CAF242147196}.Release_UNE_MCS|Any CPU.ActiveCfg = Release|Any CPU
		{0E9AD3A8-8F9A-40D9-B963-CAF242147196}.Release_UNE_MCS|Any CPU.Build.0 = Release|Any CPU
		{0E9AD3A8-8F9A-40D9-B963-CAF242147196}.Release_UnEInternal|Any CPU.ActiveCfg = Release|Any CPU
		{0E9AD3A8-8F9A-40D9-B963-CAF242147196}.Release_UnEInternal|Any CPU.Build.0 = Release|Any CPU
		{0E9AD3A8-8F9A-40D9-B963-CAF242147196}.Release|Any CPU.ActiveCfg = Release|Any CPU
		{0E9AD3A8-8F9A-40D9-B963-CAF242147196}.Release|Any CPU.Build.0 = Release|Any CPU
		{569370B2-48A4-4A6E-9B62-3446A3AA0661}.Debug|Any CPU.ActiveCfg = Debug|Any CPU
		{569370B2-48A4-4A6E-9B62-3446A3AA0661}.Debug|Any CPU.Build.0 = Debug|Any CPU
		{569370B2-48A4-4A6E-9B62-3446A3AA0661}.Release_Kakao|Any CPU.ActiveCfg = Release|Any CPU
		{569370B2-48A4-4A6E-9B62-3446A3AA0661}.Release_Kakao|Any CPU.Build.0 = Release|Any CPU
		{569370B2-48A4-4A6E-9B62-3446A3AA0661}.Release_SKT_MCS|Any CPU.ActiveCfg = Release|Any CPU
		{569370B2-48A4-4A6E-9B62-3446A3AA0661}.Release_SKT_MCS|Any CPU.Build.0 = Release|Any CPU
		{569370B2-48A4-4A6E-9B62-3446A3AA0661}.Release_Soulbrain|Any CPU.ActiveCfg = Release|Any CPU
		{569370B2-48A4-4A6E-9B62-3446A3AA0661}.Release_Soulbrain|Any CPU.Build.0 = Release|Any CPU
		{569370B2-48A4-4A6E-9B62-3446A3AA0661}.Release_UNE_MCS|Any CPU.ActiveCfg = Release|Any CPU
		{569370B2-48A4-4A6E-9B62-3446A3AA0661}.Release_UNE_MCS|Any CPU.Build.0 = Release|Any CPU
		{569370B2-48A4-4A6E-9B62-3446A3AA0661}.Release_UnEInternal|Any CPU.ActiveCfg = Release|Any CPU
		{569370B2-48A4-4A6E-9B62-3446A3AA0661}.Release_UnEInternal|Any CPU.Build.0 = Release|Any CPU
		{569370B2-48A4-4A6E-9B62-3446A3AA0661}.Release|Any CPU.ActiveCfg = Release|Any CPU
		{569370B2-48A4-4A6E-9B62-3446A3AA0661}.Release|Any CPU.Build.0 = Release|Any CPU
		{463CC96F-49AB-484D-8800-1A72D17F29D0}.Debug|Any CPU.ActiveCfg = Debug|Any CPU
		{463CC96F-49AB-484D-8800-1A72D17F29D0}.Debug|Any CPU.Build.0 = Debug|Any CPU
		{463CC96F-49AB-484D-8800-1A72D17F29D0}.Release_Kakao|Any CPU.ActiveCfg = Release|Any CPU
		{463CC96F-49AB-484D-8800-1A72D17F29D0}.Release_Kakao|Any CPU.Build.0 = Release|Any CPU
		{463CC96F-49AB-484D-8800-1A72D17F29D0}.Release_SKT_MCS|Any CPU.ActiveCfg = Release|Any CPU
		{463CC96F-49AB-484D-8800-1A72D17F29D0}.Release_SKT_MCS|Any CPU.Build.0 = Release|Any CPU
		{463CC96F-49AB-484D-8800-1A72D17F29D0}.Release_Soulbrain|Any CPU.ActiveCfg = Release|Any CPU
		{463CC96F-49AB-484D-8800-1A72D17F29D0}.Release_Soulbrain|Any CPU.Build.0 = Release|Any CPU
		{463CC96F-49AB-484D-8800-1A72D17F29D0}.Release_UNE_MCS|Any CPU.ActiveCfg = Release|Any CPU
		{463CC96F-49AB-484D-8800-1A72D17F29D0}.Release_UNE_MCS|Any CPU.Build.0 = Release|Any CPU
		{463CC96F-49AB-484D-8800-1A72D17F29D0}.Release_UnEInternal|Any CPU.ActiveCfg = Release|Any CPU
		{463CC96F-49AB-484D-8800-1A72D17F29D0}.Release_UnEInternal|Any CPU.Build.0 = Release|Any CPU
		{463CC96F-49AB-484D-8800-1A72D17F29D0}.Release|Any CPU.ActiveCfg = Release|Any CPU
		{463CC96F-49AB-484D-8800-1A72D17F29D0}.Release|Any CPU.Build.0 = Release|Any CPU
		{82C3BB6E-927D-4C47-822D-D07A58DC9DD7}.Debug|Any CPU.ActiveCfg = Debug|Any CPU
		{82C3BB6E-927D-4C47-822D-D07A58DC9DD7}.Debug|Any CPU.Build.0 = Debug|Any CPU
		{82C3BB6E-927D-4C47-822D-D07A58DC9DD7}.Release_Kakao|Any CPU.ActiveCfg = Release|Any CPU
		{82C3BB6E-927D-4C47-822D-D07A58DC9DD7}.Release_Kakao|Any CPU.Build.0 = Release|Any CPU
		{82C3BB6E-927D-4C47-822D-D07A58DC9DD7}.Release_SKT_MCS|Any CPU.ActiveCfg = Release|Any CPU
		{82C3BB6E-927D-4C47-822D-D07A58DC9DD7}.Release_SKT_MCS|Any CPU.Build.0 = Release|Any CPU
		{82C3BB6E-927D-4C47-822D-D07A58DC9DD7}.Release_Soulbrain|Any CPU.ActiveCfg = Release|Any CPU
		{82C3BB6E-927D-4C47-822D-D07A58DC9DD7}.Release_Soulbrain|Any CPU.Build.0 = Release|Any CPU
		{82C3BB6E-927D-4C47-822D-D07A58DC9DD7}.Release_UNE_MCS|Any CPU.ActiveCfg = Release|Any CPU
		{82C3BB6E-927D-4C47-822D-D07A58DC9DD7}.Release_UNE_MCS|Any CPU.Build.0 = Release|Any CPU
		{82C3BB6E-927D-4C47-822D-D07A58DC9DD7}.Release_UnEInternal|Any CPU.ActiveCfg = Release|Any CPU
		{82C3BB6E-927D-4C47-822D-D07A58DC9DD7}.Release_UnEInternal|Any CPU.Build.0 = Release|Any CPU
		{82C3BB6E-927D-4C47-822D-D07A58DC9DD7}.Release|Any CPU.ActiveCfg = Release|Any CPU
		{82C3BB6E-927D-4C47-822D-D07A58DC9DD7}.Release|Any CPU.Build.0 = Release|Any CPU
		{5749D132-5356-4433-959B-FEE03E5B5B63}.Debug|Any CPU.ActiveCfg = Debug|Any CPU
		{5749D132-5356-4433-959B-FEE03E5B5B63}.Debug|Any CPU.Build.0 = Debug|Any CPU
		{5749D132-5356-4433-959B-FEE03E5B5B63}.Release_Kakao|Any CPU.ActiveCfg = Release|Any CPU
		{5749D132-5356-4433-959B-FEE03E5B5B63}.Release_Kakao|Any CPU.Build.0 = Release|Any CPU
		{5749D132-5356-4433-959B-FEE03E5B5B63}.Release_SKT_MCS|Any CPU.ActiveCfg = Release|Any CPU
		{5749D132-5356-4433-959B-FEE03E5B5B63}.Release_SKT_MCS|Any CPU.Build.0 = Release|Any CPU
		{5749D132-5356-4433-959B-FEE03E5B5B63}.Release_Soulbrain|Any CPU.ActiveCfg = Release|Any CPU
		{5749D132-5356-4433-959B-FEE03E5B5B63}.Release_Soulbrain|Any CPU.Build.0 = Release|Any CPU
		{5749D132-5356-4433-959B-FEE03E5B5B63}.Release_UNE_MCS|Any CPU.ActiveCfg = Release|Any CPU
		{5749D132-5356-4433-959B-FEE03E5B5B63}.Release_UNE_MCS|Any CPU.Build.0 = Release|Any CPU
		{5749D132-5356-4433-959B-FEE03E5B5B63}.Release_UnEInternal|Any CPU.ActiveCfg = Release|Any CPU
		{5749D132-5356-4433-959B-FEE03E5B5B63}.Release_UnEInternal|Any CPU.Build.0 = Release|Any CPU
		{5749D132-5356-4433-959B-FEE03E5B5B63}.Release|Any CPU.ActiveCfg = Release|Any CPU
		{5749D132-5356-4433-959B-FEE03E5B5B63}.Release|Any CPU.Build.0 = Release|Any CPU
		{ECD24241-4736-483C-A04D-DFD2F482F99C}.Debug|Any CPU.ActiveCfg = Debug|Any CPU
		{ECD24241-4736-483C-A04D-DFD2F482F99C}.Debug|Any CPU.Build.0 = Debug|Any CPU
		{ECD24241-4736-483C-A04D-DFD2F482F99C}.Release_Kakao|Any CPU.ActiveCfg = Release|Any CPU
		{ECD24241-4736-483C-A04D-DFD2F482F99C}.Release_Kakao|Any CPU.Build.0 = Release|Any CPU
		{ECD24241-4736-483C-A04D-DFD2F482F99C}.Release_SKT_MCS|Any CPU.ActiveCfg = Release|Any CPU
		{ECD24241-4736-483C-A04D-DFD2F482F99C}.Release_SKT_MCS|Any CPU.Build.0 = Release|Any CPU
		{ECD24241-4736-483C-A04D-DFD2F482F99C}.Release_Soulbrain|Any CPU.ActiveCfg = Release|Any CPU
		{ECD24241-4736-483C-A04D-DFD2F482F99C}.Release_Soulbrain|Any CPU.Build.0 = Release|Any CPU
		{ECD24241-4736-483C-A04D-DFD2F482F99C}.Release_UNE_MCS|Any CPU.ActiveCfg = Release|Any CPU
		{ECD24241-4736-483C-A04D-DFD2F482F99C}.Release_UNE_MCS|Any CPU.Build.0 = Release|Any CPU
		{ECD24241-4736-483C-A04D-DFD2F482F99C}.Release_UnEInternal|Any CPU.ActiveCfg = Release|Any CPU
		{ECD24241-4736-483C-A04D-DFD2F482F99C}.Release_UnEInternal|Any CPU.Build.0 = Release|Any CPU
		{ECD24241-4736-483C-A04D-DFD2F482F99C}.Release|Any CPU.ActiveCfg = Release|Any CPU
		{ECD24241-4736-483C-A04D-DFD2F482F99C}.Release|Any CPU.Build.0 = Release|Any CPU
		{CC4F29DF-8D59-4DC1-BFA6-1BF73DDFD982}.Debug|Any CPU.ActiveCfg = Debug|Any CPU
		{CC4F29DF-8D59-4DC1-BFA6-1BF73DDFD982}.Debug|Any CPU.Build.0 = Debug|Any CPU
		{CC4F29DF-8D59-4DC1-BFA6-1BF73DDFD982}.Release_Kakao|Any CPU.ActiveCfg = Release|Any CPU
		{CC4F29DF-8D59-4DC1-BFA6-1BF73DDFD982}.Release_Kakao|Any CPU.Build.0 = Release|Any CPU
		{CC4F29DF-8D59-4DC1-BFA6-1BF73DDFD982}.Release_SKT_MCS|Any CPU.ActiveCfg = Release|Any CPU
		{CC4F29DF-8D59-4DC1-BFA6-1BF73DDFD982}.Release_SKT_MCS|Any CPU.Build.0 = Release|Any CPU
		{CC4F29DF-8D59-4DC1-BFA6-1BF73DDFD982}.Release_Soulbrain|Any CPU.ActiveCfg = Release|Any CPU
		{CC4F29DF-8D59-4DC1-BFA6-1BF73DDFD982}.Release_Soulbrain|Any CPU.Build.0 = Release|Any CPU
		{CC4F29DF-8D59-4DC1-BFA6-1BF73DDFD982}.Release_UNE_MCS|Any CPU.ActiveCfg = Release|Any CPU
		{CC4F29DF-8D59-4DC1-BFA6-1BF73DDFD982}.Release_UNE_MCS|Any CPU.Build.0 = Release|Any CPU
		{CC4F29DF-8D59-4DC1-BFA6-1BF73DDFD982}.Release_UnEInternal|Any CPU.ActiveCfg = Release|Any CPU
		{CC4F29DF-8D59-4DC1-BFA6-1BF73DDFD982}.Release_UnEInternal|Any CPU.Build.0 = Release|Any CPU
		{CC4F29DF-8D59-4DC1-BFA6-1BF73DDFD982}.Release|Any CPU.ActiveCfg = Release|Any CPU
		{CC4F29DF-8D59-4DC1-BFA6-1BF73DDFD982}.Release|Any CPU.Build.0 = Release|Any CPU
		{5BA62A5F-9FF3-470F-BB87-AF7324CE9E81}.Debug|Any CPU.ActiveCfg = Debug|Any CPU
		{5BA62A5F-9FF3-470F-BB87-AF7324CE9E81}.Debug|Any CPU.Build.0 = Debug|Any CPU
		{5BA62A5F-9FF3-470F-BB87-AF7324CE9E81}.Release_Kakao|Any CPU.ActiveCfg = Release|Any CPU
		{5BA62A5F-9FF3-470F-BB87-AF7324CE9E81}.Release_Kakao|Any CPU.Build.0 = Release|Any CPU
		{5BA62A5F-9FF3-470F-BB87-AF7324CE9E81}.Release_SKT_MCS|Any CPU.ActiveCfg = Release|Any CPU
		{5BA62A5F-9FF3-470F-BB87-AF7324CE9E81}.Release_SKT_MCS|Any CPU.Build.0 = Release|Any CPU
		{5BA62A5F-9FF3-470F-BB87-AF7324CE9E81}.Release_Soulbrain|Any CPU.ActiveCfg = Release|Any CPU
		{5BA62A5F-9FF3-470F-BB87-AF7324CE9E81}.Release_Soulbrain|Any CPU.Build.0 = Release|Any CPU
		{5BA62A5F-9FF3-470F-BB87-AF7324CE9E81}.Release_UNE_MCS|Any CPU.ActiveCfg = Release|Any CPU
		{5BA62A5F-9FF3-470F-BB87-AF7324CE9E81}.Release_UNE_MCS|Any CPU.Build.0 = Release|Any CPU
		{5BA62A5F-9FF3-470F-BB87-AF7324CE9E81}.Release_UnEInternal|Any CPU.ActiveCfg = Release|Any CPU
		{5BA62A5F-9FF3-470F-BB87-AF7324CE9E81}.Release_UnEInternal|Any CPU.Build.0 = Release|Any CPU
		{5BA62A5F-9FF3-470F-BB87-AF7324CE9E81}.Release|Any CPU.ActiveCfg = Release|Any CPU
		{5BA62A5F-9FF3-470F-BB87-AF7324CE9E81}.Release|Any CPU.Build.0 = Release|Any CPU
		{989E1BAE-C013-49B8-89F8-03148F69DB7F}.Debug|Any CPU.ActiveCfg = Debug|Any CPU
		{989E1BAE-C013-49B8-89F8-03148F69DB7F}.Debug|Any CPU.Build.0 = Debug|Any CPU
		{989E1BAE-C013-49B8-89F8-03148F69DB7F}.Release_Kakao|Any CPU.ActiveCfg = Release_Kakao|Any CPU
		{989E1BAE-C013-49B8-89F8-03148F69DB7F}.Release_Kakao|Any CPU.Build.0 = Release_Kakao|Any CPU
		{989E1BAE-C013-49B8-89F8-03148F69DB7F}.Release_SKT_MCS|Any CPU.ActiveCfg = Release_SKT_MCS|Any CPU
		{989E1BAE-C013-49B8-89F8-03148F69DB7F}.Release_SKT_MCS|Any CPU.Build.0 = Release_SKT_MCS|Any CPU
		{989E1BAE-C013-49B8-89F8-03148F69DB7F}.Release_Soulbrain|Any CPU.ActiveCfg = Release_Soulbrain_MCS|Any CPU
		{989E1BAE-C013-49B8-89F8-03148F69DB7F}.Release_Soulbrain|Any CPU.Build.0 = Release_Soulbrain_MCS|Any CPU
		{989E1BAE-C013-49B8-89F8-03148F69DB7F}.Release_UNE_MCS|Any CPU.ActiveCfg = Release_UNE_MCS|Any CPU
		{989E1BAE-C013-49B8-89F8-03148F69DB7F}.Release_UNE_MCS|Any CPU.Build.0 = Release_UNE_MCS|Any CPU
		{989E1BAE-C013-49B8-89F8-03148F69DB7F}.Release_UnEInternal|Any CPU.ActiveCfg = Release_UNE_MCS|Any CPU
		{989E1BAE-C013-49B8-89F8-03148F69DB7F}.Release_UnEInternal|Any CPU.Build.0 = Release_UNE_MCS|Any CPU
		{989E1BAE-C013-49B8-89F8-03148F69DB7F}.Release|Any CPU.ActiveCfg = Release|Any CPU
		{989E1BAE-C013-49B8-89F8-03148F69DB7F}.Release|Any CPU.Build.0 = Release|Any CPU
		{3119CC69-0FE5-4898-9F34-E09AB30821E7}.Debug|Any CPU.ActiveCfg = Debug|Any CPU
		{3119CC69-0FE5-4898-9F34-E09AB30821E7}.Debug|Any CPU.Build.0 = Debug|Any CPU
		{3119CC69-0FE5-4898-9F34-E09AB30821E7}.Release_Kakao|Any CPU.ActiveCfg = Release|Any CPU
		{3119CC69-0FE5-4898-9F34-E09AB30821E7}.Release_Kakao|Any CPU.Build.0 = Release|Any CPU
		{3119CC69-0FE5-4898-9F34-E09AB30821E7}.Release_SKT_MCS|Any CPU.ActiveCfg = Release|Any CPU
		{3119CC69-0FE5-4898-9F34-E09AB30821E7}.Release_SKT_MCS|Any CPU.Build.0 = Release|Any CPU
		{3119CC69-0FE5-4898-9F34-E09AB30821E7}.Release_Soulbrain|Any CPU.ActiveCfg = Release|Any CPU
		{3119CC69-0FE5-4898-9F34-E09AB30821E7}.Release_Soulbrain|Any CPU.Build.0 = Release|Any CPU
		{3119CC69-0FE5-4898-9F34-E09AB30821E7}.Release_UNE_MCS|Any CPU.ActiveCfg = Release|Any CPU
		{3119CC69-0FE5-4898-9F34-E09AB30821E7}.Release_UNE_MCS|Any CPU.Build.0 = Release|Any CPU
		{3119CC69-0FE5-4898-9F34-E09AB30821E7}.Release_UnEInternal|Any CPU.ActiveCfg = Release|Any CPU
		{3119CC69-0FE5-4898-9F34-E09AB30821E7}.Release_UnEInternal|Any CPU.Build.0 = Release|Any CPU
		{3119CC69-0FE5-4898-9F34-E09AB30821E7}.Release|Any CPU.ActiveCfg = Release|Any CPU
		{3119CC69-0FE5-4898-9F34-E09AB30821E7}.Release|Any CPU.Build.0 = Release|Any CPU
		{0AE59353-38BD-4C7B-8EEA-1144ABA08D77}.Debug|Any CPU.ActiveCfg = Debug|Any CPU
		{0AE59353-38BD-4C7B-8EEA-1144ABA08D77}.Debug|Any CPU.Build.0 = Debug|Any CPU
		{0AE59353-38BD-4C7B-8EEA-1144ABA08D77}.Release_Kakao|Any CPU.ActiveCfg = Release|Any CPU
		{0AE59353-38BD-4C7B-8EEA-1144ABA08D77}.Release_Kakao|Any CPU.Build.0 = Release|Any CPU
		{0AE59353-38BD-4C7B-8EEA-1144ABA08D77}.Release_SKT_MCS|Any CPU.ActiveCfg = Release|Any CPU
		{0AE59353-38BD-4C7B-8EEA-1144ABA08D77}.Release_SKT_MCS|Any CPU.Build.0 = Release|Any CPU
		{0AE59353-38BD-4C7B-8EEA-1144ABA08D77}.Release_Soulbrain|Any CPU.ActiveCfg = Release|Any CPU
		{0AE59353-38BD-4C7B-8EEA-1144ABA08D77}.Release_Soulbrain|Any CPU.Build.0 = Release|Any CPU
		{0AE59353-38BD-4C7B-8EEA-1144ABA08D77}.Release_UNE_MCS|Any CPU.ActiveCfg = Release|Any CPU
		{0AE59353-38BD-4C7B-8EEA-1144ABA08D77}.Release_UNE_MCS|Any CPU.Build.0 = Release|Any CPU
		{0AE59353-38BD-4C7B-8EEA-1144ABA08D77}.Release_UnEInternal|Any CPU.ActiveCfg = Release|Any CPU
		{0AE59353-38BD-4C7B-8EEA-1144ABA08D77}.Release_UnEInternal|Any CPU.Build.0 = Release|Any CPU
		{0AE59353-38BD-4C7B-8EEA-1144ABA08D77}.Release|Any CPU.ActiveCfg = Release|Any CPU
		{0AE59353-38BD-4C7B-8EEA-1144ABA08D77}.Release|Any CPU.Build.0 = Release|Any CPU
		{0AEAAF07-F284-4E13-BD03-B0014DDC9F00}.Debug|Any CPU.ActiveCfg = Debug|Any CPU
		{0AEAAF07-F284-4E13-BD03-B0014DDC9F00}.Debug|Any CPU.Build.0 = Debug|Any CPU
		{0AEAAF07-F284-4E13-BD03-B0014DDC9F00}.Release_Kakao|Any CPU.ActiveCfg = Release_Soulbrain|Any CPU
		{0AEAAF07-F284-4E13-BD03-B0014DDC9F00}.Release_Kakao|Any CPU.Build.0 = Release_Soulbrain|Any CPU
		{0AEAAF07-F284-4E13-BD03-B0014DDC9F00}.Release_SKT_MCS|Any CPU.ActiveCfg = Release_Soulbrain|Any CPU
		{0AEAAF07-F284-4E13-BD03-B0014DDC9F00}.Release_SKT_MCS|Any CPU.Build.0 = Release_Soulbrain|Any CPU
		{0AEAAF07-F284-4E13-BD03-B0014DDC9F00}.Release_Soulbrain|Any CPU.ActiveCfg = Release_Soulbrain|Any CPU
		{0AEAAF07-F284-4E13-BD03-B0014DDC9F00}.Release_Soulbrain|Any CPU.Build.0 = Release_Soulbrain|Any CPU
		{0AEAAF07-F284-4E13-BD03-B0014DDC9F00}.Release_UNE_MCS|Any CPU.ActiveCfg = Release_UnEInternal|Any CPU
		{0AEAAF07-F284-4E13-BD03-B0014DDC9F00}.Release_UNE_MCS|Any CPU.Build.0 = Release_UnEInternal|Any CPU
		{0AEAAF07-F284-4E13-BD03-B0014DDC9F00}.Release_UnEInternal|Any CPU.ActiveCfg = Release_UnEInternal|Any CPU
		{0AEAAF07-F284-4E13-BD03-B0014DDC9F00}.Release_UnEInternal|Any CPU.Build.0 = Release_UnEInternal|Any CPU
		{0AEAAF07-F284-4E13-BD03-B0014DDC9F00}.Release|Any CPU.ActiveCfg = Release|Any CPU
		{0AEAAF07-F284-4E13-BD03-B0014DDC9F00}.Release|Any CPU.Build.0 = Release|Any CPU
		{73FF4232-88BC-4E62-B1BB-F4F8DC52F65E}.Debug|Any CPU.ActiveCfg = Debug|Any CPU
		{73FF4232-88BC-4E62-B1BB-F4F8DC52F65E}.Debug|Any CPU.Build.0 = Debug|Any CPU
		{73FF4232-88BC-4E62-B1BB-F4F8DC52F65E}.Release_Kakao|Any CPU.ActiveCfg = Release|Any CPU
		{73FF4232-88BC-4E62-B1BB-F4F8DC52F65E}.Release_Kakao|Any CPU.Build.0 = Release|Any CPU
		{73FF4232-88BC-4E62-B1BB-F4F8DC52F65E}.Release_SKT_MCS|Any CPU.ActiveCfg = Release|Any CPU
		{73FF4232-88BC-4E62-B1BB-F4F8DC52F65E}.Release_SKT_MCS|Any CPU.Build.0 = Release|Any CPU
		{73FF4232-88BC-4E62-B1BB-F4F8DC52F65E}.Release_Soulbrain|Any CPU.ActiveCfg = Release|Any CPU
		{73FF4232-88BC-4E62-B1BB-F4F8DC52F65E}.Release_Soulbrain|Any CPU.Build.0 = Release|Any CPU
		{73FF4232-88BC-4E62-B1BB-F4F8DC52F65E}.Release_UNE_MCS|Any CPU.ActiveCfg = Release|Any CPU
		{73FF4232-88BC-4E62-B1BB-F4F8DC52F65E}.Release_UNE_MCS|Any CPU.Build.0 = Release|Any CPU
		{73FF4232-88BC-4E62-B1BB-F4F8DC52F65E}.Release_UnEInternal|Any CPU.ActiveCfg = Release|Any CPU
		{73FF4232-88BC-4E62-B1BB-F4F8DC52F65E}.Release_UnEInternal|Any CPU.Build.0 = Release|Any CPU
		{73FF4232-88BC-4E62-B1BB-F4F8DC52F65E}.Release|Any CPU.ActiveCfg = Release|Any CPU
		{73FF4232-88BC-4E62-B1BB-F4F8DC52F65E}.Release|Any CPU.Build.0 = Release|Any CPU
		{D7C6C72E-BFB8-40FD-AFF9-ED58BE721D62}.Debug|Any CPU.ActiveCfg = Debug|Any CPU
		{D7C6C72E-BFB8-40FD-AFF9-ED58BE721D62}.Debug|Any CPU.Build.0 = Debug|Any CPU
		{D7C6C72E-BFB8-40FD-AFF9-ED58BE721D62}.Release_Kakao|Any CPU.ActiveCfg = Release|Any CPU
		{D7C6C72E-BFB8-40FD-AFF9-ED58BE721D62}.Release_Kakao|Any CPU.Build.0 = Release|Any CPU
		{D7C6C72E-BFB8-40FD-AFF9-ED58BE721D62}.Release_SKT_MCS|Any CPU.ActiveCfg = Release|Any CPU
		{D7C6C72E-BFB8-40FD-AFF9-ED58BE721D62}.Release_SKT_MCS|Any CPU.Build.0 = Release|Any CPU
		{D7C6C72E-BFB8-40FD-AFF9-ED58BE721D62}.Release_Soulbrain|Any CPU.ActiveCfg = Release|Any CPU
		{D7C6C72E-BFB8-40FD-AFF9-ED58BE721D62}.Release_Soulbrain|Any CPU.Build.0 = Release|Any CPU
		{D7C6C72E-BFB8-40FD-AFF9-ED58BE721D62}.Release_UNE_MCS|Any CPU.ActiveCfg = Release|Any CPU
		{D7C6C72E-BFB8-40FD-AFF9-ED58BE721D62}.Release_UNE_MCS|Any CPU.Build.0 = Release|Any CPU
		{D7C6C72E-BFB8-40FD-AFF9-ED58BE721D62}.Release_UnEInternal|Any CPU.ActiveCfg = Release|Any CPU
		{D7C6C72E-BFB8-40FD-AFF9-ED58BE721D62}.Release_UnEInternal|Any CPU.Build.0 = Release|Any CPU
		{D7C6C72E-BFB8-40FD-AFF9-ED58BE721D62}.Release|Any CPU.ActiveCfg = Release|Any CPU
		{D7C6C72E-BFB8-40FD-AFF9-ED58BE721D62}.Release|Any CPU.Build.0 = Release|Any CPU
		{141B8F9E-9F21-4737-B08A-0464AB8A676B}.Debug|Any CPU.ActiveCfg = Debug|Any CPU
		{141B8F9E-9F21-4737-B08A-0464AB8A676B}.Debug|Any CPU.Build.0 = Debug|Any CPU
		{141B8F9E-9F21-4737-B08A-0464AB8A676B}.Release_Kakao|Any CPU.ActiveCfg = Release|Any CPU
		{141B8F9E-9F21-4737-B08A-0464AB8A676B}.Release_Kakao|Any CPU.Build.0 = Release|Any CPU
		{141B8F9E-9F21-4737-B08A-0464AB8A676B}.Release_SKT_MCS|Any CPU.ActiveCfg = Release|Any CPU
		{141B8F9E-9F21-4737-B08A-0464AB8A676B}.Release_SKT_MCS|Any CPU.Build.0 = Release|Any CPU
		{141B8F9E-9F21-4737-B08A-0464AB8A676B}.Release_Soulbrain|Any CPU.ActiveCfg = Release|Any CPU
		{141B8F9E-9F21-4737-B08A-0464AB8A676B}.Release_Soulbrain|Any CPU.Build.0 = Release|Any CPU
		{141B8F9E-9F21-4737-B08A-0464AB8A676B}.Release_UNE_MCS|Any CPU.ActiveCfg = Release|Any CPU
		{141B8F9E-9F21-4737-B08A-0464AB8A676B}.Release_UNE_MCS|Any CPU.Build.0 = Release|Any CPU
		{141B8F9E-9F21-4737-B08A-0464AB8A676B}.Release_UnEInternal|Any CPU.ActiveCfg = Release|Any CPU
		{141B8F9E-9F21-4737-B08A-0464AB8A676B}.Release_UnEInternal|Any CPU.Build.0 = Release|Any CPU
		{141B8F9E-9F21-4737-B08A-0464AB8A676B}.Release|Any CPU.ActiveCfg = Release|Any CPU
		{141B8F9E-9F21-4737-B08A-0464AB8A676B}.Release|Any CPU.Build.0 = Release|Any CPU
		{79E0FE7F-C8C0-4B74-8523-7668FBE458F1}.Debug|Any CPU.ActiveCfg = Debug|Any CPU
		{79E0FE7F-C8C0-4B74-8523-7668FBE458F1}.Debug|Any CPU.Build.0 = Debug|Any CPU
		{79E0FE7F-C8C0-4B74-8523-7668FBE458F1}.Release_Kakao|Any CPU.ActiveCfg = Release|Any CPU
		{79E0FE7F-C8C0-4B74-8523-7668FBE458F1}.Release_Kakao|Any CPU.Build.0 = Release|Any CPU
		{79E0FE7F-C8C0-4B74-8523-7668FBE458F1}.Release_SKT_MCS|Any CPU.ActiveCfg = Release|Any CPU
		{79E0FE7F-C8C0-4B74-8523-7668FBE458F1}.Release_SKT_MCS|Any CPU.Build.0 = Release|Any CPU
		{79E0FE7F-C8C0-4B74-8523-7668FBE458F1}.Release_Soulbrain|Any CPU.ActiveCfg = Release|Any CPU
		{79E0FE7F-C8C0-4B74-8523-7668FBE458F1}.Release_Soulbrain|Any CPU.Build.0 = Release|Any CPU
		{79E0FE7F-C8C0-4B74-8523-7668FBE458F1}.Release_UNE_MCS|Any CPU.ActiveCfg = Release|Any CPU
		{79E0FE7F-C8C0-4B74-8523-7668FBE458F1}.Release_UNE_MCS|Any CPU.Build.0 = Release|Any CPU
		{79E0FE7F-C8C0-4B74-8523-7668FBE458F1}.Release_UnEInternal|Any CPU.ActiveCfg = Release|Any CPU
		{79E0FE7F-C8C0-4B74-8523-7668FBE458F1}.Release_UnEInternal|Any CPU.Build.0 = Release|Any CPU
		{79E0FE7F-C8C0-4B74-8523-7668FBE458F1}.Release|Any CPU.ActiveCfg = Release|Any CPU
		{79E0FE7F-C8C0-4B74-8523-7668FBE458F1}.Release|Any CPU.Build.0 = Release|Any CPU
		{45E84FF9-7D93-49B6-987F-BF67AC862673}.Debug|Any CPU.ActiveCfg = Debug|Any CPU
		{45E84FF9-7D93-49B6-987F-BF67AC862673}.Debug|Any CPU.Build.0 = Debug|Any CPU
		{45E84FF9-7D93-49B6-987F-BF67AC862673}.Release_Kakao|Any CPU.ActiveCfg = Release|Any CPU
		{45E84FF9-7D93-49B6-987F-BF67AC862673}.Release_Kakao|Any CPU.Build.0 = Release|Any CPU
		{45E84FF9-7D93-49B6-987F-BF67AC862673}.Release_SKT_MCS|Any CPU.ActiveCfg = Release|Any CPU
		{45E84FF9-7D93-49B6-987F-BF67AC862673}.Release_SKT_MCS|Any CPU.Build.0 = Release|Any CPU
		{45E84FF9-7D93-49B6-987F-BF67AC862673}.Release_Soulbrain|Any CPU.ActiveCfg = Release|Any CPU
		{45E84FF9-7D93-49B6-987F-BF67AC862673}.Release_Soulbrain|Any CPU.Build.0 = Release|Any CPU
		{45E84FF9-7D93-49B6-987F-BF67AC862673}.Release_UNE_MCS|Any CPU.ActiveCfg = Release|Any CPU
		{45E84FF9-7D93-49B6-987F-BF67AC862673}.Release_UNE_MCS|Any CPU.Build.0 = Release|Any CPU
		{45E84FF9-7D93-49B6-987F-BF67AC862673}.Release_UnEInternal|Any CPU.ActiveCfg = Release|Any CPU
		{45E84FF9-7D93-49B6-987F-BF67AC862673}.Release_UnEInternal|Any CPU.Build.0 = Release|Any CPU
		{45E84FF9-7D93-49B6-987F-BF67AC862673}.Release|Any CPU.ActiveCfg = Release|Any CPU
		{45E84FF9-7D93-49B6-987F-BF67AC862673}.Release|Any CPU.Build.0 = Release|Any CPU
	EndGlobalSection
	GlobalSection(SolutionProperties) = preSolution
		HideSolutionNode = FALSE
	EndGlobalSection
	GlobalSection(NestedProjects) = preSolution
		{1070BF09-895D-477F-A4E3-2471E2ADF6CC} = {77169406-DC59-4CBC-83E9-7D639F3C8DBF}
		{23809430-7435-4F21-944F-8CF963C5A0AB} = {29A5B904-07F7-4013-AA8F-6A652B9886DD}
		{40E008EA-2BC8-49E8-AAA0-7C5DD06DD089} = {8347D672-A698-4D6F-8B31-85BFFD0D4020}
		{424124E5-F551-46FE-B1F2-02B5A137AB8C} = {8347D672-A698-4D6F-8B31-85BFFD0D4020}
		{0E9AD3A8-8F9A-40D9-B963-CAF242147196} = {29A5B904-07F7-4013-AA8F-6A652B9886DD}
		{569370B2-48A4-4A6E-9B62-3446A3AA0661} = {8347D672-A698-4D6F-8B31-85BFFD0D4020}
		{463CC96F-49AB-484D-8800-1A72D17F29D0} = {8347D672-A698-4D6F-8B31-85BFFD0D4020}
		{82C3BB6E-927D-4C47-822D-D07A58DC9DD7} = {29A5B904-07F7-4013-AA8F-6A652B9886DD}
		{5749D132-5356-4433-959B-FEE03E5B5B63} = {8347D672-A698-4D6F-8B31-85BFFD0D4020}
		{ECD24241-4736-483C-A04D-DFD2F482F99C} = {8347D672-A698-4D6F-8B31-85BFFD0D4020}
		{CC4F29DF-8D59-4DC1-BFA6-1BF73DDFD982} = {77169406-DC59-4CBC-83E9-7D639F3C8DBF}
		{5BA62A5F-9FF3-470F-BB87-AF7324CE9E81} = {29A5B904-07F7-4013-AA8F-6A652B9886DD}
		{989E1BAE-C013-49B8-89F8-03148F69DB7F} = {29A5B904-07F7-4013-AA8F-6A652B9886DD}
		{3119CC69-0FE5-4898-9F34-E09AB30821E7} = {29A5B904-07F7-4013-AA8F-6A652B9886DD}
		{0AEAAF07-F284-4E13-BD03-B0014DDC9F00} = {29A5B904-07F7-4013-AA8F-6A652B9886DD}
		{73FF4232-88BC-4E62-B1BB-F4F8DC52F65E} = {8347D672-A698-4D6F-8B31-85BFFD0D4020}
		{D7C6C72E-BFB8-40FD-AFF9-ED58BE721D62} = {8347D672-A698-4D6F-8B31-85BFFD0D4020}
		{141B8F9E-9F21-4737-B08A-0464AB8A676B} = {29A5B904-07F7-4013-AA8F-6A652B9886DD}
		{45E84FF9-7D93-49B6-987F-BF67AC862673} = {77169406-DC59-4CBC-83E9-7D639F3C8DBF}
	EndGlobalSection
	GlobalSection(ExtensibilityGlobals) = postSolution
		SolutionGuid = {F2C194C4-684B-4681-B0D7-818EF6E16559}
	EndGlobalSection
EndGlobal
