
Microsoft Visual Studio Solution File, Format Version 12.00
# Visual Studio 2013
VisualStudioVersion = 12.0.40629.0
MinimumVisualStudioVersion = 10.0.40219.1
Project("{FAE04EC0-301F-11D3-BF4B-00C04F79EFBC}") = "SmartEye", "SmartEye\SmartEye.csproj", "{998292B0-10B9-4EC4-AA11-04D600C5C6D9}"
EndProject
Project("{FAE04EC0-301F-11D3-BF4B-00C04F79EFBC}") = "SmartEyeWeb", "SmartEyeWeb\SmartEyeWeb.csproj", "{38E0E10C-82FA-4B29-B448-6115A03DAD34}"
EndProject
Global
	GlobalSection(SolutionConfigurationPlatforms) = preSolution
		Debug|Any CPU = Debug|Any CPU
		Debug|x64 = Debug|x64
		Release|Any CPU = Release|Any CPU
		Release|x64 = Release|x64
	EndGlobalSection
	GlobalSection(ProjectConfigurationPlatforms) = postSolution
		{998292B0-10B9-4EC4-AA11-04D600C5C6D9}.Debug|Any CPU.ActiveCfg = Debug|Any CPU
		{998292B0-10B9-4EC4-AA11-04D600C5C6D9}.Debug|Any CPU.Build.0 = Debug|Any CPU
		{998292B0-10B9-4EC4-AA11-04D600C5C6D9}.Debug|x64.ActiveCfg = Debug|x64
		{998292B0-10B9-4EC4-AA11-04D600C5C6D9}.Debug|x64.Build.0 = Debug|x64
		{998292B0-10B9-4EC4-AA11-04D600C5C6D9}.Release|Any CPU.ActiveCfg = Release|Any CPU
		{998292B0-10B9-4EC4-AA11-04D600C5C6D9}.Release|Any CPU.Build.0 = Release|Any CPU
		{998292B0-10B9-4EC4-AA11-04D600C5C6D9}.Release|x64.ActiveCfg = Release|x64
		{998292B0-10B9-4EC4-AA11-04D600C5C6D9}.Release|x64.Build.0 = Release|x64
		{38E0E10C-82FA-4B29-B448-6115A03DAD34}.Debug|Any CPU.ActiveCfg = Debug|Any CPU
		{38E0E10C-82FA-4B29-B448-6115A03DAD34}.Debug|Any CPU.Build.0 = Debug|Any CPU
		{38E0E10C-82FA-4B29-B448-6115A03DAD34}.Debug|x64.ActiveCfg = Debug|x64
		{38E0E10C-82FA-4B29-B448-6115A03DAD34}.Debug|x64.Build.0 = Debug|x64
		{38E0E10C-82FA-4B29-B448-6115A03DAD34}.Release|Any CPU.ActiveCfg = Release|Any CPU
		{38E0E10C-82FA-4B29-B448-6115A03DAD34}.Release|Any CPU.Build.0 = Release|Any CPU
		{38E0E10C-82FA-4B29-B448-6115A03DAD34}.Release|x64.ActiveCfg = Release|x64
		{38E0E10C-82FA-4B29-B448-6115A03DAD34}.Release|x64.Build.0 = Release|x64
	EndGlobalSection
	GlobalSection(SolutionProperties) = preSolution
		HideSolutionNode = FALSE
	EndGlobalSection
EndGlobal
