
Microsoft Visual Studio Solution File, Format Version 12.00
# Visual Studio 2013
VisualStudioVersion = 12.0.40629.0
MinimumVisualStudioVersion = 10.0.40219.1
Project("{FAE04EC0-301F-11D3-BF4B-00C04F79EFBC}") = "SafeGuardSimulator.2013", "SafeGuardSimulator.2013.csproj", "{8EEDCF62-63FA-4549-9FC2-F132E24FCD1D}"
	ProjectSection(ProjectDependencies) = postProject
		{AD6D7112-5824-4E77-941C-BB50C7103BC5} = {AD6D7112-5824-4E77-941C-BB50C7103BC5}
	EndProjectSection
EndProject
Project("{FAE04EC0-301F-11D3-BF4B-00C04F79EFBC}") = "libSOP.2013", "..\..\..\esdk\workspace\libSOP\libSOP.2013.csproj", "{AD6D7112-5824-4E77-941C-BB50C7103BC5}"
	ProjectSection(ProjectDependencies) = postProject
		{4C1E6EF2-41C5-496E-81C8-D840E2AD913C} = {4C1E6EF2-41C5-496E-81C8-D840E2AD913C}
	EndProjectSection
EndProject
Project("{FAE04EC0-301F-11D3-BF4B-00C04F79EFBC}") = "UEControl.2013", "..\..\..\esdk\workspace\UEControl\UEControl\UEControl.2013.csproj", "{4C1E6EF2-41C5-496E-81C8-D840E2AD913C}"
EndProject
Global
	GlobalSection(SolutionConfigurationPlatforms) = preSolution
		Debug|Any CPU = Debug|Any CPU
		Debug|Mixed Platforms = Debug|Mixed Platforms
		Debug|x64 = Debug|x64
		Debug|x86 = Debug|x86
		Release|Any CPU = Release|Any CPU
		Release|Mixed Platforms = Release|Mixed Platforms
		Release|x64 = Release|x64
		Release|x86 = Release|x86
	EndGlobalSection
	GlobalSection(ProjectConfigurationPlatforms) = postSolution
		{8EEDCF62-63FA-4549-9FC2-F132E24FCD1D}.Debug|Any CPU.ActiveCfg = Debug|x86
		{8EEDCF62-63FA-4549-9FC2-F132E24FCD1D}.Debug|Mixed Platforms.ActiveCfg = Debug|x86
		{8EEDCF62-63FA-4549-9FC2-F132E24FCD1D}.Debug|Mixed Platforms.Build.0 = Debug|x86
		{8EEDCF62-63FA-4549-9FC2-F132E24FCD1D}.Debug|x64.ActiveCfg = Debug|x64
		{8EEDCF62-63FA-4549-9FC2-F132E24FCD1D}.Debug|x64.Build.0 = Debug|x64
		{8EEDCF62-63FA-4549-9FC2-F132E24FCD1D}.Debug|x86.ActiveCfg = Debug|x86
		{8EEDCF62-63FA-4549-9FC2-F132E24FCD1D}.Debug|x86.Build.0 = Debug|x86
		{8EEDCF62-63FA-4549-9FC2-F132E24FCD1D}.Release|Any CPU.ActiveCfg = Release|x86
		{8EEDCF62-63FA-4549-9FC2-F132E24FCD1D}.Release|Mixed Platforms.ActiveCfg = Release|x86
		{8EEDCF62-63FA-4549-9FC2-F132E24FCD1D}.Release|Mixed Platforms.Build.0 = Release|x86
		{8EEDCF62-63FA-4549-9FC2-F132E24FCD1D}.Release|x64.ActiveCfg = Release|x64
		{8EEDCF62-63FA-4549-9FC2-F132E24FCD1D}.Release|x64.Build.0 = Release|x64
		{8EEDCF62-63FA-4549-9FC2-F132E24FCD1D}.Release|x86.ActiveCfg = Release|x86
		{8EEDCF62-63FA-4549-9FC2-F132E24FCD1D}.Release|x86.Build.0 = Release|x86
		{AD6D7112-5824-4E77-941C-BB50C7103BC5}.Debug|Any CPU.ActiveCfg = Debug|x86
		{AD6D7112-5824-4E77-941C-BB50C7103BC5}.Debug|Mixed Platforms.ActiveCfg = Debug|x86
		{AD6D7112-5824-4E77-941C-BB50C7103BC5}.Debug|Mixed Platforms.Build.0 = Debug|x86
		{AD6D7112-5824-4E77-941C-BB50C7103BC5}.Debug|x64.ActiveCfg = Debug|x64
		{AD6D7112-5824-4E77-941C-BB50C7103BC5}.Debug|x64.Build.0 = Debug|x64
		{AD6D7112-5824-4E77-941C-BB50C7103BC5}.Debug|x86.ActiveCfg = Debug|x86
		{AD6D7112-5824-4E77-941C-BB50C7103BC5}.Debug|x86.Build.0 = Debug|x86
		{AD6D7112-5824-4E77-941C-BB50C7103BC5}.Release|Any CPU.ActiveCfg = Release|x86
		{AD6D7112-5824-4E77-941C-BB50C7103BC5}.Release|Mixed Platforms.ActiveCfg = Release|x86
		{AD6D7112-5824-4E77-941C-BB50C7103BC5}.Release|Mixed Platforms.Build.0 = Release|x86
		{AD6D7112-5824-4E77-941C-BB50C7103BC5}.Release|x64.ActiveCfg = Release|x64
		{AD6D7112-5824-4E77-941C-BB50C7103BC5}.Release|x64.Build.0 = Release|x64
		{AD6D7112-5824-4E77-941C-BB50C7103BC5}.Release|x86.ActiveCfg = Release|x86
		{AD6D7112-5824-4E77-941C-BB50C7103BC5}.Release|x86.Build.0 = Release|x86
		{4C1E6EF2-41C5-496E-81C8-D840E2AD913C}.Debug|Any CPU.ActiveCfg = Debug|x86
		{4C1E6EF2-41C5-496E-81C8-D840E2AD913C}.Debug|Mixed Platforms.ActiveCfg = Debug|x86
		{4C1E6EF2-41C5-496E-81C8-D840E2AD913C}.Debug|Mixed Platforms.Build.0 = Debug|x86
		{4C1E6EF2-41C5-496E-81C8-D840E2AD913C}.Debug|x64.ActiveCfg = Debug|x64
		{4C1E6EF2-41C5-496E-81C8-D840E2AD913C}.Debug|x64.Build.0 = Debug|x64
		{4C1E6EF2-41C5-496E-81C8-D840E2AD913C}.Debug|x86.ActiveCfg = Debug|x86
		{4C1E6EF2-41C5-496E-81C8-D840E2AD913C}.Debug|x86.Build.0 = Debug|x86
		{4C1E6EF2-41C5-496E-81C8-D840E2AD913C}.Release|Any CPU.ActiveCfg = Release|x86
		{4C1E6EF2-41C5-496E-81C8-D840E2AD913C}.Release|Mixed Platforms.ActiveCfg = Release|x86
		{4C1E6EF2-41C5-496E-81C8-D840E2AD913C}.Release|Mixed Platforms.Build.0 = Release|x86
		{4C1E6EF2-41C5-496E-81C8-D840E2AD913C}.Release|x64.ActiveCfg = Release|x64
		{4C1E6EF2-41C5-496E-81C8-D840E2AD913C}.Release|x64.Build.0 = Release|x64
		{4C1E6EF2-41C5-496E-81C8-D840E2AD913C}.Release|x86.ActiveCfg = Release|x86
		{4C1E6EF2-41C5-496E-81C8-D840E2AD913C}.Release|x86.Build.0 = Release|x86
	EndGlobalSection
	GlobalSection(SolutionProperties) = preSolution
		HideSolutionNode = FALSE
	EndGlobalSection
EndGlobal
