
Microsoft Visual Studio Solution File, Format Version 12.00
# Visual Studio 2013
VisualStudioVersion = 12.0.30723.0
MinimumVisualStudioVersion = 10.0.40219.1
Project("{FAE04EC0-301F-11D3-BF4B-00C04F79EFBC}") = "PrintTest", "PrintTest\PrintTest.csproj", "{25CD8C30-34A3-430F-9F18-695773652634}"
EndProject
Project("{FAE04EC0-301F-11D3-BF4B-00C04F79EFBC}") = "UEControl.2013", "..\..\esdk\workspace\UEControl\UEControl\UEControl.2013.csproj", "{4C1E6EF2-41C5-496E-81C8-D840E2AD913C}"
EndProject
Global
	GlobalSection(SolutionConfigurationPlatforms) = preSolution
		Debug|Any CPU = Debug|Any CPU
		Debug|Mixed Platforms = Debug|Mixed Platforms
		Debug|x64 = Debug|x64
		Debug|x86 = Debug|x86
		Release|Any CPU = Release|Any CPU
		Release|Mixed Platforms = Release|Mixed Platforms
		Release|x64 = Release|x64
		Release|x86 = Release|x86
	EndGlobalSection
	GlobalSection(ProjectConfigurationPlatforms) = postSolution
		{25CD8C30-34A3-430F-9F18-695773652634}.Debug|Any CPU.ActiveCfg = Debug|Any CPU
		{25CD8C30-34A3-430F-9F18-695773652634}.Debug|Any CPU.Build.0 = Debug|Any CPU
		{25CD8C30-34A3-430F-9F18-695773652634}.Debug|Mixed Platforms.ActiveCfg = Debug|Any CPU
		{25CD8C30-34A3-430F-9F18-695773652634}.Debug|Mixed Platforms.Build.0 = Debug|Any CPU
		{25CD8C30-34A3-430F-9F18-695773652634}.Debug|x64.ActiveCfg = Debug|Any CPU
		{25CD8C30-34A3-430F-9F18-695773652634}.Debug|x86.ActiveCfg = Debug|x86
		{25CD8C30-34A3-430F-9F18-695773652634}.Debug|x86.Build.0 = Debug|x86
		{25CD8C30-34A3-430F-9F18-695773652634}.Release|Any CPU.ActiveCfg = Release|Any CPU
		{25CD8C30-34A3-430F-9F18-695773652634}.Release|Any CPU.Build.0 = Release|Any CPU
		{25CD8C30-34A3-430F-9F18-695773652634}.Release|Mixed Platforms.ActiveCfg = Release|Any CPU
		{25CD8C30-34A3-430F-9F18-695773652634}.Release|Mixed Platforms.Build.0 = Release|Any CPU
		{25CD8C30-34A3-430F-9F18-695773652634}.Release|x64.ActiveCfg = Release|Any CPU
		{25CD8C30-34A3-430F-9F18-695773652634}.Release|x86.ActiveCfg = Release|x86
		{25CD8C30-34A3-430F-9F18-695773652634}.Release|x86.Build.0 = Release|x86
		{4C1E6EF2-41C5-496E-81C8-D840E2AD913C}.Debug|Any CPU.ActiveCfg = Debug|x86
		{4C1E6EF2-41C5-496E-81C8-D840E2AD913C}.Debug|Mixed Platforms.ActiveCfg = Debug|x86
		{4C1E6EF2-41C5-496E-81C8-D840E2AD913C}.Debug|Mixed Platforms.Build.0 = Debug|x86
		{4C1E6EF2-41C5-496E-81C8-D840E2AD913C}.Debug|x64.ActiveCfg = Debug|x64
		{4C1E6EF2-41C5-496E-81C8-D840E2AD913C}.Debug|x64.Build.0 = Debug|x64
		{4C1E6EF2-41C5-496E-81C8-D840E2AD913C}.Debug|x86.ActiveCfg = Debug|x86
		{4C1E6EF2-41C5-496E-81C8-D840E2AD913C}.Debug|x86.Build.0 = Debug|x86
		{4C1E6EF2-41C5-496E-81C8-D840E2AD913C}.Release|Any CPU.ActiveCfg = Release|x86
		{4C1E6EF2-41C5-496E-81C8-D840E2AD913C}.Release|Mixed Platforms.ActiveCfg = Release|x86
		{4C1E6EF2-41C5-496E-81C8-D840E2AD913C}.Release|Mixed Platforms.Build.0 = Release|x86
		{4C1E6EF2-41C5-496E-81C8-D840E2AD913C}.Release|x64.ActiveCfg = Release|x64
		{4C1E6EF2-41C5-496E-81C8-D840E2AD913C}.Release|x64.Build.0 = Release|x64
		{4C1E6EF2-41C5-496E-81C8-D840E2AD913C}.Release|x86.ActiveCfg = Release|x86
		{4C1E6EF2-41C5-496E-81C8-D840E2AD913C}.Release|x86.Build.0 = Release|x86
	EndGlobalSection
	GlobalSection(SolutionProperties) = preSolution
		HideSolutionNode = FALSE
	EndGlobalSection
EndGlobal
