Microsoft Visual Studio Solution File, Format Version 12.00
# Visual Studio 2013
VisualStudioVersion = 12.0.21005.1
MinimumVisualStudioVersion = 10.0.40219.1
Project("{8BC9CEB8-8B4A-11D0-8D11-00A0C91BC942}") = "OgreMain", "OgreMain\OgreMain.2013.vcxproj", "{B823EEF7-ED87-4BF6-B653-FA851A19C4EF}"
EndProject
Project("{8BC9CEB8-8B4A-11D0-8D11-00A0C91BC942}") = "OgreMeshUpgrader", "Tools\MeshUpgrader\OgreMeshUpgrader.2013.vcxproj", "{3C4E2D98-856D-43DF-8BC0-C9A95AC3F8C3}"
	ProjectSection(ProjectDependencies) = postProject
		{B823EEF7-ED87-4BF6-B653-FA851A19C4EF} = {B823EEF7-ED87-4BF6-B653-FA851A19C4EF}
	EndProjectSection
EndProject
Project("{8BC9CEB8-8B4A-11D0-8D11-00A0C91BC942}") = "OgrePaging", "Components\Paging\OgrePaging.2013.vcxproj", "{6A923887-8E5A-46DB-9D33-1CAD1BBBCFEB}"
	ProjectSection(ProjectDependencies) = postProject
		{B823EEF7-ED87-4BF6-B653-FA851A19C4EF} = {B823EEF7-ED87-4BF6-B653-FA851A19C4EF}
	EndProjectSection
EndProject
Project("{8BC9CEB8-8B4A-11D0-8D11-00A0C91BC942}") = "OgreProperty", "Components\Property\OgreProperty.2013.vcxproj", "{5ECE7640-A576-473B-826A-669B80EB23C7}"
	ProjectSection(ProjectDependencies) = postProject
		{B823EEF7-ED87-4BF6-B653-FA851A19C4EF} = {B823EEF7-ED87-4BF6-B653-FA851A19C4EF}
	EndProjectSection
EndProject
Project("{8BC9CEB8-8B4A-11D0-8D11-00A0C91BC942}") = "OgreRTShaderSystem", "Components\RTShaderSystem\OgreRTShaderSystem.2013.vcxproj", "{01498EA6-039B-4137-8D9B-0A145E5CF63A}"
	ProjectSection(ProjectDependencies) = postProject
		{B823EEF7-ED87-4BF6-B653-FA851A19C4EF} = {B823EEF7-ED87-4BF6-B653-FA851A19C4EF}
	EndProjectSection
EndProject
Project("{8BC9CEB8-8B4A-11D0-8D11-00A0C91BC942}") = "OgreTerrain", "Components\Terrain\OgreTerrain.2013.vcxproj", "{5F47FC9F-F2BA-4E8A-8127-E5FC34B722FE}"
	ProjectSection(ProjectDependencies) = postProject
		{B823EEF7-ED87-4BF6-B653-FA851A19C4EF} = {B823EEF7-ED87-4BF6-B653-FA851A19C4EF}
		{6A923887-8E5A-46DB-9D33-1CAD1BBBCFEB} = {6A923887-8E5A-46DB-9D33-1CAD1BBBCFEB}
	EndProjectSection
EndProject
Project("{8BC9CEB8-8B4A-11D0-8D11-00A0C91BC942}") = "OgreXMLConverter", "Tools\XMLConverter\OgreXMLConverter.2013.vcxproj", "{C2042C70-27C7-466A-BEFD-8E1559AA2BB1}"
	ProjectSection(ProjectDependencies) = postProject
		{B823EEF7-ED87-4BF6-B653-FA851A19C4EF} = {B823EEF7-ED87-4BF6-B653-FA851A19C4EF}
	EndProjectSection
EndProject
Project("{8BC9CEB8-8B4A-11D0-8D11-00A0C91BC942}") = "Plugin_BSPSceneManager", "PlugIns\BSPSceneManager\Plugin_BSPSceneManager.2013.vcxproj", "{A1368065-FF67-4AA1-8E74-EAEFE63B133A}"
	ProjectSection(ProjectDependencies) = postProject
		{B823EEF7-ED87-4BF6-B653-FA851A19C4EF} = {B823EEF7-ED87-4BF6-B653-FA851A19C4EF}
	EndProjectSection
EndProject
Project("{8BC9CEB8-8B4A-11D0-8D11-00A0C91BC942}") = "Plugin_CgProgramManager", "PlugIns\CgProgramManager\Plugin_CgProgramManager.2013.vcxproj", "{ABE19CEB-B90A-4BCF-A317-FC9ACD0A5D26}"
	ProjectSection(ProjectDependencies) = postProject
		{B823EEF7-ED87-4BF6-B653-FA851A19C4EF} = {B823EEF7-ED87-4BF6-B653-FA851A19C4EF}
	EndProjectSection
EndProject
Project("{8BC9CEB8-8B4A-11D0-8D11-00A0C91BC942}") = "Plugin_OctreeSceneManager", "PlugIns\OctreeSceneManager\Plugin_OctreeSceneManager.2013.vcxproj", "{D39EC244-41BF-48A0-BFDF-68D6416E66C3}"
	ProjectSection(ProjectDependencies) = postProject
		{B823EEF7-ED87-4BF6-B653-FA851A19C4EF} = {B823EEF7-ED87-4BF6-B653-FA851A19C4EF}
	EndProjectSection
EndProject
Project("{8BC9CEB8-8B4A-11D0-8D11-00A0C91BC942}") = "Plugin_OctreeZone", "PlugIns\OctreeZone\Plugin_OctreeZone.2013.vcxproj", "{47B78C28-6522-4A4F-998C-8C4BCC8F050E}"
	ProjectSection(ProjectDependencies) = postProject
		{B823EEF7-ED87-4BF6-B653-FA851A19C4EF} = {B823EEF7-ED87-4BF6-B653-FA851A19C4EF}
		{972CD0EE-CA0D-4574-8EC5-5A8614631D0B} = {972CD0EE-CA0D-4574-8EC5-5A8614631D0B}
	EndProjectSection
EndProject
Project("{8BC9CEB8-8B4A-11D0-8D11-00A0C91BC942}") = "Plugin_PCZSceneManager", "PlugIns\PCZSceneManager\Plugin_PCZSceneManager.2013.vcxproj", "{972CD0EE-CA0D-4574-8EC5-5A8614631D0B}"
	ProjectSection(ProjectDependencies) = postProject
		{B823EEF7-ED87-4BF6-B653-FA851A19C4EF} = {B823EEF7-ED87-4BF6-B653-FA851A19C4EF}
	EndProjectSection
EndProject
Project("{8BC9CEB8-8B4A-11D0-8D11-00A0C91BC942}") = "Plugin_ParticleFX", "PlugIns\ParticleFX\Plugin_ParticleFX.2013.vcxproj", "{91F59585-50C0-4965-8837-82FD82C104E8}"
	ProjectSection(ProjectDependencies) = postProject
		{B823EEF7-ED87-4BF6-B653-FA851A19C4EF} = {B823EEF7-ED87-4BF6-B653-FA851A19C4EF}
	EndProjectSection
EndProject
Project("{8BC9CEB8-8B4A-11D0-8D11-00A0C91BC942}") = "RenderSystem_Direct3D11", "RenderSystems\Direct3D11\RenderSystem_Direct3D11.2013.vcxproj", "{69605F0E-C500-4B4D-8104-D52979A65C4E}"
	ProjectSection(ProjectDependencies) = postProject
		{B823EEF7-ED87-4BF6-B653-FA851A19C4EF} = {B823EEF7-ED87-4BF6-B653-FA851A19C4EF}
	EndProjectSection
EndProject
Project("{8BC9CEB8-8B4A-11D0-8D11-00A0C91BC942}") = "RenderSystem_Direct3D9", "RenderSystems\Direct3D9\RenderSystem_Direct3D9.2013.vcxproj", "{7EB8B07A-E007-4AEB-A05E-2DA2A7B4BEF7}"
	ProjectSection(ProjectDependencies) = postProject
		{B823EEF7-ED87-4BF6-B653-FA851A19C4EF} = {B823EEF7-ED87-4BF6-B653-FA851A19C4EF}
	EndProjectSection
EndProject
Project("{8BC9CEB8-8B4A-11D0-8D11-00A0C91BC942}") = "RenderSystem_GL", "RenderSystems\GL\RenderSystem_GL.2013.vcxproj", "{E52F213B-0380-42A0-8DDB-02DF9253DEA9}"
	ProjectSection(ProjectDependencies) = postProject
		{B823EEF7-ED87-4BF6-B653-FA851A19C4EF} = {B823EEF7-ED87-4BF6-B653-FA851A19C4EF}
	EndProjectSection
EndProject
Global
	GlobalSection(SolutionConfigurationPlatforms) = preSolution
		Debug|Win32 = Debug|Win32
		Debug|x64 = Debug|x64
		MinSizeRel|Win32 = MinSizeRel|Win32
		MinSizeRel|x64 = MinSizeRel|x64
		Release|Win32 = Release|Win32
		Release|x64 = Release|x64
		RelWithDebInfo|Win32 = RelWithDebInfo|Win32
		RelWithDebInfo|x64 = RelWithDebInfo|x64
	EndGlobalSection
	GlobalSection(ProjectConfigurationPlatforms) = postSolution
		{B823EEF7-ED87-4BF6-B653-FA851A19C4EF}.Debug|Win32.ActiveCfg = Debug|Win32
		{B823EEF7-ED87-4BF6-B653-FA851A19C4EF}.Debug|Win32.Build.0 = Debug|Win32
		{B823EEF7-ED87-4BF6-B653-FA851A19C4EF}.Debug|x64.ActiveCfg = Debug|x64
		{B823EEF7-ED87-4BF6-B653-FA851A19C4EF}.Debug|x64.Build.0 = Debug|x64
		{B823EEF7-ED87-4BF6-B653-FA851A19C4EF}.MinSizeRel|Win32.ActiveCfg = MinSizeRel|Win32
		{B823EEF7-ED87-4BF6-B653-FA851A19C4EF}.MinSizeRel|Win32.Build.0 = MinSizeRel|Win32
		{B823EEF7-ED87-4BF6-B653-FA851A19C4EF}.MinSizeRel|x64.ActiveCfg = MinSizeRel|x64
		{B823EEF7-ED87-4BF6-B653-FA851A19C4EF}.MinSizeRel|x64.Build.0 = MinSizeRel|x64
		{B823EEF7-ED87-4BF6-B653-FA851A19C4EF}.Release|Win32.ActiveCfg = Release|Win32
		{B823EEF7-ED87-4BF6-B653-FA851A19C4EF}.Release|Win32.Build.0 = Release|Win32
		{B823EEF7-ED87-4BF6-B653-FA851A19C4EF}.Release|x64.ActiveCfg = Release|x64
		{B823EEF7-ED87-4BF6-B653-FA851A19C4EF}.Release|x64.Build.0 = Release|x64
		{B823EEF7-ED87-4BF6-B653-FA851A19C4EF}.RelWithDebInfo|Win32.ActiveCfg = RelWithDebInfo|Win32
		{B823EEF7-ED87-4BF6-B653-FA851A19C4EF}.RelWithDebInfo|Win32.Build.0 = RelWithDebInfo|Win32
		{B823EEF7-ED87-4BF6-B653-FA851A19C4EF}.RelWithDebInfo|x64.ActiveCfg = RelWithDebInfo|x64
		{B823EEF7-ED87-4BF6-B653-FA851A19C4EF}.RelWithDebInfo|x64.Build.0 = RelWithDebInfo|x64
		{3C4E2D98-856D-43DF-8BC0-C9A95AC3F8C3}.Debug|Win32.ActiveCfg = Debug|Win32
		{3C4E2D98-856D-43DF-8BC0-C9A95AC3F8C3}.Debug|Win32.Build.0 = Debug|Win32
		{3C4E2D98-856D-43DF-8BC0-C9A95AC3F8C3}.Debug|x64.ActiveCfg = Debug|x64
		{3C4E2D98-856D-43DF-8BC0-C9A95AC3F8C3}.Debug|x64.Build.0 = Debug|x64
		{3C4E2D98-856D-43DF-8BC0-C9A95AC3F8C3}.MinSizeRel|Win32.ActiveCfg = MinSizeRel|Win32
		{3C4E2D98-856D-43DF-8BC0-C9A95AC3F8C3}.MinSizeRel|Win32.Build.0 = MinSizeRel|Win32
		{3C4E2D98-856D-43DF-8BC0-C9A95AC3F8C3}.MinSizeRel|x64.ActiveCfg = MinSizeRel|x64
		{3C4E2D98-856D-43DF-8BC0-C9A95AC3F8C3}.MinSizeRel|x64.Build.0 = MinSizeRel|x64
		{3C4E2D98-856D-43DF-8BC0-C9A95AC3F8C3}.Release|Win32.ActiveCfg = Release|Win32
		{3C4E2D98-856D-43DF-8BC0-C9A95AC3F8C3}.Release|Win32.Build.0 = Release|Win32
		{3C4E2D98-856D-43DF-8BC0-C9A95AC3F8C3}.Release|x64.ActiveCfg = Release|x64
		{3C4E2D98-856D-43DF-8BC0-C9A95AC3F8C3}.Release|x64.Build.0 = Release|x64
		{3C4E2D98-856D-43DF-8BC0-C9A95AC3F8C3}.RelWithDebInfo|Win32.ActiveCfg = RelWithDebInfo|Win32
		{3C4E2D98-856D-43DF-8BC0-C9A95AC3F8C3}.RelWithDebInfo|Win32.Build.0 = RelWithDebInfo|Win32
		{3C4E2D98-856D-43DF-8BC0-C9A95AC3F8C3}.RelWithDebInfo|x64.ActiveCfg = RelWithDebInfo|x64
		{3C4E2D98-856D-43DF-8BC0-C9A95AC3F8C3}.RelWithDebInfo|x64.Build.0 = RelWithDebInfo|x64
		{6A923887-8E5A-46DB-9D33-1CAD1BBBCFEB}.Debug|Win32.ActiveCfg = Debug|Win32
		{6A923887-8E5A-46DB-9D33-1CAD1BBBCFEB}.Debug|Win32.Build.0 = Debug|Win32
		{6A923887-8E5A-46DB-9D33-1CAD1BBBCFEB}.Debug|x64.ActiveCfg = Debug|x64
		{6A923887-8E5A-46DB-9D33-1CAD1BBBCFEB}.Debug|x64.Build.0 = Debug|x64
		{6A923887-8E5A-46DB-9D33-1CAD1BBBCFEB}.MinSizeRel|Win32.ActiveCfg = MinSizeRel|Win32
		{6A923887-8E5A-46DB-9D33-1CAD1BBBCFEB}.MinSizeRel|Win32.Build.0 = MinSizeRel|Win32
		{6A923887-8E5A-46DB-9D33-1CAD1BBBCFEB}.MinSizeRel|x64.ActiveCfg = MinSizeRel|x64
		{6A923887-8E5A-46DB-9D33-1CAD1BBBCFEB}.MinSizeRel|x64.Build.0 = MinSizeRel|x64
		{6A923887-8E5A-46DB-9D33-1CAD1BBBCFEB}.Release|Win32.ActiveCfg = Release|Win32
		{6A923887-8E5A-46DB-9D33-1CAD1BBBCFEB}.Release|Win32.Build.0 = Release|Win32
		{6A923887-8E5A-46DB-9D33-1CAD1BBBCFEB}.Release|x64.ActiveCfg = Release|x64
		{6A923887-8E5A-46DB-9D33-1CAD1BBBCFEB}.Release|x64.Build.0 = Release|x64
		{6A923887-8E5A-46DB-9D33-1CAD1BBBCFEB}.RelWithDebInfo|Win32.ActiveCfg = RelWithDebInfo|Win32
		{6A923887-8E5A-46DB-9D33-1CAD1BBBCFEB}.RelWithDebInfo|Win32.Build.0 = RelWithDebInfo|Win32
		{6A923887-8E5A-46DB-9D33-1CAD1BBBCFEB}.RelWithDebInfo|x64.ActiveCfg = RelWithDebInfo|x64
		{6A923887-8E5A-46DB-9D33-1CAD1BBBCFEB}.RelWithDebInfo|x64.Build.0 = RelWithDebInfo|x64
		{5ECE7640-A576-473B-826A-669B80EB23C7}.Debug|Win32.ActiveCfg = Debug|Win32
		{5ECE7640-A576-473B-826A-669B80EB23C7}.Debug|Win32.Build.0 = Debug|Win32
		{5ECE7640-A576-473B-826A-669B80EB23C7}.Debug|x64.ActiveCfg = Debug|x64
		{5ECE7640-A576-473B-826A-669B80EB23C7}.Debug|x64.Build.0 = Debug|x64
		{5ECE7640-A576-473B-826A-669B80EB23C7}.MinSizeRel|Win32.ActiveCfg = MinSizeRel|Win32
		{5ECE7640-A576-473B-826A-669B80EB23C7}.MinSizeRel|Win32.Build.0 = MinSizeRel|Win32
		{5ECE7640-A576-473B-826A-669B80EB23C7}.MinSizeRel|x64.ActiveCfg = MinSizeRel|x64
		{5ECE7640-A576-473B-826A-669B80EB23C7}.MinSizeRel|x64.Build.0 = MinSizeRel|x64
		{5ECE7640-A576-473B-826A-669B80EB23C7}.Release|Win32.ActiveCfg = Release|Win32
		{5ECE7640-A576-473B-826A-669B80EB23C7}.Release|Win32.Build.0 = Release|Win32
		{5ECE7640-A576-473B-826A-669B80EB23C7}.Release|x64.ActiveCfg = Release|x64
		{5ECE7640-A576-473B-826A-669B80EB23C7}.Release|x64.Build.0 = Release|x64
		{5ECE7640-A576-473B-826A-669B80EB23C7}.RelWithDebInfo|Win32.ActiveCfg = RelWithDebInfo|Win32
		{5ECE7640-A576-473B-826A-669B80EB23C7}.RelWithDebInfo|Win32.Build.0 = RelWithDebInfo|Win32
		{5ECE7640-A576-473B-826A-669B80EB23C7}.RelWithDebInfo|x64.ActiveCfg = RelWithDebInfo|x64
		{5ECE7640-A576-473B-826A-669B80EB23C7}.RelWithDebInfo|x64.Build.0 = RelWithDebInfo|x64
		{01498EA6-039B-4137-8D9B-0A145E5CF63A}.Debug|Win32.ActiveCfg = Debug|Win32
		{01498EA6-039B-4137-8D9B-0A145E5CF63A}.Debug|Win32.Build.0 = Debug|Win32
		{01498EA6-039B-4137-8D9B-0A145E5CF63A}.Debug|x64.ActiveCfg = Debug|x64
		{01498EA6-039B-4137-8D9B-0A145E5CF63A}.Debug|x64.Build.0 = Debug|x64
		{01498EA6-039B-4137-8D9B-0A145E5CF63A}.MinSizeRel|Win32.ActiveCfg = MinSizeRel|Win32
		{01498EA6-039B-4137-8D9B-0A145E5CF63A}.MinSizeRel|Win32.Build.0 = MinSizeRel|Win32
		{01498EA6-039B-4137-8D9B-0A145E5CF63A}.MinSizeRel|x64.ActiveCfg = MinSizeRel|x64
		{01498EA6-039B-4137-8D9B-0A145E5CF63A}.MinSizeRel|x64.Build.0 = MinSizeRel|x64
		{01498EA6-039B-4137-8D9B-0A145E5CF63A}.Release|Win32.ActiveCfg = Release|Win32
		{01498EA6-039B-4137-8D9B-0A145E5CF63A}.Release|Win32.Build.0 = Release|Win32
		{01498EA6-039B-4137-8D9B-0A145E5CF63A}.Release|x64.ActiveCfg = Release|x64
		{01498EA6-039B-4137-8D9B-0A145E5CF63A}.Release|x64.Build.0 = Release|x64
		{01498EA6-039B-4137-8D9B-0A145E5CF63A}.RelWithDebInfo|Win32.ActiveCfg = RelWithDebInfo|Win32
		{01498EA6-039B-4137-8D9B-0A145E5CF63A}.RelWithDebInfo|Win32.Build.0 = RelWithDebInfo|Win32
		{01498EA6-039B-4137-8D9B-0A145E5CF63A}.RelWithDebInfo|x64.ActiveCfg = RelWithDebInfo|x64
		{01498EA6-039B-4137-8D9B-0A145E5CF63A}.RelWithDebInfo|x64.Build.0 = RelWithDebInfo|x64
		{5F47FC9F-F2BA-4E8A-8127-E5FC34B722FE}.Debug|Win32.ActiveCfg = Debug|Win32
		{5F47FC9F-F2BA-4E8A-8127-E5FC34B722FE}.Debug|Win32.Build.0 = Debug|Win32
		{5F47FC9F-F2BA-4E8A-8127-E5FC34B722FE}.Debug|x64.ActiveCfg = Debug|x64
		{5F47FC9F-F2BA-4E8A-8127-E5FC34B722FE}.Debug|x64.Build.0 = Debug|x64
		{5F47FC9F-F2BA-4E8A-8127-E5FC34B722FE}.MinSizeRel|Win32.ActiveCfg = MinSizeRel|Win32
		{5F47FC9F-F2BA-4E8A-8127-E5FC34B722FE}.MinSizeRel|Win32.Build.0 = MinSizeRel|Win32
		{5F47FC9F-F2BA-4E8A-8127-E5FC34B722FE}.MinSizeRel|x64.ActiveCfg = MinSizeRel|x64
		{5F47FC9F-F2BA-4E8A-8127-E5FC34B722FE}.MinSizeRel|x64.Build.0 = MinSizeRel|x64
		{5F47FC9F-F2BA-4E8A-8127-E5FC34B722FE}.Release|Win32.ActiveCfg = Release|Win32
		{5F47FC9F-F2BA-4E8A-8127-E5FC34B722FE}.Release|Win32.Build.0 = Release|Win32
		{5F47FC9F-F2BA-4E8A-8127-E5FC34B722FE}.Release|x64.ActiveCfg = Release|x64
		{5F47FC9F-F2BA-4E8A-8127-E5FC34B722FE}.Release|x64.Build.0 = Release|x64
		{5F47FC9F-F2BA-4E8A-8127-E5FC34B722FE}.RelWithDebInfo|Win32.ActiveCfg = RelWithDebInfo|Win32
		{5F47FC9F-F2BA-4E8A-8127-E5FC34B722FE}.RelWithDebInfo|Win32.Build.0 = RelWithDebInfo|Win32
		{5F47FC9F-F2BA-4E8A-8127-E5FC34B722FE}.RelWithDebInfo|x64.ActiveCfg = RelWithDebInfo|x64
		{5F47FC9F-F2BA-4E8A-8127-E5FC34B722FE}.RelWithDebInfo|x64.Build.0 = RelWithDebInfo|x64
		{C2042C70-27C7-466A-BEFD-8E1559AA2BB1}.Debug|Win32.ActiveCfg = Debug|Win32
		{C2042C70-27C7-466A-BEFD-8E1559AA2BB1}.Debug|Win32.Build.0 = Debug|Win32
		{C2042C70-27C7-466A-BEFD-8E1559AA2BB1}.Debug|x64.ActiveCfg = Debug|x64
		{C2042C70-27C7-466A-BEFD-8E1559AA2BB1}.Debug|x64.Build.0 = Debug|x64
		{C2042C70-27C7-466A-BEFD-8E1559AA2BB1}.MinSizeRel|Win32.ActiveCfg = MinSizeRel|Win32
		{C2042C70-27C7-466A-BEFD-8E1559AA2BB1}.MinSizeRel|Win32.Build.0 = MinSizeRel|Win32
		{C2042C70-27C7-466A-BEFD-8E1559AA2BB1}.MinSizeRel|x64.ActiveCfg = MinSizeRel|x64
		{C2042C70-27C7-466A-BEFD-8E1559AA2BB1}.MinSizeRel|x64.Build.0 = MinSizeRel|x64
		{C2042C70-27C7-466A-BEFD-8E1559AA2BB1}.Release|Win32.ActiveCfg = Release|Win32
		{C2042C70-27C7-466A-BEFD-8E1559AA2BB1}.Release|Win32.Build.0 = Release|Win32
		{C2042C70-27C7-466A-BEFD-8E1559AA2BB1}.Release|x64.ActiveCfg = Release|x64
		{C2042C70-27C7-466A-BEFD-8E1559AA2BB1}.Release|x64.Build.0 = Release|x64
		{C2042C70-27C7-466A-BEFD-8E1559AA2BB1}.RelWithDebInfo|Win32.ActiveCfg = RelWithDebInfo|Win32
		{C2042C70-27C7-466A-BEFD-8E1559AA2BB1}.RelWithDebInfo|Win32.Build.0 = RelWithDebInfo|Win32
		{C2042C70-27C7-466A-BEFD-8E1559AA2BB1}.RelWithDebInfo|x64.ActiveCfg = RelWithDebInfo|x64
		{C2042C70-27C7-466A-BEFD-8E1559AA2BB1}.RelWithDebInfo|x64.Build.0 = RelWithDebInfo|x64
		{A1368065-FF67-4AA1-8E74-EAEFE63B133A}.Debug|Win32.ActiveCfg = Debug|Win32
		{A1368065-FF67-4AA1-8E74-EAEFE63B133A}.Debug|Win32.Build.0 = Debug|Win32
		{A1368065-FF67-4AA1-8E74-EAEFE63B133A}.Debug|x64.ActiveCfg = Debug|x64
		{A1368065-FF67-4AA1-8E74-EAEFE63B133A}.Debug|x64.Build.0 = Debug|x64
		{A1368065-FF67-4AA1-8E74-EAEFE63B133A}.MinSizeRel|Win32.ActiveCfg = MinSizeRel|Win32
		{A1368065-FF67-4AA1-8E74-EAEFE63B133A}.MinSizeRel|Win32.Build.0 = MinSizeRel|Win32
		{A1368065-FF67-4AA1-8E74-EAEFE63B133A}.MinSizeRel|x64.ActiveCfg = MinSizeRel|x64
		{A1368065-FF67-4AA1-8E74-EAEFE63B133A}.MinSizeRel|x64.Build.0 = MinSizeRel|x64
		{A1368065-FF67-4AA1-8E74-EAEFE63B133A}.Release|Win32.ActiveCfg = Release|Win32
		{A1368065-FF67-4AA1-8E74-EAEFE63B133A}.Release|Win32.Build.0 = Release|Win32
		{A1368065-FF67-4AA1-8E74-EAEFE63B133A}.Release|x64.ActiveCfg = Release|x64
		{A1368065-FF67-4AA1-8E74-EAEFE63B133A}.Release|x64.Build.0 = Release|x64
		{A1368065-FF67-4AA1-8E74-EAEFE63B133A}.RelWithDebInfo|Win32.ActiveCfg = RelWithDebInfo|Win32
		{A1368065-FF67-4AA1-8E74-EAEFE63B133A}.RelWithDebInfo|Win32.Build.0 = RelWithDebInfo|Win32
		{A1368065-FF67-4AA1-8E74-EAEFE63B133A}.RelWithDebInfo|x64.ActiveCfg = RelWithDebInfo|x64
		{A1368065-FF67-4AA1-8E74-EAEFE63B133A}.RelWithDebInfo|x64.Build.0 = RelWithDebInfo|x64
		{ABE19CEB-B90A-4BCF-A317-FC9ACD0A5D26}.Debug|Win32.ActiveCfg = Debug|Win32
		{ABE19CEB-B90A-4BCF-A317-FC9ACD0A5D26}.Debug|Win32.Build.0 = Debug|Win32
		{ABE19CEB-B90A-4BCF-A317-FC9ACD0A5D26}.Debug|x64.ActiveCfg = Debug|x64
		{ABE19CEB-B90A-4BCF-A317-FC9ACD0A5D26}.Debug|x64.Build.0 = Debug|x64
		{ABE19CEB-B90A-4BCF-A317-FC9ACD0A5D26}.MinSizeRel|Win32.ActiveCfg = MinSizeRel|Win32
		{ABE19CEB-B90A-4BCF-A317-FC9ACD0A5D26}.MinSizeRel|Win32.Build.0 = MinSizeRel|Win32
		{ABE19CEB-B90A-4BCF-A317-FC9ACD0A5D26}.MinSizeRel|x64.ActiveCfg = MinSizeRel|x64
		{ABE19CEB-B90A-4BCF-A317-FC9ACD0A5D26}.MinSizeRel|x64.Build.0 = MinSizeRel|x64
		{ABE19CEB-B90A-4BCF-A317-FC9ACD0A5D26}.Release|Win32.ActiveCfg = Release|Win32
		{ABE19CEB-B90A-4BCF-A317-FC9ACD0A5D26}.Release|Win32.Build.0 = Release|Win32
		{ABE19CEB-B90A-4BCF-A317-FC9ACD0A5D26}.Release|x64.ActiveCfg = Release|x64
		{ABE19CEB-B90A-4BCF-A317-FC9ACD0A5D26}.Release|x64.Build.0 = Release|x64
		{ABE19CEB-B90A-4BCF-A317-FC9ACD0A5D26}.RelWithDebInfo|Win32.ActiveCfg = RelWithDebInfo|Win32
		{ABE19CEB-B90A-4BCF-A317-FC9ACD0A5D26}.RelWithDebInfo|Win32.Build.0 = RelWithDebInfo|Win32
		{ABE19CEB-B90A-4BCF-A317-FC9ACD0A5D26}.RelWithDebInfo|x64.ActiveCfg = RelWithDebInfo|x64
		{ABE19CEB-B90A-4BCF-A317-FC9ACD0A5D26}.RelWithDebInfo|x64.Build.0 = RelWithDebInfo|x64
		{D39EC244-41BF-48A0-BFDF-68D6416E66C3}.Debug|Win32.ActiveCfg = Debug|Win32
		{D39EC244-41BF-48A0-BFDF-68D6416E66C3}.Debug|Win32.Build.0 = Debug|Win32
		{D39EC244-41BF-48A0-BFDF-68D6416E66C3}.Debug|x64.ActiveCfg = Debug|x64
		{D39EC244-41BF-48A0-BFDF-68D6416E66C3}.Debug|x64.Build.0 = Debug|x64
		{D39EC244-41BF-48A0-BFDF-68D6416E66C3}.MinSizeRel|Win32.ActiveCfg = MinSizeRel|Win32
		{D39EC244-41BF-48A0-BFDF-68D6416E66C3}.MinSizeRel|Win32.Build.0 = MinSizeRel|Win32
		{D39EC244-41BF-48A0-BFDF-68D6416E66C3}.MinSizeRel|x64.ActiveCfg = MinSizeRel|x64
		{D39EC244-41BF-48A0-BFDF-68D6416E66C3}.MinSizeRel|x64.Build.0 = MinSizeRel|x64
		{D39EC244-41BF-48A0-BFDF-68D6416E66C3}.Release|Win32.ActiveCfg = Release|Win32
		{D39EC244-41BF-48A0-BFDF-68D6416E66C3}.Release|Win32.Build.0 = Release|Win32
		{D39EC244-41BF-48A0-BFDF-68D6416E66C3}.Release|x64.ActiveCfg = Release|x64
		{D39EC244-41BF-48A0-BFDF-68D6416E66C3}.Release|x64.Build.0 = Release|x64
		{D39EC244-41BF-48A0-BFDF-68D6416E66C3}.RelWithDebInfo|Win32.ActiveCfg = RelWithDebInfo|Win32
		{D39EC244-41BF-48A0-BFDF-68D6416E66C3}.RelWithDebInfo|Win32.Build.0 = RelWithDebInfo|Win32
		{D39EC244-41BF-48A0-BFDF-68D6416E66C3}.RelWithDebInfo|x64.ActiveCfg = RelWithDebInfo|x64
		{D39EC244-41BF-48A0-BFDF-68D6416E66C3}.RelWithDebInfo|x64.Build.0 = RelWithDebInfo|x64
		{47B78C28-6522-4A4F-998C-8C4BCC8F050E}.Debug|Win32.ActiveCfg = Debug|Win32
		{47B78C28-6522-4A4F-998C-8C4BCC8F050E}.Debug|Win32.Build.0 = Debug|Win32
		{47B78C28-6522-4A4F-998C-8C4BCC8F050E}.Debug|x64.ActiveCfg = Debug|x64
		{47B78C28-6522-4A4F-998C-8C4BCC8F050E}.Debug|x64.Build.0 = Debug|x64
		{47B78C28-6522-4A4F-998C-8C4BCC8F050E}.MinSizeRel|Win32.ActiveCfg = MinSizeRel|Win32
		{47B78C28-6522-4A4F-998C-8C4BCC8F050E}.MinSizeRel|Win32.Build.0 = MinSizeRel|Win32
		{47B78C28-6522-4A4F-998C-8C4BCC8F050E}.MinSizeRel|x64.ActiveCfg = MinSizeRel|x64
		{47B78C28-6522-4A4F-998C-8C4BCC8F050E}.MinSizeRel|x64.Build.0 = MinSizeRel|x64
		{47B78C28-6522-4A4F-998C-8C4BCC8F050E}.Release|Win32.ActiveCfg = Release|Win32
		{47B78C28-6522-4A4F-998C-8C4BCC8F050E}.Release|Win32.Build.0 = Release|Win32
		{47B78C28-6522-4A4F-998C-8C4BCC8F050E}.Release|x64.ActiveCfg = Release|x64
		{47B78C28-6522-4A4F-998C-8C4BCC8F050E}.Release|x64.Build.0 = Release|x64
		{47B78C28-6522-4A4F-998C-8C4BCC8F050E}.RelWithDebInfo|Win32.ActiveCfg = RelWithDebInfo|Win32
		{47B78C28-6522-4A4F-998C-8C4BCC8F050E}.RelWithDebInfo|Win32.Build.0 = RelWithDebInfo|Win32
		{47B78C28-6522-4A4F-998C-8C4BCC8F050E}.RelWithDebInfo|x64.ActiveCfg = RelWithDebInfo|x64
		{47B78C28-6522-4A4F-998C-8C4BCC8F050E}.RelWithDebInfo|x64.Build.0 = RelWithDebInfo|x64
		{972CD0EE-CA0D-4574-8EC5-5A8614631D0B}.Debug|Win32.ActiveCfg = Debug|Win32
		{972CD0EE-CA0D-4574-8EC5-5A8614631D0B}.Debug|Win32.Build.0 = Debug|Win32
		{972CD0EE-CA0D-4574-8EC5-5A8614631D0B}.Debug|x64.ActiveCfg = Debug|x64
		{972CD0EE-CA0D-4574-8EC5-5A8614631D0B}.Debug|x64.Build.0 = Debug|x64
		{972CD0EE-CA0D-4574-8EC5-5A8614631D0B}.MinSizeRel|Win32.ActiveCfg = MinSizeRel|Win32
		{972CD0EE-CA0D-4574-8EC5-5A8614631D0B}.MinSizeRel|Win32.Build.0 = MinSizeRel|Win32
		{972CD0EE-CA0D-4574-8EC5-5A8614631D0B}.MinSizeRel|x64.ActiveCfg = MinSizeRel|x64
		{972CD0EE-CA0D-4574-8EC5-5A8614631D0B}.MinSizeRel|x64.Build.0 = MinSizeRel|x64
		{972CD0EE-CA0D-4574-8EC5-5A8614631D0B}.Release|Win32.ActiveCfg = Release|Win32
		{972CD0EE-CA0D-4574-8EC5-5A8614631D0B}.Release|Win32.Build.0 = Release|Win32
		{972CD0EE-CA0D-4574-8EC5-5A8614631D0B}.Release|x64.ActiveCfg = Release|x64
		{972CD0EE-CA0D-4574-8EC5-5A8614631D0B}.Release|x64.Build.0 = Release|x64
		{972CD0EE-CA0D-4574-8EC5-5A8614631D0B}.RelWithDebInfo|Win32.ActiveCfg = RelWithDebInfo|Win32
		{972CD0EE-CA0D-4574-8EC5-5A8614631D0B}.RelWithDebInfo|Win32.Build.0 = RelWithDebInfo|Win32
		{972CD0EE-CA0D-4574-8EC5-5A8614631D0B}.RelWithDebInfo|x64.ActiveCfg = RelWithDebInfo|x64
		{972CD0EE-CA0D-4574-8EC5-5A8614631D0B}.RelWithDebInfo|x64.Build.0 = RelWithDebInfo|x64
		{91F59585-50C0-4965-8837-82FD82C104E8}.Debug|Win32.ActiveCfg = Debug|Win32
		{91F59585-50C0-4965-8837-82FD82C104E8}.Debug|Win32.Build.0 = Debug|Win32
		{91F59585-50C0-4965-8837-82FD82C104E8}.Debug|x64.ActiveCfg = Debug|x64
		{91F59585-50C0-4965-8837-82FD82C104E8}.Debug|x64.Build.0 = Debug|x64
		{91F59585-50C0-4965-8837-82FD82C104E8}.MinSizeRel|Win32.ActiveCfg = MinSizeRel|Win32
		{91F59585-50C0-4965-8837-82FD82C104E8}.MinSizeRel|Win32.Build.0 = MinSizeRel|Win32
		{91F59585-50C0-4965-8837-82FD82C104E8}.MinSizeRel|x64.ActiveCfg = MinSizeRel|x64
		{91F59585-50C0-4965-8837-82FD82C104E8}.MinSizeRel|x64.Build.0 = MinSizeRel|x64
		{91F59585-50C0-4965-8837-82FD82C104E8}.Release|Win32.ActiveCfg = Release|Win32
		{91F59585-50C0-4965-8837-82FD82C104E8}.Release|Win32.Build.0 = Release|Win32
		{91F59585-50C0-4965-8837-82FD82C104E8}.Release|x64.ActiveCfg = Release|x64
		{91F59585-50C0-4965-8837-82FD82C104E8}.Release|x64.Build.0 = Release|x64
		{91F59585-50C0-4965-8837-82FD82C104E8}.RelWithDebInfo|Win32.ActiveCfg = RelWithDebInfo|Win32
		{91F59585-50C0-4965-8837-82FD82C104E8}.RelWithDebInfo|Win32.Build.0 = RelWithDebInfo|Win32
		{91F59585-50C0-4965-8837-82FD82C104E8}.RelWithDebInfo|x64.ActiveCfg = RelWithDebInfo|x64
		{91F59585-50C0-4965-8837-82FD82C104E8}.RelWithDebInfo|x64.Build.0 = RelWithDebInfo|x64
		{69605F0E-C500-4B4D-8104-D52979A65C4E}.Debug|Win32.ActiveCfg = Debug|Win32
		{69605F0E-C500-4B4D-8104-D52979A65C4E}.Debug|Win32.Build.0 = Debug|Win32
		{69605F0E-C500-4B4D-8104-D52979A65C4E}.Debug|x64.ActiveCfg = Debug|x64
		{69605F0E-C500-4B4D-8104-D52979A65C4E}.Debug|x64.Build.0 = Debug|x64
		{69605F0E-C500-4B4D-8104-D52979A65C4E}.MinSizeRel|Win32.ActiveCfg = MinSizeRel|Win32
		{69605F0E-C500-4B4D-8104-D52979A65C4E}.MinSizeRel|Win32.Build.0 = MinSizeRel|Win32
		{69605F0E-C500-4B4D-8104-D52979A65C4E}.MinSizeRel|x64.ActiveCfg = MinSizeRel|x64
		{69605F0E-C500-4B4D-8104-D52979A65C4E}.MinSizeRel|x64.Build.0 = MinSizeRel|x64
		{69605F0E-C500-4B4D-8104-D52979A65C4E}.Release|Win32.ActiveCfg = Release|Win32
		{69605F0E-C500-4B4D-8104-D52979A65C4E}.Release|Win32.Build.0 = Release|Win32
		{69605F0E-C500-4B4D-8104-D52979A65C4E}.Release|x64.ActiveCfg = Release|x64
		{69605F0E-C500-4B4D-8104-D52979A65C4E}.Release|x64.Build.0 = Release|x64
		{69605F0E-C500-4B4D-8104-D52979A65C4E}.RelWithDebInfo|Win32.ActiveCfg = RelWithDebInfo|Win32
		{69605F0E-C500-4B4D-8104-D52979A65C4E}.RelWithDebInfo|Win32.Build.0 = RelWithDebInfo|Win32
		{69605F0E-C500-4B4D-8104-D52979A65C4E}.RelWithDebInfo|x64.ActiveCfg = RelWithDebInfo|x64
		{69605F0E-C500-4B4D-8104-D52979A65C4E}.RelWithDebInfo|x64.Build.0 = RelWithDebInfo|x64
		{7EB8B07A-E007-4AEB-A05E-2DA2A7B4BEF7}.Debug|Win32.ActiveCfg = Debug|Win32
		{7EB8B07A-E007-4AEB-A05E-2DA2A7B4BEF7}.Debug|Win32.Build.0 = Debug|Win32
		{7EB8B07A-E007-4AEB-A05E-2DA2A7B4BEF7}.Debug|x64.ActiveCfg = Debug|x64
		{7EB8B07A-E007-4AEB-A05E-2DA2A7B4BEF7}.Debug|x64.Build.0 = Debug|x64
		{7EB8B07A-E007-4AEB-A05E-2DA2A7B4BEF7}.MinSizeRel|Win32.ActiveCfg = MinSizeRel|Win32
		{7EB8B07A-E007-4AEB-A05E-2DA2A7B4BEF7}.MinSizeRel|Win32.Build.0 = MinSizeRel|Win32
		{7EB8B07A-E007-4AEB-A05E-2DA2A7B4BEF7}.MinSizeRel|x64.ActiveCfg = MinSizeRel|x64
		{7EB8B07A-E007-4AEB-A05E-2DA2A7B4BEF7}.MinSizeRel|x64.Build.0 = MinSizeRel|x64
		{7EB8B07A-E007-4AEB-A05E-2DA2A7B4BEF7}.Release|Win32.ActiveCfg = Release|Win32
		{7EB8B07A-E007-4AEB-A05E-2DA2A7B4BEF7}.Release|Win32.Build.0 = Release|Win32
		{7EB8B07A-E007-4AEB-A05E-2DA2A7B4BEF7}.Release|x64.ActiveCfg = Release|x64
		{7EB8B07A-E007-4AEB-A05E-2DA2A7B4BEF7}.Release|x64.Build.0 = Release|x64
		{7EB8B07A-E007-4AEB-A05E-2DA2A7B4BEF7}.RelWithDebInfo|Win32.ActiveCfg = RelWithDebInfo|Win32
		{7EB8B07A-E007-4AEB-A05E-2DA2A7B4BEF7}.RelWithDebInfo|Win32.Build.0 = RelWithDebInfo|Win32
		{7EB8B07A-E007-4AEB-A05E-2DA2A7B4BEF7}.RelWithDebInfo|x64.ActiveCfg = RelWithDebInfo|x64
		{7EB8B07A-E007-4AEB-A05E-2DA2A7B4BEF7}.RelWithDebInfo|x64.Build.0 = RelWithDebInfo|x64
		{E52F213B-0380-42A0-8DDB-02DF9253DEA9}.Debug|Win32.ActiveCfg = Debug|Win32
		{E52F213B-0380-42A0-8DDB-02DF9253DEA9}.Debug|Win32.Build.0 = Debug|Win32
		{E52F213B-0380-42A0-8DDB-02DF9253DEA9}.Debug|x64.ActiveCfg = Debug|x64
		{E52F213B-0380-42A0-8DDB-02DF9253DEA9}.Debug|x64.Build.0 = Debug|x64
		{E52F213B-0380-42A0-8DDB-02DF9253DEA9}.MinSizeRel|Win32.ActiveCfg = MinSizeRel|Win32
		{E52F213B-0380-42A0-8DDB-02DF9253DEA9}.MinSizeRel|Win32.Build.0 = MinSizeRel|Win32
		{E52F213B-0380-42A0-8DDB-02DF9253DEA9}.MinSizeRel|x64.ActiveCfg = MinSizeRel|x64
		{E52F213B-0380-42A0-8DDB-02DF9253DEA9}.MinSizeRel|x64.Build.0 = MinSizeRel|x64
		{E52F213B-0380-42A0-8DDB-02DF9253DEA9}.Release|Win32.ActiveCfg = Release|Win32
		{E52F213B-0380-42A0-8DDB-02DF9253DEA9}.Release|Win32.Build.0 = Release|Win32
		{E52F213B-0380-42A0-8DDB-02DF9253DEA9}.Release|x64.ActiveCfg = Release|x64
		{E52F213B-0380-42A0-8DDB-02DF9253DEA9}.Release|x64.Build.0 = Release|x64
		{E52F213B-0380-42A0-8DDB-02DF9253DEA9}.RelWithDebInfo|Win32.ActiveCfg = RelWithDebInfo|Win32
		{E52F213B-0380-42A0-8DDB-02DF9253DEA9}.RelWithDebInfo|Win32.Build.0 = RelWithDebInfo|Win32
		{E52F213B-0380-42A0-8DDB-02DF9253DEA9}.RelWithDebInfo|x64.ActiveCfg = RelWithDebInfo|x64
		{E52F213B-0380-42A0-8DDB-02DF9253DEA9}.RelWithDebInfo|x64.Build.0 = RelWithDebInfo|x64
	EndGlobalSection
	GlobalSection(SolutionProperties) = preSolution
		HideSolutionNode = FALSE
	EndGlobalSection
EndGlobal
