
Microsoft Visual Studio Solution File, Format Version 12.00
# Visual Studio 15
VisualStudioVersion = 15.0.28307.168
MinimumVisualStudioVersion = 10.0.40219.1
Project("{FAE04EC0-301F-11D3-BF4B-00C04F79EFBC}") = "libExternalUI", "libExternalUI\libExternalUI.csproj", "{568C1EC3-90CF-4314-9170-FD2452F71681}"
EndProject
Project("{FAE04EC0-301F-11D3-BF4B-00C04F79EFBC}") = "Sample", "Sample\Sample.csproj", "{AC8D7DFB-F89A-4AAC-A6DB-20F74A0910C1}"
EndProject
Global
	GlobalSection(SolutionConfigurationPlatforms) = preSolution
		Debug|Any CPU = Debug|Any CPU
		Release|Any CPU = Release|Any CPU
	EndGlobalSection
	GlobalSection(ProjectConfigurationPlatforms) = postSolution
		{568C1EC3-90CF-4314-9170-FD2452F71681}.Debug|Any CPU.ActiveCfg = Debug|Any CPU
		{568C1EC3-90CF-4314-9170-FD2452F71681}.Debug|Any CPU.Build.0 = Debug|Any CPU
		{568C1EC3-90CF-4314-9170-FD2452F71681}.Release|Any CPU.ActiveCfg = Release|Any CPU
		{568C1EC3-90CF-4314-9170-FD2452F71681}.Release|Any CPU.Build.0 = Release|Any CPU
		{AC8D7DFB-F89A-4AAC-A6DB-20F74A0910C1}.Debug|Any CPU.ActiveCfg = Debug|Any CPU
		{AC8D7DFB-F89A-4AAC-A6DB-20F74A0910C1}.Debug|Any CPU.Build.0 = Debug|Any CPU
		{AC8D7DFB-F89A-4AAC-A6DB-20F74A0910C1}.Release|Any CPU.ActiveCfg = Release|Any CPU
		{AC8D7DFB-F89A-4AAC-A6DB-20F74A0910C1}.Release|Any CPU.Build.0 = Release|Any CPU
	EndGlobalSection
	GlobalSection(SolutionProperties) = preSolution
		HideSolutionNode = FALSE
	EndGlobalSection
	GlobalSection(ExtensibilityGlobals) = postSolution
		SolutionGuid = {BC023A0E-CD95-4D84-8776-EAD743E6BA2B}
	EndGlobalSection
EndGlobal
