
Microsoft Visual Studio Solution File, Format Version 12.00
# Visual Studio Version 16
VisualStudioVersion = 16.0.30907.101
MinimumVisualStudioVersion = 10.0.40219.1
Project("{FAE04EC0-301F-11D3-BF4B-00C04F79EFBC}") = "SensorEditor", "SensorEditor\SensorEditor.csproj", "{C5DA5FF6-B196-4279-97B3-B8EAB8E27BEB}"
EndProject
Global
	GlobalSection(SolutionConfigurationPlatforms) = preSolution
		Debug|Any CPU = Debug|Any CPU
		Release|Any CPU = Release|Any CPU
	EndGlobalSection
	GlobalSection(ProjectConfigurationPlatforms) = postSolution
		{C5DA5FF6-B196-4279-97B3-B8EAB8E27BEB}.Debug|Any CPU.ActiveCfg = Debug|Any CPU
		{C5DA5FF6-B196-4279-97B3-B8EAB8E27BEB}.Debug|Any CPU.Build.0 = Debug|Any CPU
		{C5DA5FF6-B196-4279-97B3-B8EAB8E27BEB}.Release|Any CPU.ActiveCfg = Release|Any CPU
		{C5DA5FF6-B196-4279-97B3-B8EAB8E27BEB}.Release|Any CPU.Build.0 = Release|Any CPU
	EndGlobalSection
	GlobalSection(SolutionProperties) = preSolution
		HideSolutionNode = FALSE
	EndGlobalSection
	GlobalSection(ExtensibilityGlobals) = postSolution
		SolutionGuid = {404F34D3-7827-4CC1-8DB4-A44CDE2FF92C}
	EndGlobalSection
EndGlobal
