
Microsoft Visual Studio Solution File, Format Version 12.00
# Visual Studio 15
VisualStudioVersion = 15.0.28307.168
MinimumVisualStudioVersion = 10.0.40219.1
Project("{FAE04EC0-301F-11D3-BF4B-00C04F79EFBC}") = "SampleClient", "SampleClient\SampleClient.csproj", "{56A5A33A-FABC-4795-847E-72A95917F6AC}"
EndProject
Global
	GlobalSection(SolutionConfigurationPlatforms) = preSolution
		Debug|Any CPU = Debug|Any CPU
		Release|Any CPU = Release|Any CPU
	EndGlobalSection
	GlobalSection(ProjectConfigurationPlatforms) = postSolution
		{56A5A33A-FABC-4795-847E-72A95917F6AC}.Debug|Any CPU.ActiveCfg = Debug|Any CPU
		{56A5A33A-FABC-4795-847E-72A95917F6AC}.Debug|Any CPU.Build.0 = Debug|Any CPU
		{56A5A33A-FABC-4795-847E-72A95917F6AC}.Release|Any CPU.ActiveCfg = Release|Any CPU
		{56A5A33A-FABC-4795-847E-72A95917F6AC}.Release|Any CPU.Build.0 = Release|Any CPU
	EndGlobalSection
	GlobalSection(SolutionProperties) = preSolution
		HideSolutionNode = FALSE
	EndGlobalSection
	GlobalSection(ExtensibilityGlobals) = postSolution
		SolutionGuid = {44E3F218-B2D9-4595-9F17-CABF89374130}
	EndGlobalSection
EndGlobal
