
Microsoft Visual Studio Solution File, Format Version 12.00
# Visual Studio Version 16
VisualStudioVersion = 16.0.30907.101
MinimumVisualStudioVersion = 10.0.40219.1
Project("{FAE04EC0-301F-11D3-BF4B-00C04F79EFBC}") = "SoulbrainWebSensorServer", "SoulbrainWebSensorServer\SoulbrainWebSensorServer.csproj", "{2CBE6B04-3C20-4363-A5F3-016F09F73F32}"
EndProject
Project("{9A19103F-16F7-4668-BE54-9A1E7A4F7556}") = "dnsDBUtil", "..\..\..\esdk\workspace\DNS_DBUtil\DNS_DBUtil\dnsDBUtil.csproj", "{4DEA9A90-323B-4B9E-BF35-01698C25A86F}"
EndProject
Project("{9A19103F-16F7-4668-BE54-9A1E7A4F7556}") = "dnsCommunicateSopServer", "..\..\SOP7\DNS\dnsCommunicateSopServer\dnsCommunicateSopServer.csproj", "{EE6D1646-7417-43E5-B0CE-E22AAA488B5F}"
EndProject
Project("{9A19103F-16F7-4668-BE54-9A1E7A4F7556}") = "dnsData", "..\..\SOP7\DNS\dnsData\dnsData.csproj", "{DBBE28FF-D003-4780-93DE-B1F5E4EBE655}"
EndProject
Project("{FAE04EC0-301F-11D3-BF4B-00C04F79EFBC}") = "DBUtil2", "..\..\..\esdk\workspace\DBUtil2\DBUtil2\DBUtil2.csproj", "{7F2D217A-E867-4266-83CF-2A3999827A90}"
EndProject
Project("{2150E333-8FDC-42A3-9474-1A3956D46DE8}") = "Common", "Common", "{6F0024C7-3878-4508-A91F-028532ED79BF}"
EndProject
Project("{2150E333-8FDC-42A3-9474-1A3956D46DE8}") = "DataAccessLayer", "DataAccessLayer", "{3BE9E537-8499-4578-A0E5-B8E24533145F}"
EndProject
Project("{2150E333-8FDC-42A3-9474-1A3956D46DE8}") = "BusinessLogicLayer", "BusinessLogicLayer", "{08A11908-167E-472E-AF0F-E6305E7459B9}"
EndProject
Project("{9A19103F-16F7-4668-BE54-9A1E7A4F7556}") = "SDMS.Model", "..\..\SOP7\SDMS\SDMS.Model\SDMS.Model.csproj", "{4C720128-BEB2-45A9-BA5D-3C3E4FD36877}"
EndProject
Project("{9A19103F-16F7-4668-BE54-9A1E7A4F7556}") = "Dashboard.Model", "..\..\SOP7\Dashboard\Dashboard.Model\Dashboard.Model.csproj", "{0AABEF71-78AE-4996-B500-2C3285F98856}"
EndProject
Project("{9A19103F-16F7-4668-BE54-9A1E7A4F7556}") = "SDMS.IDAL", "..\..\SOP7\SDMS\SDMS.IDAL\SDMS.IDAL.csproj", "{96539A27-3018-4A55-ABD5-1F818D679169}"
EndProject
Project("{9A19103F-16F7-4668-BE54-9A1E7A4F7556}") = "SDMS.DAL", "..\..\SOP7\SDMS\SDMS.DAL\SDMS.DAL.csproj", "{0A128FBB-2227-4C7E-BC30-9A9B444E0B2C}"
EndProject
Project("{9A19103F-16F7-4668-BE54-9A1E7A4F7556}") = "Dashboard.IDAL", "..\..\SOP7\Dashboard\Dashboard.IDAL\Dashboard.IDAL.csproj", "{187F7866-B8B5-4BC2-B98D-10AF47DB681A}"
EndProject
Project("{9A19103F-16F7-4668-BE54-9A1E7A4F7556}") = "Dashboard.DAL", "..\..\SOP7\Dashboard\Dashboard.DAL\Dashboard.DAL.csproj", "{C7710817-AA85-43DB-A5D2-DC03DCAFACC7}"
EndProject
Project("{9A19103F-16F7-4668-BE54-9A1E7A4F7556}") = "TeamEditor.Model", "..\..\SOP7\TeamEditor\TeamEditor.Model\TeamEditor.Model.csproj", "{69D9594E-3DFD-4BD4-B711-42A3537BF971}"
EndProject
Project("{9A19103F-16F7-4668-BE54-9A1E7A4F7556}") = "TeamEditor.IDAL", "..\..\SOP7\TeamEditor\TeamEditor.IDAL\TeamEditor.IDAL.csproj", "{7209DE15-861F-48BC-835D-6311BD70B4EE}"
EndProject
Project("{9A19103F-16F7-4668-BE54-9A1E7A4F7556}") = "TeamEditor.DAL", "..\..\SOP7\TeamEditor\TeamEditor.DAL\TeamEditor.DAL.csproj", "{C4C6C6F5-EC3B-4131-BB8F-E05362D25874}"
EndProject
Project("{9A19103F-16F7-4668-BE54-9A1E7A4F7556}") = "TeamEditor.BLL", "..\..\SOP7\TeamEditor\TeamEditor.BLL\TeamEditor.BLL.csproj", "{6BAEDB55-E575-4FAA-A344-B5D93892CF0D}"
EndProject
Project("{9A19103F-16F7-4668-BE54-9A1E7A4F7556}") = "SOPManager.Model", "..\..\SOP7\SOPManager\SOPManager.Model\SOPManager.Model.csproj", "{EA8A8389-76AE-4D4D-B3B7-1237D39DD719}"
EndProject
Project("{9A19103F-16F7-4668-BE54-9A1E7A4F7556}") = "SOPManager.IDAL", "..\..\SOP7\SOPManager\SOPManager.IDAL\SOPManager.IDAL.csproj", "{0EC3CF3D-C55B-4FA9-8133-53AB927ADA31}"
EndProject
Project("{9A19103F-16F7-4668-BE54-9A1E7A4F7556}") = "SOPManager.DAL", "..\..\SOP7\SOPManager\SOPManager.DAL\SOPManager.DAL.csproj", "{94D9D056-0D40-4420-BA0D-F2CE5ECF95BE}"
EndProject
Project("{9A19103F-16F7-4668-BE54-9A1E7A4F7556}") = "Common.Model", "..\..\SOP7\Common\Common.Model\Common.Model.csproj", "{7D7FA438-E16D-421D-BBC7-F33DB0514208}"
EndProject
Project("{9A19103F-16F7-4668-BE54-9A1E7A4F7556}") = "Common.IDAL", "..\..\SOP7\Common\Common.IDAL\Common.IDAL.csproj", "{E84E813D-C157-4BB8-83F4-843382EF1AFD}"
EndProject
Project("{9A19103F-16F7-4668-BE54-9A1E7A4F7556}") = "Common.DAL", "..\..\SOP7\Common\Common.DAL\Common.DAL.csproj", "{3B3776A0-5505-468E-AB4F-4C131BC46BFF}"
EndProject
Global
	GlobalSection(SolutionConfigurationPlatforms) = preSolution
		Debug|Any CPU = Debug|Any CPU
		Release_NoDirect|Any CPU = Release_NoDirect|Any CPU
		Release|Any CPU = Release|Any CPU
	EndGlobalSection
	GlobalSection(ProjectConfigurationPlatforms) = postSolution
		{2CBE6B04-3C20-4363-A5F3-016F09F73F32}.Debug|Any CPU.ActiveCfg = Debug|Any CPU
		{2CBE6B04-3C20-4363-A5F3-016F09F73F32}.Debug|Any CPU.Build.0 = Debug|Any CPU
		{2CBE6B04-3C20-4363-A5F3-016F09F73F32}.Release_NoDirect|Any CPU.ActiveCfg = Release|Any CPU
		{2CBE6B04-3C20-4363-A5F3-016F09F73F32}.Release_NoDirect|Any CPU.Build.0 = Release|Any CPU
		{2CBE6B04-3C20-4363-A5F3-016F09F73F32}.Release|Any CPU.ActiveCfg = Release|Any CPU
		{2CBE6B04-3C20-4363-A5F3-016F09F73F32}.Release|Any CPU.Build.0 = Release|Any CPU
		{4DEA9A90-323B-4B9E-BF35-01698C25A86F}.Debug|Any CPU.ActiveCfg = Debug|Any CPU
		{4DEA9A90-323B-4B9E-BF35-01698C25A86F}.Debug|Any CPU.Build.0 = Debug|Any CPU
		{4DEA9A90-323B-4B9E-BF35-01698C25A86F}.Release_NoDirect|Any CPU.ActiveCfg = Release|Any CPU
		{4DEA9A90-323B-4B9E-BF35-01698C25A86F}.Release_NoDirect|Any CPU.Build.0 = Release|Any CPU
		{4DEA9A90-323B-4B9E-BF35-01698C25A86F}.Release|Any CPU.ActiveCfg = Release|Any CPU
		{4DEA9A90-323B-4B9E-BF35-01698C25A86F}.Release|Any CPU.Build.0 = Release|Any CPU
		{EE6D1646-7417-43E5-B0CE-E22AAA488B5F}.Debug|Any CPU.ActiveCfg = Debug|Any CPU
		{EE6D1646-7417-43E5-B0CE-E22AAA488B5F}.Debug|Any CPU.Build.0 = Debug|Any CPU
		{EE6D1646-7417-43E5-B0CE-E22AAA488B5F}.Release_NoDirect|Any CPU.ActiveCfg = Release|Any CPU
		{EE6D1646-7417-43E5-B0CE-E22AAA488B5F}.Release_NoDirect|Any CPU.Build.0 = Release|Any CPU
		{EE6D1646-7417-43E5-B0CE-E22AAA488B5F}.Release|Any CPU.ActiveCfg = Release|Any CPU
		{EE6D1646-7417-43E5-B0CE-E22AAA488B5F}.Release|Any CPU.Build.0 = Release|Any CPU
		{DBBE28FF-D003-4780-93DE-B1F5E4EBE655}.Debug|Any CPU.ActiveCfg = Debug|Any CPU
		{DBBE28FF-D003-4780-93DE-B1F5E4EBE655}.Debug|Any CPU.Build.0 = Debug|Any CPU
		{DBBE28FF-D003-4780-93DE-B1F5E4EBE655}.Release_NoDirect|Any CPU.ActiveCfg = Release|Any CPU
		{DBBE28FF-D003-4780-93DE-B1F5E4EBE655}.Release_NoDirect|Any CPU.Build.0 = Release|Any CPU
		{DBBE28FF-D003-4780-93DE-B1F5E4EBE655}.Release|Any CPU.ActiveCfg = Release|Any CPU
		{DBBE28FF-D003-4780-93DE-B1F5E4EBE655}.Release|Any CPU.Build.0 = Release|Any CPU
		{7F2D217A-E867-4266-83CF-2A3999827A90}.Debug|Any CPU.ActiveCfg = Debug|Any CPU
		{7F2D217A-E867-4266-83CF-2A3999827A90}.Debug|Any CPU.Build.0 = Debug|Any CPU
		{7F2D217A-E867-4266-83CF-2A3999827A90}.Release_NoDirect|Any CPU.ActiveCfg = Release_NoDirect|Any CPU
		{7F2D217A-E867-4266-83CF-2A3999827A90}.Release_NoDirect|Any CPU.Build.0 = Release_NoDirect|Any CPU
		{7F2D217A-E867-4266-83CF-2A3999827A90}.Release|Any CPU.ActiveCfg = Release|Any CPU
		{7F2D217A-E867-4266-83CF-2A3999827A90}.Release|Any CPU.Build.0 = Release|Any CPU
		{4C720128-BEB2-45A9-BA5D-3C3E4FD36877}.Debug|Any CPU.ActiveCfg = Debug|Any CPU
		{4C720128-BEB2-45A9-BA5D-3C3E4FD36877}.Debug|Any CPU.Build.0 = Debug|Any CPU
		{4C720128-BEB2-45A9-BA5D-3C3E4FD36877}.Release_NoDirect|Any CPU.ActiveCfg = Release|Any CPU
		{4C720128-BEB2-45A9-BA5D-3C3E4FD36877}.Release_NoDirect|Any CPU.Build.0 = Release|Any CPU
		{4C720128-BEB2-45A9-BA5D-3C3E4FD36877}.Release|Any CPU.ActiveCfg = Release|Any CPU
		{4C720128-BEB2-45A9-BA5D-3C3E4FD36877}.Release|Any CPU.Build.0 = Release|Any CPU
		{0AABEF71-78AE-4996-B500-2C3285F98856}.Debug|Any CPU.ActiveCfg = Debug|Any CPU
		{0AABEF71-78AE-4996-B500-2C3285F98856}.Debug|Any CPU.Build.0 = Debug|Any CPU
		{0AABEF71-78AE-4996-B500-2C3285F98856}.Release_NoDirect|Any CPU.ActiveCfg = Release|Any CPU
		{0AABEF71-78AE-4996-B500-2C3285F98856}.Release_NoDirect|Any CPU.Build.0 = Release|Any CPU
		{0AABEF71-78AE-4996-B500-2C3285F98856}.Release|Any CPU.ActiveCfg = Release|Any CPU
		{0AABEF71-78AE-4996-B500-2C3285F98856}.Release|Any CPU.Build.0 = Release|Any CPU
		{96539A27-3018-4A55-ABD5-1F818D679169}.Debug|Any CPU.ActiveCfg = Debug|Any CPU
		{96539A27-3018-4A55-ABD5-1F818D679169}.Debug|Any CPU.Build.0 = Debug|Any CPU
		{96539A27-3018-4A55-ABD5-1F818D679169}.Release_NoDirect|Any CPU.ActiveCfg = Release|Any CPU
		{96539A27-3018-4A55-ABD5-1F818D679169}.Release_NoDirect|Any CPU.Build.0 = Release|Any CPU
		{96539A27-3018-4A55-ABD5-1F818D679169}.Release|Any CPU.ActiveCfg = Release|Any CPU
		{96539A27-3018-4A55-ABD5-1F818D679169}.Release|Any CPU.Build.0 = Release|Any CPU
		{0A128FBB-2227-4C7E-BC30-9A9B444E0B2C}.Debug|Any CPU.ActiveCfg = Debug|Any CPU
		{0A128FBB-2227-4C7E-BC30-9A9B444E0B2C}.Debug|Any CPU.Build.0 = Debug|Any CPU
		{0A128FBB-2227-4C7E-BC30-9A9B444E0B2C}.Release_NoDirect|Any CPU.ActiveCfg = Release|Any CPU
		{0A128FBB-2227-4C7E-BC30-9A9B444E0B2C}.Release_NoDirect|Any CPU.Build.0 = Release|Any CPU
		{0A128FBB-2227-4C7E-BC30-9A9B444E0B2C}.Release|Any CPU.ActiveCfg = Release|Any CPU
		{0A128FBB-2227-4C7E-BC30-9A9B444E0B2C}.Release|Any CPU.Build.0 = Release|Any CPU
		{187F7866-B8B5-4BC2-B98D-10AF47DB681A}.Debug|Any CPU.ActiveCfg = Debug|Any CPU
		{187F7866-B8B5-4BC2-B98D-10AF47DB681A}.Debug|Any CPU.Build.0 = Debug|Any CPU
		{187F7866-B8B5-4BC2-B98D-10AF47DB681A}.Release_NoDirect|Any CPU.ActiveCfg = Release|Any CPU
		{187F7866-B8B5-4BC2-B98D-10AF47DB681A}.Release_NoDirect|Any CPU.Build.0 = Release|Any CPU
		{187F7866-B8B5-4BC2-B98D-10AF47DB681A}.Release|Any CPU.ActiveCfg = Release|Any CPU
		{187F7866-B8B5-4BC2-B98D-10AF47DB681A}.Release|Any CPU.Build.0 = Release|Any CPU
		{C7710817-AA85-43DB-A5D2-DC03DCAFACC7}.Debug|Any CPU.ActiveCfg = Debug|Any CPU
		{C7710817-AA85-43DB-A5D2-DC03DCAFACC7}.Debug|Any CPU.Build.0 = Debug|Any CPU
		{C7710817-AA85-43DB-A5D2-DC03DCAFACC7}.Release_NoDirect|Any CPU.ActiveCfg = Release|Any CPU
		{C7710817-AA85-43DB-A5D2-DC03DCAFACC7}.Release_NoDirect|Any CPU.Build.0 = Release|Any CPU
		{C7710817-AA85-43DB-A5D2-DC03DCAFACC7}.Release|Any CPU.ActiveCfg = Release|Any CPU
		{C7710817-AA85-43DB-A5D2-DC03DCAFACC7}.Release|Any CPU.Build.0 = Release|Any CPU
		{69D9594E-3DFD-4BD4-B711-42A3537BF971}.Debug|Any CPU.ActiveCfg = Debug|Any CPU
		{69D9594E-3DFD-4BD4-B711-42A3537BF971}.Debug|Any CPU.Build.0 = Debug|Any CPU
		{69D9594E-3DFD-4BD4-B711-42A3537BF971}.Release_NoDirect|Any CPU.ActiveCfg = Release|Any CPU
		{69D9594E-3DFD-4BD4-B711-42A3537BF971}.Release_NoDirect|Any CPU.Build.0 = Release|Any CPU
		{69D9594E-3DFD-4BD4-B711-42A3537BF971}.Release|Any CPU.ActiveCfg = Release|Any CPU
		{69D9594E-3DFD-4BD4-B711-42A3537BF971}.Release|Any CPU.Build.0 = Release|Any CPU
		{7209DE15-861F-48BC-835D-6311BD70B4EE}.Debug|Any CPU.ActiveCfg = Debug|Any CPU
		{7209DE15-861F-48BC-835D-6311BD70B4EE}.Debug|Any CPU.Build.0 = Debug|Any CPU
		{7209DE15-861F-48BC-835D-6311BD70B4EE}.Release_NoDirect|Any CPU.ActiveCfg = Release|Any CPU
		{7209DE15-861F-48BC-835D-6311BD70B4EE}.Release_NoDirect|Any CPU.Build.0 = Release|Any CPU
		{7209DE15-861F-48BC-835D-6311BD70B4EE}.Release|Any CPU.ActiveCfg = Release|Any CPU
		{7209DE15-861F-48BC-835D-6311BD70B4EE}.Release|Any CPU.Build.0 = Release|Any CPU
		{C4C6C6F5-EC3B-4131-BB8F-E05362D25874}.Debug|Any CPU.ActiveCfg = Debug|Any CPU
		{C4C6C6F5-EC3B-4131-BB8F-E05362D25874}.Debug|Any CPU.Build.0 = Debug|Any CPU
		{C4C6C6F5-EC3B-4131-BB8F-E05362D25874}.Release_NoDirect|Any CPU.ActiveCfg = Release|Any CPU
		{C4C6C6F5-EC3B-4131-BB8F-E05362D25874}.Release_NoDirect|Any CPU.Build.0 = Release|Any CPU
		{C4C6C6F5-EC3B-4131-BB8F-E05362D25874}.Release|Any CPU.ActiveCfg = Release|Any CPU
		{C4C6C6F5-EC3B-4131-BB8F-E05362D25874}.Release|Any CPU.Build.0 = Release|Any CPU
		{6BAEDB55-E575-4FAA-A344-B5D93892CF0D}.Debug|Any CPU.ActiveCfg = Debug|Any CPU
		{6BAEDB55-E575-4FAA-A344-B5D93892CF0D}.Debug|Any CPU.Build.0 = Debug|Any CPU
		{6BAEDB55-E575-4FAA-A344-B5D93892CF0D}.Release_NoDirect|Any CPU.ActiveCfg = Release|Any CPU
		{6BAEDB55-E575-4FAA-A344-B5D93892CF0D}.Release_NoDirect|Any CPU.Build.0 = Release|Any CPU
		{6BAEDB55-E575-4FAA-A344-B5D93892CF0D}.Release|Any CPU.ActiveCfg = Release|Any CPU
		{6BAEDB55-E575-4FAA-A344-B5D93892CF0D}.Release|Any CPU.Build.0 = Release|Any CPU
		{EA8A8389-76AE-4D4D-B3B7-1237D39DD719}.Debug|Any CPU.ActiveCfg = Debug|Any CPU
		{EA8A8389-76AE-4D4D-B3B7-1237D39DD719}.Debug|Any CPU.Build.0 = Debug|Any CPU
		{EA8A8389-76AE-4D4D-B3B7-1237D39DD719}.Release_NoDirect|Any CPU.ActiveCfg = Release|Any CPU
		{EA8A8389-76AE-4D4D-B3B7-1237D39DD719}.Release_NoDirect|Any CPU.Build.0 = Release|Any CPU
		{EA8A8389-76AE-4D4D-B3B7-1237D39DD719}.Release|Any CPU.ActiveCfg = Release|Any CPU
		{EA8A8389-76AE-4D4D-B3B7-1237D39DD719}.Release|Any CPU.Build.0 = Release|Any CPU
		{0EC3CF3D-C55B-4FA9-8133-53AB927ADA31}.Debug|Any CPU.ActiveCfg = Debug|Any CPU
		{0EC3CF3D-C55B-4FA9-8133-53AB927ADA31}.Debug|Any CPU.Build.0 = Debug|Any CPU
		{0EC3CF3D-C55B-4FA9-8133-53AB927ADA31}.Release_NoDirect|Any CPU.ActiveCfg = Release|Any CPU
		{0EC3CF3D-C55B-4FA9-8133-53AB927ADA31}.Release_NoDirect|Any CPU.Build.0 = Release|Any CPU
		{0EC3CF3D-C55B-4FA9-8133-53AB927ADA31}.Release|Any CPU.ActiveCfg = Release|Any CPU
		{0EC3CF3D-C55B-4FA9-8133-53AB927ADA31}.Release|Any CPU.Build.0 = Release|Any CPU
		{94D9D056-0D40-4420-BA0D-F2CE5ECF95BE}.Debug|Any CPU.ActiveCfg = Debug|Any CPU
		{94D9D056-0D40-4420-BA0D-F2CE5ECF95BE}.Debug|Any CPU.Build.0 = Debug|Any CPU
		{94D9D056-0D40-4420-BA0D-F2CE5ECF95BE}.Release_NoDirect|Any CPU.ActiveCfg = Release|Any CPU
		{94D9D056-0D40-4420-BA0D-F2CE5ECF95BE}.Release_NoDirect|Any CPU.Build.0 = Release|Any CPU
		{94D9D056-0D40-4420-BA0D-F2CE5ECF95BE}.Release|Any CPU.ActiveCfg = Release|Any CPU
		{94D9D056-0D40-4420-BA0D-F2CE5ECF95BE}.Release|Any CPU.Build.0 = Release|Any CPU
		{7D7FA438-E16D-421D-BBC7-F33DB0514208}.Debug|Any CPU.ActiveCfg = Debug|Any CPU
		{7D7FA438-E16D-421D-BBC7-F33DB0514208}.Debug|Any CPU.Build.0 = Debug|Any CPU
		{7D7FA438-E16D-421D-BBC7-F33DB0514208}.Release_NoDirect|Any CPU.ActiveCfg = Release|Any CPU
		{7D7FA438-E16D-421D-BBC7-F33DB0514208}.Release_NoDirect|Any CPU.Build.0 = Release|Any CPU
		{7D7FA438-E16D-421D-BBC7-F33DB0514208}.Release|Any CPU.ActiveCfg = Release|Any CPU
		{7D7FA438-E16D-421D-BBC7-F33DB0514208}.Release|Any CPU.Build.0 = Release|Any CPU
		{E84E813D-C157-4BB8-83F4-843382EF1AFD}.Debug|Any CPU.ActiveCfg = Debug|Any CPU
		{E84E813D-C157-4BB8-83F4-843382EF1AFD}.Debug|Any CPU.Build.0 = Debug|Any CPU
		{E84E813D-C157-4BB8-83F4-843382EF1AFD}.Release_NoDirect|Any CPU.ActiveCfg = Release|Any CPU
		{E84E813D-C157-4BB8-83F4-843382EF1AFD}.Release_NoDirect|Any CPU.Build.0 = Release|Any CPU
		{E84E813D-C157-4BB8-83F4-843382EF1AFD}.Release|Any CPU.ActiveCfg = Release|Any CPU
		{E84E813D-C157-4BB8-83F4-843382EF1AFD}.Release|Any CPU.Build.0 = Release|Any CPU
		{3B3776A0-5505-468E-AB4F-4C131BC46BFF}.Debug|Any CPU.ActiveCfg = Debug|Any CPU
		{3B3776A0-5505-468E-AB4F-4C131BC46BFF}.Debug|Any CPU.Build.0 = Debug|Any CPU
		{3B3776A0-5505-468E-AB4F-4C131BC46BFF}.Release_NoDirect|Any CPU.ActiveCfg = Release|Any CPU
		{3B3776A0-5505-468E-AB4F-4C131BC46BFF}.Release_NoDirect|Any CPU.Build.0 = Release|Any CPU
		{3B3776A0-5505-468E-AB4F-4C131BC46BFF}.Release|Any CPU.ActiveCfg = Release|Any CPU
		{3B3776A0-5505-468E-AB4F-4C131BC46BFF}.Release|Any CPU.Build.0 = Release|Any CPU
	EndGlobalSection
	GlobalSection(SolutionProperties) = preSolution
		HideSolutionNode = FALSE
	EndGlobalSection
	GlobalSection(NestedProjects) = preSolution
		{4C720128-BEB2-45A9-BA5D-3C3E4FD36877} = {6F0024C7-3878-4508-A91F-028532ED79BF}
		{0AABEF71-78AE-4996-B500-2C3285F98856} = {6F0024C7-3878-4508-A91F-028532ED79BF}
		{96539A27-3018-4A55-ABD5-1F818D679169} = {3BE9E537-8499-4578-A0E5-B8E24533145F}
		{0A128FBB-2227-4C7E-BC30-9A9B444E0B2C} = {3BE9E537-8499-4578-A0E5-B8E24533145F}
		{187F7866-B8B5-4BC2-B98D-10AF47DB681A} = {3BE9E537-8499-4578-A0E5-B8E24533145F}
		{C7710817-AA85-43DB-A5D2-DC03DCAFACC7} = {3BE9E537-8499-4578-A0E5-B8E24533145F}
		{69D9594E-3DFD-4BD4-B711-42A3537BF971} = {6F0024C7-3878-4508-A91F-028532ED79BF}
		{7209DE15-861F-48BC-835D-6311BD70B4EE} = {3BE9E537-8499-4578-A0E5-B8E24533145F}
		{C4C6C6F5-EC3B-4131-BB8F-E05362D25874} = {3BE9E537-8499-4578-A0E5-B8E24533145F}
		{6BAEDB55-E575-4FAA-A344-B5D93892CF0D} = {08A11908-167E-472E-AF0F-E6305E7459B9}
		{EA8A8389-76AE-4D4D-B3B7-1237D39DD719} = {6F0024C7-3878-4508-A91F-028532ED79BF}
		{0EC3CF3D-C55B-4FA9-8133-53AB927ADA31} = {3BE9E537-8499-4578-A0E5-B8E24533145F}
		{94D9D056-0D40-4420-BA0D-F2CE5ECF95BE} = {3BE9E537-8499-4578-A0E5-B8E24533145F}
		{7D7FA438-E16D-421D-BBC7-F33DB0514208} = {6F0024C7-3878-4508-A91F-028532ED79BF}
		{E84E813D-C157-4BB8-83F4-843382EF1AFD} = {3BE9E537-8499-4578-A0E5-B8E24533145F}
		{3B3776A0-5505-468E-AB4F-4C131BC46BFF} = {3BE9E537-8499-4578-A0E5-B8E24533145F}
	EndGlobalSection
	GlobalSection(ExtensibilityGlobals) = postSolution
		SolutionGuid = {87368D2A-ADD5-407F-ACAF-52A657B7C117}
	EndGlobalSection
EndGlobal
