
Microsoft Visual Studio Solution File, Format Version 12.00
# Visual Studio Version 16
VisualStudioVersion = 16.0.30611.23
MinimumVisualStudioVersion = 10.0.40219.1
Project("{FAE04EC0-301F-11D3-BF4B-00C04F79EFBC}") = "SendSensorResult", "SendSensorResult\SendSensorResult.csproj", "{67E9709D-ABDE-456C-B377-B67536B8A559}"
EndProject
Global
	GlobalSection(SolutionConfigurationPlatforms) = preSolution
		Debug|Any CPU = Debug|Any CPU
		Release|Any CPU = Release|Any CPU
	EndGlobalSection
	GlobalSection(ProjectConfigurationPlatforms) = postSolution
		{67E9709D-ABDE-456C-B377-B67536B8A559}.Debug|Any CPU.ActiveCfg = Debug|Any CPU
		{67E9709D-ABDE-456C-B377-B67536B8A559}.Debug|Any CPU.Build.0 = Debug|Any CPU
		{67E9709D-ABDE-456C-B377-B67536B8A559}.Release|Any CPU.ActiveCfg = Release|Any CPU
		{67E9709D-ABDE-456C-B377-B67536B8A559}.Release|Any CPU.Build.0 = Release|Any CPU
	EndGlobalSection
	GlobalSection(SolutionProperties) = preSolution
		HideSolutionNode = FALSE
	EndGlobalSection
	GlobalSection(ExtensibilityGlobals) = postSolution
		SolutionGuid = {A235319F-5E2F-4CF1-830A-AA29EBB656F8}
	EndGlobalSection
EndGlobal
