
Microsoft Visual Studio Solution File, Format Version 12.00
# Visual Studio 15
VisualStudioVersion = 15.0.28307.168
MinimumVisualStudioVersion = 10.0.40219.1
Project("{FAE04EC0-301F-11D3-BF4B-00C04F79EFBC}") = "UnEService", "UnEService\UnEService.csproj", "{CC55CFCC-D79C-4C16-9110-0AA454804F6E}"
EndProject
Global
	GlobalSection(SolutionConfigurationPlatforms) = preSolution
		Debug|Any CPU = Debug|Any CPU
		Release|Any CPU = Release|Any CPU
	EndGlobalSection
	GlobalSection(ProjectConfigurationPlatforms) = postSolution
		{CC55CFCC-D79C-4C16-9110-0AA454804F6E}.Debug|Any CPU.ActiveCfg = Debug|Any CPU
		{CC55CFCC-D79C-4C16-9110-0AA454804F6E}.Debug|Any CPU.Build.0 = Debug|Any CPU
		{CC55CFCC-D79C-4C16-9110-0AA454804F6E}.Release|Any CPU.ActiveCfg = Release|Any CPU
		{CC55CFCC-D79C-4C16-9110-0AA454804F6E}.Release|Any CPU.Build.0 = Release|Any CPU
	EndGlobalSection
	GlobalSection(SolutionProperties) = preSolution
		HideSolutionNode = FALSE
	EndGlobalSection
	GlobalSection(ExtensibilityGlobals) = postSolution
		SolutionGuid = {CD6F1B72-5F13-44B8-9565-8DEDB0F625F2}
	EndGlobalSection
EndGlobal
