
Microsoft Visual Studio Solution File, Format Version 12.00
# Visual Studio 15
VisualStudioVersion = 15.0.28307.1145
MinimumVisualStudioVersion = 10.0.40219.1
Project("{FAE04EC0-301F-11D3-BF4B-00C04F79EFBC}") = "RunSiren", "RunSiren\RunSiren.csproj", "{50461579-990A-4DAF-B14E-CE1752F49E66}"
EndProject
Global
	GlobalSection(SolutionConfigurationPlatforms) = preSolution
		Debug|Any CPU = Debug|Any CPU
		Release|Any CPU = Release|Any CPU
	EndGlobalSection
	GlobalSection(ProjectConfigurationPlatforms) = postSolution
		{50461579-990A-4DAF-B14E-CE1752F49E66}.Debug|Any CPU.ActiveCfg = Debug|Any CPU
		{50461579-990A-4DAF-B14E-CE1752F49E66}.Debug|Any CPU.Build.0 = Debug|Any CPU
		{50461579-990A-4DAF-B14E-CE1752F49E66}.Release|Any CPU.ActiveCfg = Release|Any CPU
		{50461579-990A-4DAF-B14E-CE1752F49E66}.Release|Any CPU.Build.0 = Release|Any CPU
	EndGlobalSection
	GlobalSection(SolutionProperties) = preSolution
		HideSolutionNode = FALSE
	EndGlobalSection
	GlobalSection(ExtensibilityGlobals) = postSolution
		SolutionGuid = {EAB88E23-C129-4EE9-90B5-31FDA503F28B}
	EndGlobalSection
EndGlobal
