
Microsoft Visual Studio Solution File, Format Version 12.00
# Visual Studio 15
VisualStudioVersion = 15.0.28307.1145
MinimumVisualStudioVersion = 10.0.40219.1
Project("{FAE04EC0-301F-11D3-BF4B-00C04F79EFBC}") = "EquipZoneCCTV", "EquipZoneCCTV\EquipZoneCCTV.csproj", "{8AFD3D8E-950E-4427-BFE6-906F1E8F6C6F}"
EndProject
Global
	GlobalSection(SolutionConfigurationPlatforms) = preSolution
		Debug|Any CPU = Debug|Any CPU
		Release|Any CPU = Release|Any CPU
	EndGlobalSection
	GlobalSection(ProjectConfigurationPlatforms) = postSolution
		{8AFD3D8E-950E-4427-BFE6-906F1E8F6C6F}.Debug|Any CPU.ActiveCfg = Debug|Any CPU
		{8AFD3D8E-950E-4427-BFE6-906F1E8F6C6F}.Debug|Any CPU.Build.0 = Debug|Any CPU
		{8AFD3D8E-950E-4427-BFE6-906F1E8F6C6F}.Release|Any CPU.ActiveCfg = Release|Any CPU
		{8AFD3D8E-950E-4427-BFE6-906F1E8F6C6F}.Release|Any CPU.Build.0 = Release|Any CPU
	EndGlobalSection
	GlobalSection(SolutionProperties) = preSolution
		HideSolutionNode = FALSE
	EndGlobalSection
	GlobalSection(ExtensibilityGlobals) = postSolution
		SolutionGuid = {042BD931-0986-4CFC-802F-C3840C1FB359}
	EndGlobalSection
EndGlobal
