
Microsoft Visual Studio Solution File, Format Version 12.00
# Visual Studio 2013
VisualStudioVersion = 12.0.30501.0
MinimumVisualStudioVersion = 10.0.40219.1
Project("{FAE04EC0-301F-11D3-BF4B-00C04F79EFBC}") = "FireManagement", "FireManagement\FireManagement.csproj", "{8C68CC5E-9F35-4E8E-A2D4-40FEA4AA6557}"
EndProject
Project("{8BC9CEB8-8B4A-11D0-8D11-00A0C91BC942}") = "Geometry", "..\..\..\esdk\workspace\Geometry\Geometry\Geometry.vcxproj", "{70191BC0-B4B0-4592-9266-EB17CD8E34BC}"
EndProject
Global
	GlobalSection(SolutionConfigurationPlatforms) = preSolution
		Debug|Mixed Platforms = Debug|Mixed Platforms
		Debug|Win32 = Debug|Win32
		Debug|x64 = Debug|x64
		Debug|x86 = Debug|x86
		DebugDotNet|Mixed Platforms = DebugDotNet|Mixed Platforms
		DebugDotNet|Win32 = DebugDotNet|Win32
		DebugDotNet|x64 = DebugDotNet|x64
		DebugDotNet|x86 = DebugDotNet|x86
		Release|Mixed Platforms = Release|Mixed Platforms
		Release|Win32 = Release|Win32
		Release|x64 = Release|x64
		Release|x86 = Release|x86
		ReleaseDotNet|Mixed Platforms = ReleaseDotNet|Mixed Platforms
		ReleaseDotNet|Win32 = ReleaseDotNet|Win32
		ReleaseDotNet|x64 = ReleaseDotNet|x64
		ReleaseDotNet|x86 = ReleaseDotNet|x86
	EndGlobalSection
	GlobalSection(ProjectConfigurationPlatforms) = postSolution
		{8C68CC5E-9F35-4E8E-A2D4-40FEA4AA6557}.Debug|Mixed Platforms.ActiveCfg = Debug|x86
		{8C68CC5E-9F35-4E8E-A2D4-40FEA4AA6557}.Debug|Mixed Platforms.Build.0 = Debug|x86
		{8C68CC5E-9F35-4E8E-A2D4-40FEA4AA6557}.Debug|Win32.ActiveCfg = Debug|x86
		{8C68CC5E-9F35-4E8E-A2D4-40FEA4AA6557}.Debug|Win32.Build.0 = Debug|x86
		{8C68CC5E-9F35-4E8E-A2D4-40FEA4AA6557}.Debug|x64.ActiveCfg = Debug|x86
		{8C68CC5E-9F35-4E8E-A2D4-40FEA4AA6557}.Debug|x86.ActiveCfg = Debug|x86
		{8C68CC5E-9F35-4E8E-A2D4-40FEA4AA6557}.Debug|x86.Build.0 = Debug|x86
		{8C68CC5E-9F35-4E8E-A2D4-40FEA4AA6557}.DebugDotNet|Mixed Platforms.ActiveCfg = Debug|x86
		{8C68CC5E-9F35-4E8E-A2D4-40FEA4AA6557}.DebugDotNet|Mixed Platforms.Build.0 = Debug|x86
		{8C68CC5E-9F35-4E8E-A2D4-40FEA4AA6557}.DebugDotNet|Win32.ActiveCfg = Debug|x86
		{8C68CC5E-9F35-4E8E-A2D4-40FEA4AA6557}.DebugDotNet|x64.ActiveCfg = Debug|x86
		{8C68CC5E-9F35-4E8E-A2D4-40FEA4AA6557}.DebugDotNet|x86.ActiveCfg = Debug|x86
		{8C68CC5E-9F35-4E8E-A2D4-40FEA4AA6557}.DebugDotNet|x86.Build.0 = Debug|x86
		{8C68CC5E-9F35-4E8E-A2D4-40FEA4AA6557}.Release|Mixed Platforms.ActiveCfg = Release|x86
		{8C68CC5E-9F35-4E8E-A2D4-40FEA4AA6557}.Release|Mixed Platforms.Build.0 = Release|x86
		{8C68CC5E-9F35-4E8E-A2D4-40FEA4AA6557}.Release|Win32.ActiveCfg = Release|x86
		{8C68CC5E-9F35-4E8E-A2D4-40FEA4AA6557}.Release|Win32.Build.0 = Release|x86
		{8C68CC5E-9F35-4E8E-A2D4-40FEA4AA6557}.Release|x64.ActiveCfg = Release|x86
		{8C68CC5E-9F35-4E8E-A2D4-40FEA4AA6557}.Release|x86.ActiveCfg = Release|x86
		{8C68CC5E-9F35-4E8E-A2D4-40FEA4AA6557}.Release|x86.Build.0 = Release|x86
		{8C68CC5E-9F35-4E8E-A2D4-40FEA4AA6557}.ReleaseDotNet|Mixed Platforms.ActiveCfg = Release|x86
		{8C68CC5E-9F35-4E8E-A2D4-40FEA4AA6557}.ReleaseDotNet|Mixed Platforms.Build.0 = Release|x86
		{8C68CC5E-9F35-4E8E-A2D4-40FEA4AA6557}.ReleaseDotNet|Win32.ActiveCfg = Release|x86
		{8C68CC5E-9F35-4E8E-A2D4-40FEA4AA6557}.ReleaseDotNet|x64.ActiveCfg = Release|x86
		{8C68CC5E-9F35-4E8E-A2D4-40FEA4AA6557}.ReleaseDotNet|x86.ActiveCfg = Release|x86
		{8C68CC5E-9F35-4E8E-A2D4-40FEA4AA6557}.ReleaseDotNet|x86.Build.0 = Release|x86
		{70191BC0-B4B0-4592-9266-EB17CD8E34BC}.Debug|Mixed Platforms.ActiveCfg = Debug|Win32
		{70191BC0-B4B0-4592-9266-EB17CD8E34BC}.Debug|Mixed Platforms.Build.0 = Debug|Win32
		{70191BC0-B4B0-4592-9266-EB17CD8E34BC}.Debug|Win32.ActiveCfg = Debug|Win32
		{70191BC0-B4B0-4592-9266-EB17CD8E34BC}.Debug|Win32.Build.0 = Debug|Win32
		{70191BC0-B4B0-4592-9266-EB17CD8E34BC}.Debug|x64.ActiveCfg = Debug|x64
		{70191BC0-B4B0-4592-9266-EB17CD8E34BC}.Debug|x64.Build.0 = Debug|x64
		{70191BC0-B4B0-4592-9266-EB17CD8E34BC}.Debug|x86.ActiveCfg = Debug|x64
		{70191BC0-B4B0-4592-9266-EB17CD8E34BC}.DebugDotNet|Mixed Platforms.ActiveCfg = DebugDotNet|x64
		{70191BC0-B4B0-4592-9266-EB17CD8E34BC}.DebugDotNet|Mixed Platforms.Build.0 = DebugDotNet|x64
		{70191BC0-B4B0-4592-9266-EB17CD8E34BC}.DebugDotNet|Win32.ActiveCfg = DebugDotNet|Win32
		{70191BC0-B4B0-4592-9266-EB17CD8E34BC}.DebugDotNet|Win32.Build.0 = DebugDotNet|Win32
		{70191BC0-B4B0-4592-9266-EB17CD8E34BC}.DebugDotNet|x64.ActiveCfg = DebugDotNet|x64
		{70191BC0-B4B0-4592-9266-EB17CD8E34BC}.DebugDotNet|x64.Build.0 = DebugDotNet|x64
		{70191BC0-B4B0-4592-9266-EB17CD8E34BC}.DebugDotNet|x86.ActiveCfg = DebugDotNet|x64
		{70191BC0-B4B0-4592-9266-EB17CD8E34BC}.Release|Mixed Platforms.ActiveCfg = Release|x64
		{70191BC0-B4B0-4592-9266-EB17CD8E34BC}.Release|Mixed Platforms.Build.0 = Release|x64
		{70191BC0-B4B0-4592-9266-EB17CD8E34BC}.Release|Win32.ActiveCfg = ReleaseDotNet|Win32
		{70191BC0-B4B0-4592-9266-EB17CD8E34BC}.Release|Win32.Build.0 = ReleaseDotNet|Win32
		{70191BC0-B4B0-4592-9266-EB17CD8E34BC}.Release|x64.ActiveCfg = Release|x64
		{70191BC0-B4B0-4592-9266-EB17CD8E34BC}.Release|x64.Build.0 = Release|x64
		{70191BC0-B4B0-4592-9266-EB17CD8E34BC}.Release|x86.ActiveCfg = Release|Win32
		{70191BC0-B4B0-4592-9266-EB17CD8E34BC}.Release|x86.Build.0 = Release|Win32
		{70191BC0-B4B0-4592-9266-EB17CD8E34BC}.ReleaseDotNet|Mixed Platforms.ActiveCfg = ReleaseDotNet|x64
		{70191BC0-B4B0-4592-9266-EB17CD8E34BC}.ReleaseDotNet|Mixed Platforms.Build.0 = ReleaseDotNet|x64
		{70191BC0-B4B0-4592-9266-EB17CD8E34BC}.ReleaseDotNet|Win32.ActiveCfg = ReleaseDotNet|Win32
		{70191BC0-B4B0-4592-9266-EB17CD8E34BC}.ReleaseDotNet|Win32.Build.0 = ReleaseDotNet|Win32
		{70191BC0-B4B0-4592-9266-EB17CD8E34BC}.ReleaseDotNet|x64.ActiveCfg = ReleaseDotNet|x64
		{70191BC0-B4B0-4592-9266-EB17CD8E34BC}.ReleaseDotNet|x64.Build.0 = ReleaseDotNet|x64
		{70191BC0-B4B0-4592-9266-EB17CD8E34BC}.ReleaseDotNet|x86.ActiveCfg = ReleaseDotNet|x64
	EndGlobalSection
	GlobalSection(SolutionProperties) = preSolution
		HideSolutionNode = FALSE
	EndGlobalSection
EndGlobal
