
Microsoft Visual Studio Solution File, Format Version 12.00
# Visual Studio Version 16
VisualStudioVersion = 16.0.31019.35
MinimumVisualStudioVersion = 10.0.40219.1
Project("{FAE04EC0-301F-11D3-BF4B-00C04F79EFBC}") = "BlackoutServer", "BlackoutServer\BlackoutServer.csproj", "{0517EC43-3370-4752-A298-1B73227912FE}"
EndProject
Project("{FAE04EC0-301F-11D3-BF4B-00C04F79EFBC}") = "SOPWebClient", "..\..\SOP6\SOPWebClient\SOPWebClient\SOPWebClient.csproj", "{3693F034-AD56-4EDC-956F-98C2CC9AA24E}"
EndProject
Global
	GlobalSection(SolutionConfigurationPlatforms) = preSolution
		Debug|Any CPU = Debug|Any CPU
		Release|Any CPU = Release|Any CPU
	EndGlobalSection
	GlobalSection(ProjectConfigurationPlatforms) = postSolution
		{0517EC43-3370-4752-A298-1B73227912FE}.Debug|Any CPU.ActiveCfg = Debug|Any CPU
		{0517EC43-3370-4752-A298-1B73227912FE}.Debug|Any CPU.Build.0 = Debug|Any CPU
		{0517EC43-3370-4752-A298-1B73227912FE}.Release|Any CPU.ActiveCfg = Release|Any CPU
		{0517EC43-3370-4752-A298-1B73227912FE}.Release|Any CPU.Build.0 = Release|Any CPU
		{3693F034-AD56-4EDC-956F-98C2CC9AA24E}.Debug|Any CPU.ActiveCfg = Debug|Any CPU
		{3693F034-AD56-4EDC-956F-98C2CC9AA24E}.Debug|Any CPU.Build.0 = Debug|Any CPU
		{3693F034-AD56-4EDC-956F-98C2CC9AA24E}.Release|Any CPU.ActiveCfg = Release|Any CPU
		{3693F034-AD56-4EDC-956F-98C2CC9AA24E}.Release|Any CPU.Build.0 = Release|Any CPU
	EndGlobalSection
	GlobalSection(SolutionProperties) = preSolution
		HideSolutionNode = FALSE
	EndGlobalSection
	GlobalSection(ExtensibilityGlobals) = postSolution
		SolutionGuid = {B92254F0-FB65-489C-AAA4-06C47BE59CE9}
	EndGlobalSection
EndGlobal
