
Microsoft Visual Studio Solution File, Format Version 12.00
# Visual Studio Version 16
VisualStudioVersion = 16.0.29905.134
MinimumVisualStudioVersion = 10.0.40219.1
Project("{FAE04EC0-301F-11D3-BF4B-00C04F79EFBC}") = "TrainingLink", "TrainingLink.csproj", "{4C4AE5F3-8B00-4363-A3A7-B55B47DD9F76}"
EndProject
Global
	GlobalSection(SolutionConfigurationPlatforms) = preSolution
		Debug|Any CPU = Debug|Any CPU
		Release|Any CPU = Release|Any CPU
	EndGlobalSection
	GlobalSection(ProjectConfigurationPlatforms) = postSolution
		{4C4AE5F3-8B00-4363-A3A7-B55B47DD9F76}.Debug|Any CPU.ActiveCfg = Debug|Any CPU
		{4C4AE5F3-8B00-4363-A3A7-B55B47DD9F76}.Debug|Any CPU.Build.0 = Debug|Any CPU
		{4C4AE5F3-8B00-4363-A3A7-B55B47DD9F76}.Release|Any CPU.ActiveCfg = Release|Any CPU
		{4C4AE5F3-8B00-4363-A3A7-B55B47DD9F76}.Release|Any CPU.Build.0 = Release|Any CPU
	EndGlobalSection
	GlobalSection(SolutionProperties) = preSolution
		HideSolutionNode = FALSE
	EndGlobalSection
	GlobalSection(ExtensibilityGlobals) = postSolution
		SolutionGuid = {DCCAEEEE-992B-401D-AD49-6EFCB84E5A9B}
	EndGlobalSection
EndGlobal
