
Microsoft Visual Studio Solution File, Format Version 12.00
# Visual Studio Version 16
VisualStudioVersion = 16.0.30907.101
MinimumVisualStudioVersion = 10.0.40219.1
Project("{FAE04EC0-301F-11D3-BF4B-00C04F79EFBC}") = "AlarmWatcher", "AlarmWatcher\AlarmWatcher.csproj", "{0E8B60A6-FBEF-428B-A068-1A914E421BA3}"
EndProject
Global
	GlobalSection(SolutionConfigurationPlatforms) = preSolution
		Debug|Any CPU = Debug|Any CPU
		Release|Any CPU = Release|Any CPU
	EndGlobalSection
	GlobalSection(ProjectConfigurationPlatforms) = postSolution
		{0E8B60A6-FBEF-428B-A068-1A914E421BA3}.Debug|Any CPU.ActiveCfg = Debug|Any CPU
		{0E8B60A6-FBEF-428B-A068-1A914E421BA3}.Debug|Any CPU.Build.0 = Debug|Any CPU
		{0E8B60A6-FBEF-428B-A068-1A914E421BA3}.Release|Any CPU.ActiveCfg = Release|Any CPU
		{0E8B60A6-FBEF-428B-A068-1A914E421BA3}.Release|Any CPU.Build.0 = Release|Any CPU
	EndGlobalSection
	GlobalSection(SolutionProperties) = preSolution
		HideSolutionNode = FALSE
	EndGlobalSection
	GlobalSection(ExtensibilityGlobals) = postSolution
		SolutionGuid = {97EF7E72-E61B-4868-A479-0B0011BEB8E1}
	EndGlobalSection
EndGlobal
