
Microsoft Visual Studio Solution File, Format Version 9.00
# Visual Studio 2005
Project("{FAE04EC0-301F-11D3-BF4B-00C04F79EFBC}") = "G2Sampler", "..\..\sampler\csharp\G2Sampler.csproj", "{9A256E68-2344-4EC2-B548-AA918D2F2B73}"
EndProject
Project("{FAE04EC0-301F-11D3-BF4B-00C04F79EFBC}") = "tester_watch", "tester_watch\tester_watch.csproj", "{5402A512-FE48-4F79-9E32-B3380140BF72}"
EndProject
Project("{FAE04EC0-301F-11D3-BF4B-00C04F79EFBC}") = "tester_search", "tester_search\tester_search.csproj", "{4E8DDD49-9289-43B7-8DFA-541321B46CE6}"
EndProject
Project("{FAE04EC0-301F-11D3-BF4B-00C04F79EFBC}") = "tester_status", "tester_status\tester_status.csproj", "{53FB2B51-92C2-41C0-9157-8B90D557BA5B}"
EndProject
Project("{FAE04EC0-301F-11D3-BF4B-00C04F79EFBC}") = "tester_screen", "tester_screen\tester_screen.csproj", "{1820BA3D-E2EB-47BD-9D73-9670D204B781}"
EndProject
Project("{FAE04EC0-301F-11D3-BF4B-00C04F79EFBC}") = "tester_app_frame_relay_server", "app\tester_app_frame_relay_server\tester_app_frame_relay_server.csproj", "{E3AEC18B-18D2-40B2-93FA-C077037B5CBC}"
EndProject
Global
	GlobalSection(SolutionConfigurationPlatforms) = preSolution
		Debug|x64 = Debug|x64
		Debug|x86 = Debug|x86
		Release|x64 = Release|x64
		Release|x86 = Release|x86
	EndGlobalSection
	GlobalSection(ProjectConfigurationPlatforms) = postSolution
		{9A256E68-2344-4EC2-B548-AA918D2F2B73}.Debug|x64.ActiveCfg = Debug|x64
		{9A256E68-2344-4EC2-B548-AA918D2F2B73}.Debug|x64.Build.0 = Debug|x64
		{9A256E68-2344-4EC2-B548-AA918D2F2B73}.Debug|x86.ActiveCfg = Debug|x86
		{9A256E68-2344-4EC2-B548-AA918D2F2B73}.Debug|x86.Build.0 = Debug|x86
		{9A256E68-2344-4EC2-B548-AA918D2F2B73}.Release|x64.ActiveCfg = Release|x64
		{9A256E68-2344-4EC2-B548-AA918D2F2B73}.Release|x64.Build.0 = Release|x64
		{9A256E68-2344-4EC2-B548-AA918D2F2B73}.Release|x86.ActiveCfg = Release|x86
		{9A256E68-2344-4EC2-B548-AA918D2F2B73}.Release|x86.Build.0 = Release|x86
		{5402A512-FE48-4F79-9E32-B3380140BF72}.Debug|x64.ActiveCfg = Debug|x64
		{5402A512-FE48-4F79-9E32-B3380140BF72}.Debug|x64.Build.0 = Debug|x64
		{5402A512-FE48-4F79-9E32-B3380140BF72}.Debug|x86.ActiveCfg = Debug|x86
		{5402A512-FE48-4F79-9E32-B3380140BF72}.Debug|x86.Build.0 = Debug|x86
		{5402A512-FE48-4F79-9E32-B3380140BF72}.Release|x64.ActiveCfg = Release|x64
		{5402A512-FE48-4F79-9E32-B3380140BF72}.Release|x64.Build.0 = Release|x64
		{5402A512-FE48-4F79-9E32-B3380140BF72}.Release|x86.ActiveCfg = Release|x86
		{5402A512-FE48-4F79-9E32-B3380140BF72}.Release|x86.Build.0 = Release|x86
		{4E8DDD49-9289-43B7-8DFA-541321B46CE6}.Debug|x64.ActiveCfg = Debug|x64
		{4E8DDD49-9289-43B7-8DFA-541321B46CE6}.Debug|x64.Build.0 = Debug|x64
		{4E8DDD49-9289-43B7-8DFA-541321B46CE6}.Debug|x86.ActiveCfg = Debug|x86
		{4E8DDD49-9289-43B7-8DFA-541321B46CE6}.Debug|x86.Build.0 = Debug|x86
		{4E8DDD49-9289-43B7-8DFA-541321B46CE6}.Release|x64.ActiveCfg = Release|x64
		{4E8DDD49-9289-43B7-8DFA-541321B46CE6}.Release|x64.Build.0 = Release|x64
		{4E8DDD49-9289-43B7-8DFA-541321B46CE6}.Release|x86.ActiveCfg = Release|x86
		{4E8DDD49-9289-43B7-8DFA-541321B46CE6}.Release|x86.Build.0 = Release|x86
		{53FB2B51-92C2-41C0-9157-8B90D557BA5B}.Debug|x64.ActiveCfg = Debug|x64
		{53FB2B51-92C2-41C0-9157-8B90D557BA5B}.Debug|x64.Build.0 = Debug|x64
		{53FB2B51-92C2-41C0-9157-8B90D557BA5B}.Debug|x86.ActiveCfg = Debug|x86
		{53FB2B51-92C2-41C0-9157-8B90D557BA5B}.Debug|x86.Build.0 = Debug|x86
		{53FB2B51-92C2-41C0-9157-8B90D557BA5B}.Release|x64.ActiveCfg = Release|x64
		{53FB2B51-92C2-41C0-9157-8B90D557BA5B}.Release|x64.Build.0 = Release|x64
		{53FB2B51-92C2-41C0-9157-8B90D557BA5B}.Release|x86.ActiveCfg = Release|x86
		{53FB2B51-92C2-41C0-9157-8B90D557BA5B}.Release|x86.Build.0 = Release|x86
		{1820BA3D-E2EB-47BD-9D73-9670D204B781}.Debug|x64.ActiveCfg = Debug|x64
		{1820BA3D-E2EB-47BD-9D73-9670D204B781}.Debug|x64.Build.0 = Debug|x64
		{1820BA3D-E2EB-47BD-9D73-9670D204B781}.Debug|x86.ActiveCfg = Debug|x86
		{1820BA3D-E2EB-47BD-9D73-9670D204B781}.Debug|x86.Build.0 = Debug|x86
		{1820BA3D-E2EB-47BD-9D73-9670D204B781}.Release|x64.ActiveCfg = Release|x64
		{1820BA3D-E2EB-47BD-9D73-9670D204B781}.Release|x64.Build.0 = Release|x64
		{1820BA3D-E2EB-47BD-9D73-9670D204B781}.Release|x86.ActiveCfg = Release|x86
		{1820BA3D-E2EB-47BD-9D73-9670D204B781}.Release|x86.Build.0 = Release|x86
		{E3AEC18B-18D2-40B2-93FA-C077037B5CBC}.Debug|x64.ActiveCfg = Debug|x64
		{E3AEC18B-18D2-40B2-93FA-C077037B5CBC}.Debug|x64.Build.0 = Debug|x64
		{E3AEC18B-18D2-40B2-93FA-C077037B5CBC}.Debug|x86.ActiveCfg = Debug|x86
		{E3AEC18B-18D2-40B2-93FA-C077037B5CBC}.Debug|x86.Build.0 = Debug|x86
		{E3AEC18B-18D2-40B2-93FA-C077037B5CBC}.Release|x64.ActiveCfg = Release|x64
		{E3AEC18B-18D2-40B2-93FA-C077037B5CBC}.Release|x64.Build.0 = Release|x64
		{E3AEC18B-18D2-40B2-93FA-C077037B5CBC}.Release|x86.ActiveCfg = Release|x86
		{E3AEC18B-18D2-40B2-93FA-C077037B5CBC}.Release|x86.Build.0 = Release|x86
	EndGlobalSection
	GlobalSection(SolutionProperties) = preSolution
		HideSolutionNode = FALSE
	EndGlobalSection
EndGlobal
