
Microsoft Visual Studio Solution File, Format Version 11.00
# Visual Studio 2010
Project("{8BC9CEB8-8B4A-11D0-8D11-00A0C91BC942}") = "UBMLViewer", "UBMLViewer\UBMLViewer.vcxproj", "{01D5BAA4-A503-48BE-AB09-1C9836A67F7F}"
	ProjectSection(ProjectDependencies) = postProject
		{0615B39E-81A3-4E43-A812-14D656B77011} = {0615B39E-81A3-4E43-A812-14D656B77011}
		{2A797EBB-1461-49F2-ACB6-D3B8B1A8C818} = {2A797EBB-1461-49F2-ACB6-D3B8B1A8C818}
		{70191BC0-B4B0-4592-9266-EB17CD8E34BC} = {70191BC0-B4B0-4592-9266-EB17CD8E34BC}
	EndProjectSection
EndProject
Project("{8BC9CEB8-8B4A-11D0-8D11-00A0C91BC942}") = "Math", "..\..\esdk\workspace\Math\Math.vcxproj", "{4422E426-6D45-49AA-BF8E-224F6370599F}"
EndProject
Project("{8BC9CEB8-8B4A-11D0-8D11-00A0C91BC942}") = "CoreAPI", "..\..\esdk\workspace\CoreAPI\CoreAPI.vcxproj", "{2A797EBB-1461-49F2-ACB6-D3B8B1A8C818}"
	ProjectSection(ProjectDependencies) = postProject
		{4422E426-6D45-49AA-BF8E-224F6370599F} = {4422E426-6D45-49AA-BF8E-224F6370599F}
		{A0DCDDD9-39DB-427B-8F93-E8E83EA5FC8F} = {A0DCDDD9-39DB-427B-8F93-E8E83EA5FC8F}
	EndProjectSection
EndProject
Project("{8BC9CEB8-8B4A-11D0-8D11-00A0C91BC942}") = "UnEUtility", "..\..\esdk\workspace\UnEUtility\UnEUtility.vcxproj", "{F1BB2FDD-410E-400E-97E2-9E947EBBA5AE}"
EndProject
Project("{8BC9CEB8-8B4A-11D0-8D11-00A0C91BC942}") = "UBML", "..\..\esdk\workspace\UBML\UBML\UBML.vcxproj", "{A0DCDDD9-39DB-427B-8F93-E8E83EA5FC8F}"
	ProjectSection(ProjectDependencies) = postProject
		{F1BB2FDD-410E-400E-97E2-9E947EBBA5AE} = {F1BB2FDD-410E-400E-97E2-9E947EBBA5AE}
	EndProjectSection
EndProject
Project("{8BC9CEB8-8B4A-11D0-8D11-00A0C91BC942}") = "Geometry", "..\..\esdk\workspace\Geometry\Geometry\Geometry.vcxproj", "{70191BC0-B4B0-4592-9266-EB17CD8E34BC}"
EndProject
Project("{8BC9CEB8-8B4A-11D0-8D11-00A0C91BC942}") = "ClipperDll", "..\..\esdk\workspace\Clipper\ClipperDll.vcxproj", "{0615B39E-81A3-4E43-A812-14D656B77011}"
EndProject
Project("{8BC9CEB8-8B4A-11D0-8D11-00A0C91BC942}") = "ColladaViewer", "ColladaViewer\ColladaViewer\ColladaViewer.vcxproj", "{9FD5DBDC-8846-4A9B-9522-8D194192188B}"
EndProject
Global
	GlobalSection(SolutionConfigurationPlatforms) = preSolution
		Debug|Win32 = Debug|Win32
		Debug|x64 = Debug|x64
		Release|Win32 = Release|Win32
		Release|x64 = Release|x64
	EndGlobalSection
	GlobalSection(ProjectConfigurationPlatforms) = postSolution
		{01D5BAA4-A503-48BE-AB09-1C9836A67F7F}.Debug|Win32.ActiveCfg = Debug|Win32
		{01D5BAA4-A503-48BE-AB09-1C9836A67F7F}.Debug|Win32.Build.0 = Debug|Win32
		{01D5BAA4-A503-48BE-AB09-1C9836A67F7F}.Debug|x64.ActiveCfg = Debug|x64
		{01D5BAA4-A503-48BE-AB09-1C9836A67F7F}.Debug|x64.Build.0 = Debug|x64
		{01D5BAA4-A503-48BE-AB09-1C9836A67F7F}.Release|Win32.ActiveCfg = Release|Win32
		{01D5BAA4-A503-48BE-AB09-1C9836A67F7F}.Release|Win32.Build.0 = Release|Win32
		{01D5BAA4-A503-48BE-AB09-1C9836A67F7F}.Release|x64.ActiveCfg = Release|x64
		{01D5BAA4-A503-48BE-AB09-1C9836A67F7F}.Release|x64.Build.0 = Release|x64
		{4422E426-6D45-49AA-BF8E-224F6370599F}.Debug|Win32.ActiveCfg = Debug|Win32
		{4422E426-6D45-49AA-BF8E-224F6370599F}.Debug|Win32.Build.0 = Debug|Win32
		{4422E426-6D45-49AA-BF8E-224F6370599F}.Debug|x64.ActiveCfg = Debug|x64
		{4422E426-6D45-49AA-BF8E-224F6370599F}.Debug|x64.Build.0 = Debug|x64
		{4422E426-6D45-49AA-BF8E-224F6370599F}.Release|Win32.ActiveCfg = Release|Win32
		{4422E426-6D45-49AA-BF8E-224F6370599F}.Release|Win32.Build.0 = Release|Win32
		{4422E426-6D45-49AA-BF8E-224F6370599F}.Release|x64.ActiveCfg = Release|x64
		{4422E426-6D45-49AA-BF8E-224F6370599F}.Release|x64.Build.0 = Release|x64
		{2A797EBB-1461-49F2-ACB6-D3B8B1A8C818}.Debug|Win32.ActiveCfg = Debug|Win32
		{2A797EBB-1461-49F2-ACB6-D3B8B1A8C818}.Debug|Win32.Build.0 = Debug|Win32
		{2A797EBB-1461-49F2-ACB6-D3B8B1A8C818}.Debug|x64.ActiveCfg = Debug|x64
		{2A797EBB-1461-49F2-ACB6-D3B8B1A8C818}.Debug|x64.Build.0 = Debug|x64
		{2A797EBB-1461-49F2-ACB6-D3B8B1A8C818}.Release|Win32.ActiveCfg = Release|Win32
		{2A797EBB-1461-49F2-ACB6-D3B8B1A8C818}.Release|Win32.Build.0 = Release|Win32
		{2A797EBB-1461-49F2-ACB6-D3B8B1A8C818}.Release|x64.ActiveCfg = Release|x64
		{2A797EBB-1461-49F2-ACB6-D3B8B1A8C818}.Release|x64.Build.0 = Release|x64
		{F1BB2FDD-410E-400E-97E2-9E947EBBA5AE}.Debug|Win32.ActiveCfg = Debug|Win32
		{F1BB2FDD-410E-400E-97E2-9E947EBBA5AE}.Debug|Win32.Build.0 = Debug|Win32
		{F1BB2FDD-410E-400E-97E2-9E947EBBA5AE}.Debug|x64.ActiveCfg = Debug|x64
		{F1BB2FDD-410E-400E-97E2-9E947EBBA5AE}.Debug|x64.Build.0 = Debug|x64
		{F1BB2FDD-410E-400E-97E2-9E947EBBA5AE}.Release|Win32.ActiveCfg = Release|Win32
		{F1BB2FDD-410E-400E-97E2-9E947EBBA5AE}.Release|Win32.Build.0 = Release|Win32
		{F1BB2FDD-410E-400E-97E2-9E947EBBA5AE}.Release|x64.ActiveCfg = Release|x64
		{F1BB2FDD-410E-400E-97E2-9E947EBBA5AE}.Release|x64.Build.0 = Release|x64
		{A0DCDDD9-39DB-427B-8F93-E8E83EA5FC8F}.Debug|Win32.ActiveCfg = Debug|Win32
		{A0DCDDD9-39DB-427B-8F93-E8E83EA5FC8F}.Debug|Win32.Build.0 = Debug|Win32
		{A0DCDDD9-39DB-427B-8F93-E8E83EA5FC8F}.Debug|x64.ActiveCfg = Debug|x64
		{A0DCDDD9-39DB-427B-8F93-E8E83EA5FC8F}.Debug|x64.Build.0 = Debug|x64
		{A0DCDDD9-39DB-427B-8F93-E8E83EA5FC8F}.Release|Win32.ActiveCfg = Release|Win32
		{A0DCDDD9-39DB-427B-8F93-E8E83EA5FC8F}.Release|Win32.Build.0 = Release|Win32
		{A0DCDDD9-39DB-427B-8F93-E8E83EA5FC8F}.Release|x64.ActiveCfg = Release|x64
		{A0DCDDD9-39DB-427B-8F93-E8E83EA5FC8F}.Release|x64.Build.0 = Release|x64
		{70191BC0-B4B0-4592-9266-EB17CD8E34BC}.Debug|Win32.ActiveCfg = Debug|Win32
		{70191BC0-B4B0-4592-9266-EB17CD8E34BC}.Debug|Win32.Build.0 = Debug|Win32
		{70191BC0-B4B0-4592-9266-EB17CD8E34BC}.Debug|x64.ActiveCfg = Debug|x64
		{70191BC0-B4B0-4592-9266-EB17CD8E34BC}.Debug|x64.Build.0 = Debug|x64
		{70191BC0-B4B0-4592-9266-EB17CD8E34BC}.Release|Win32.ActiveCfg = Release|Win32
		{70191BC0-B4B0-4592-9266-EB17CD8E34BC}.Release|Win32.Build.0 = Release|Win32
		{70191BC0-B4B0-4592-9266-EB17CD8E34BC}.Release|x64.ActiveCfg = Release|Win32
		{70191BC0-B4B0-4592-9266-EB17CD8E34BC}.Release|x64.Build.0 = Release|Win32
		{0615B39E-81A3-4E43-A812-14D656B77011}.Debug|Win32.ActiveCfg = Debug|Win32
		{0615B39E-81A3-4E43-A812-14D656B77011}.Debug|Win32.Build.0 = Debug|Win32
		{0615B39E-81A3-4E43-A812-14D656B77011}.Debug|x64.ActiveCfg = Debug|x64
		{0615B39E-81A3-4E43-A812-14D656B77011}.Debug|x64.Build.0 = Debug|x64
		{0615B39E-81A3-4E43-A812-14D656B77011}.Release|Win32.ActiveCfg = Release|Win32
		{0615B39E-81A3-4E43-A812-14D656B77011}.Release|Win32.Build.0 = Release|Win32
		{0615B39E-81A3-4E43-A812-14D656B77011}.Release|x64.ActiveCfg = Release|x64
		{0615B39E-81A3-4E43-A812-14D656B77011}.Release|x64.Build.0 = Release|x64
		{9FD5DBDC-8846-4A9B-9522-8D194192188B}.Debug|Win32.ActiveCfg = Debug|Win32
		{9FD5DBDC-8846-4A9B-9522-8D194192188B}.Debug|Win32.Build.0 = Debug|Win32
		{9FD5DBDC-8846-4A9B-9522-8D194192188B}.Debug|x64.ActiveCfg = Debug|x64
		{9FD5DBDC-8846-4A9B-9522-8D194192188B}.Debug|x64.Build.0 = Debug|x64
		{9FD5DBDC-8846-4A9B-9522-8D194192188B}.Release|Win32.ActiveCfg = Release|Win32
		{9FD5DBDC-8846-4A9B-9522-8D194192188B}.Release|Win32.Build.0 = Release|Win32
		{9FD5DBDC-8846-4A9B-9522-8D194192188B}.Release|x64.ActiveCfg = Release|x64
		{9FD5DBDC-8846-4A9B-9522-8D194192188B}.Release|x64.Build.0 = Release|x64
	EndGlobalSection
	GlobalSection(SolutionProperties) = preSolution
		HideSolutionNode = FALSE
	EndGlobalSection
EndGlobal
