
Microsoft Visual Studio Solution File, Format Version 9.00
# Visual Studio 2005
Project("{8BC9CEB8-8B4A-11D0-8D11-00A0C91BC942}") = "tester_cpp_app_g2_watch_image_filter", "tester_cpp_app_g2_watch_image_filter.vcproj", "{2C8D9F7A-49BD-45CE-87A8-E4DA74D3D41C}"
EndProject
Global
	GlobalSection(SolutionConfigurationPlatforms) = preSolution
		Debug|Win32 = Debug|Win32
		Release|Win32 = Release|Win32
	EndGlobalSection
	GlobalSection(ProjectConfigurationPlatforms) = postSolution
		{2C8D9F7A-49BD-45CE-87A8-E4DA74D3D41C}.Debug|Win32.ActiveCfg = Debug|Win32
		{2C8D9F7A-49BD-45CE-87A8-E4DA74D3D41C}.Debug|Win32.Build.0 = Debug|Win32
		{2C8D9F7A-49BD-45CE-87A8-E4DA74D3D41C}.Release|Win32.ActiveCfg = Release|Win32
		{2C8D9F7A-49BD-45CE-87A8-E4DA74D3D41C}.Release|Win32.Build.0 = Release|Win32
	EndGlobalSection
	GlobalSection(SolutionProperties) = preSolution
		HideSolutionNode = FALSE
	EndGlobalSection
EndGlobal
