
Microsoft Visual Studio Solution File, Format Version 12.00
# Visual Studio 2013
VisualStudioVersion = 12.0.30723.0
MinimumVisualStudioVersion = 10.0.40219.1
Project("{FAE04EC0-301F-11D3-BF4B-00C04F79EFBC}") = "MessageServer.2013", "SMSServer\MessageServer.2013.csproj", "{B8A2604F-4788-42ED-80DC-5E987669BFA9}"
EndProject
Project("{FAE04EC0-301F-11D3-BF4B-00C04F79EFBC}") = "libSMS.2013", "libSMS\libSMS.2013.csproj", "{30F397BA-5159-45B2-9E47-009094C34088}"
EndProject
Project("{FAE04EC0-301F-11D3-BF4B-00C04F79EFBC}") = "MSMQTest", "..\..\ref\MSMQTest\MSMQTest\MSMQTest.csproj", "{2822DB28-DD28-4FC7-8531-202C841998B2}"
EndProject
Global
	GlobalSection(SolutionConfigurationPlatforms) = preSolution
		Debug|Any CPU = Debug|Any CPU
		Debug|x64 = Debug|x64
		Debug|x86 = Debug|x86
		Release|Any CPU = Release|Any CPU
		Release|x64 = Release|x64
		Release|x86 = Release|x86
	EndGlobalSection
	GlobalSection(ProjectConfigurationPlatforms) = postSolution
		{B8A2604F-4788-42ED-80DC-5E987669BFA9}.Debug|Any CPU.ActiveCfg = Debug|x86
		{B8A2604F-4788-42ED-80DC-5E987669BFA9}.Debug|x64.ActiveCfg = Debug|x64
		{B8A2604F-4788-42ED-80DC-5E987669BFA9}.Debug|x64.Build.0 = Debug|x64
		{B8A2604F-4788-42ED-80DC-5E987669BFA9}.Debug|x86.ActiveCfg = Debug|x86
		{B8A2604F-4788-42ED-80DC-5E987669BFA9}.Debug|x86.Build.0 = Debug|x86
		{B8A2604F-4788-42ED-80DC-5E987669BFA9}.Release|Any CPU.ActiveCfg = Release|x86
		{B8A2604F-4788-42ED-80DC-5E987669BFA9}.Release|x64.ActiveCfg = Release|x64
		{B8A2604F-4788-42ED-80DC-5E987669BFA9}.Release|x64.Build.0 = Release|x64
		{B8A2604F-4788-42ED-80DC-5E987669BFA9}.Release|x86.ActiveCfg = Release|x86
		{B8A2604F-4788-42ED-80DC-5E987669BFA9}.Release|x86.Build.0 = Release|x86
		{30F397BA-5159-45B2-9E47-009094C34088}.Debug|Any CPU.ActiveCfg = Debug|x86
		{30F397BA-5159-45B2-9E47-009094C34088}.Debug|x64.ActiveCfg = Debug|x64
		{30F397BA-5159-45B2-9E47-009094C34088}.Debug|x64.Build.0 = Debug|x64
		{30F397BA-5159-45B2-9E47-009094C34088}.Debug|x86.ActiveCfg = Debug|x86
		{30F397BA-5159-45B2-9E47-009094C34088}.Debug|x86.Build.0 = Debug|x86
		{30F397BA-5159-45B2-9E47-009094C34088}.Release|Any CPU.ActiveCfg = Release|x86
		{30F397BA-5159-45B2-9E47-009094C34088}.Release|x64.ActiveCfg = Release|x64
		{30F397BA-5159-45B2-9E47-009094C34088}.Release|x64.Build.0 = Release|x64
		{30F397BA-5159-45B2-9E47-009094C34088}.Release|x86.ActiveCfg = Release|x86
		{30F397BA-5159-45B2-9E47-009094C34088}.Release|x86.Build.0 = Release|x86
		{2822DB28-DD28-4FC7-8531-202C841998B2}.Debug|Any CPU.ActiveCfg = Debug|Any CPU
		{2822DB28-DD28-4FC7-8531-202C841998B2}.Debug|Any CPU.Build.0 = Debug|Any CPU
		{2822DB28-DD28-4FC7-8531-202C841998B2}.Debug|x64.ActiveCfg = Debug|Any CPU
		{2822DB28-DD28-4FC7-8531-202C841998B2}.Debug|x86.ActiveCfg = Debug|x86
		{2822DB28-DD28-4FC7-8531-202C841998B2}.Debug|x86.Build.0 = Debug|x86
		{2822DB28-DD28-4FC7-8531-202C841998B2}.Release|Any CPU.ActiveCfg = Release|Any CPU
		{2822DB28-DD28-4FC7-8531-202C841998B2}.Release|Any CPU.Build.0 = Release|Any CPU
		{2822DB28-DD28-4FC7-8531-202C841998B2}.Release|x64.ActiveCfg = Release|Any CPU
		{2822DB28-DD28-4FC7-8531-202C841998B2}.Release|x86.ActiveCfg = Release|x86
		{2822DB28-DD28-4FC7-8531-202C841998B2}.Release|x86.Build.0 = Release|x86
	EndGlobalSection
	GlobalSection(SolutionProperties) = preSolution
		HideSolutionNode = FALSE
	EndGlobalSection
EndGlobal
