
Microsoft Visual Studio Solution File, Format Version 11.00
# Visual Studio 2010
Project("{FAE04EC0-301F-11D3-BF4B-00C04F79EFBC}") = "SOPSimulator", "SOPSimulator\SOPSimulator\SOPSimulator.csproj", "{EB100CA1-DB2F-4BC2-89E0-64C86D9D403C}"
EndProject
Project("{FAE04EC0-301F-11D3-BF4B-00C04F79EFBC}") = "libSection", "..\..\esdk\workspace\libSection\libSection\libSection.csproj", "{7495FE16-ACE5-42AC-AF5B-24659B0A9E7C}"
EndProject
Project("{8BC9CEB8-8B4A-11D0-8D11-00A0C91BC942}") = "CoreDotNet", "..\SDK_DEV\CoreDotNet\CoreDotNet.vcxproj", "{6EB13380-54D2-4FCD-8161-7CDA3385C058}"
EndProject
Project("{FAE04EC0-301F-11D3-BF4B-00C04F79EFBC}") = "TcpLib2", "..\..\esdk\workspace\TcpLib2\TcpLib2\TcpLib2.csproj", "{71E3F3B2-40DD-4F70-A50C-564B8DEA21A3}"
EndProject
Project("{FAE04EC0-301F-11D3-BF4B-00C04F79EFBC}") = "libSOP", "..\..\esdk\workspace\libSOP\libSOP.csproj", "{AD6D7112-5824-4E77-941C-BB50C7103BC5}"
EndProject
Project("{FAE04EC0-301F-11D3-BF4B-00C04F79EFBC}") = "UEControl", "..\..\esdk\workspace\UEControl\UEControl\UEControl.csproj", "{4C1E6EF2-41C5-496E-81C8-D840E2AD913C}"
EndProject
Project("{FAE04EC0-301F-11D3-BF4B-00C04F79EFBC}") = "libSDMS", "SDMS\libSDMS.csproj", "{7CA96EAC-01A8-4CC2-A1CB-3BFFF297BAD7}"
EndProject
Project("{FAE04EC0-301F-11D3-BF4B-00C04F79EFBC}") = "DBUtil", "..\..\esdk\workspace\DBUtil\DBUtil\DBUtil.csproj", "{074DEFAE-88A2-465D-85F1-5F9386C51423}"
EndProject
Project("{FAE04EC0-301F-11D3-BF4B-00C04F79EFBC}") = "SOPManager", "..\SOP2\SOPManager\SOPManager\SOPManager.csproj", "{8EEDCF62-63FA-4549-9FC2-F132E24FCD1C}"
EndProject
Global
	GlobalSection(SolutionConfigurationPlatforms) = preSolution
		Debug|Win32 = Debug|Win32
		Debug|x64 = Debug|x64
		Debug|x86 = Debug|x86
		Release|Win32 = Release|Win32
		Release|x64 = Release|x64
		Release|x86 = Release|x86
	EndGlobalSection
	GlobalSection(ProjectConfigurationPlatforms) = postSolution
		{EB100CA1-DB2F-4BC2-89E0-64C86D9D403C}.Debug|Win32.ActiveCfg = Debug|x86
		{EB100CA1-DB2F-4BC2-89E0-64C86D9D403C}.Debug|Win32.Build.0 = Debug|x86
		{EB100CA1-DB2F-4BC2-89E0-64C86D9D403C}.Debug|x64.ActiveCfg = Debug|x64
		{EB100CA1-DB2F-4BC2-89E0-64C86D9D403C}.Debug|x64.Build.0 = Debug|x64
		{EB100CA1-DB2F-4BC2-89E0-64C86D9D403C}.Debug|x86.ActiveCfg = Debug|x86
		{EB100CA1-DB2F-4BC2-89E0-64C86D9D403C}.Debug|x86.Build.0 = Debug|x86
		{EB100CA1-DB2F-4BC2-89E0-64C86D9D403C}.Release|Win32.ActiveCfg = Release|x86
		{EB100CA1-DB2F-4BC2-89E0-64C86D9D403C}.Release|Win32.Build.0 = Release|x86
		{EB100CA1-DB2F-4BC2-89E0-64C86D9D403C}.Release|x64.ActiveCfg = Release|x64
		{EB100CA1-DB2F-4BC2-89E0-64C86D9D403C}.Release|x64.Build.0 = Release|x64
		{EB100CA1-DB2F-4BC2-89E0-64C86D9D403C}.Release|x86.ActiveCfg = Release|x86
		{EB100CA1-DB2F-4BC2-89E0-64C86D9D403C}.Release|x86.Build.0 = Release|x86
		{7495FE16-ACE5-42AC-AF5B-24659B0A9E7C}.Debug|Win32.ActiveCfg = Release|x86
		{7495FE16-ACE5-42AC-AF5B-24659B0A9E7C}.Debug|Win32.Build.0 = Release|x86
		{7495FE16-ACE5-42AC-AF5B-24659B0A9E7C}.Debug|x64.ActiveCfg = Debug|x64
		{7495FE16-ACE5-42AC-AF5B-24659B0A9E7C}.Debug|x64.Build.0 = Debug|x64
		{7495FE16-ACE5-42AC-AF5B-24659B0A9E7C}.Debug|x86.ActiveCfg = Release|x86
		{7495FE16-ACE5-42AC-AF5B-24659B0A9E7C}.Debug|x86.Build.0 = Release|x86
		{7495FE16-ACE5-42AC-AF5B-24659B0A9E7C}.Release|Win32.ActiveCfg = Release|x86
		{7495FE16-ACE5-42AC-AF5B-24659B0A9E7C}.Release|Win32.Build.0 = Release|x86
		{7495FE16-ACE5-42AC-AF5B-24659B0A9E7C}.Release|x64.ActiveCfg = Release|x64
		{7495FE16-ACE5-42AC-AF5B-24659B0A9E7C}.Release|x64.Build.0 = Release|x64
		{7495FE16-ACE5-42AC-AF5B-24659B0A9E7C}.Release|x86.ActiveCfg = Release|x86
		{7495FE16-ACE5-42AC-AF5B-24659B0A9E7C}.Release|x86.Build.0 = Release|x86
		{6EB13380-54D2-4FCD-8161-7CDA3385C058}.Debug|Win32.ActiveCfg = Release|Win32
		{6EB13380-54D2-4FCD-8161-7CDA3385C058}.Debug|Win32.Build.0 = Release|Win32
		{6EB13380-54D2-4FCD-8161-7CDA3385C058}.Debug|x64.ActiveCfg = Debug|x64
		{6EB13380-54D2-4FCD-8161-7CDA3385C058}.Debug|x64.Build.0 = Debug|x64
		{6EB13380-54D2-4FCD-8161-7CDA3385C058}.Debug|x86.ActiveCfg = Release|Win32
		{6EB13380-54D2-4FCD-8161-7CDA3385C058}.Debug|x86.Build.0 = Release|Win32
		{6EB13380-54D2-4FCD-8161-7CDA3385C058}.Release|Win32.ActiveCfg = Release|Win32
		{6EB13380-54D2-4FCD-8161-7CDA3385C058}.Release|Win32.Build.0 = Release|Win32
		{6EB13380-54D2-4FCD-8161-7CDA3385C058}.Release|x64.ActiveCfg = Release|x64
		{6EB13380-54D2-4FCD-8161-7CDA3385C058}.Release|x64.Build.0 = Release|x64
		{6EB13380-54D2-4FCD-8161-7CDA3385C058}.Release|x86.ActiveCfg = Release|Win32
		{6EB13380-54D2-4FCD-8161-7CDA3385C058}.Release|x86.Build.0 = Release|Win32
		{71E3F3B2-40DD-4F70-A50C-564B8DEA21A3}.Debug|Win32.ActiveCfg = Release|x86
		{71E3F3B2-40DD-4F70-A50C-564B8DEA21A3}.Debug|Win32.Build.0 = Release|x86
		{71E3F3B2-40DD-4F70-A50C-564B8DEA21A3}.Debug|x64.ActiveCfg = Debug|x64
		{71E3F3B2-40DD-4F70-A50C-564B8DEA21A3}.Debug|x64.Build.0 = Debug|x64
		{71E3F3B2-40DD-4F70-A50C-564B8DEA21A3}.Debug|x86.ActiveCfg = Release|x86
		{71E3F3B2-40DD-4F70-A50C-564B8DEA21A3}.Debug|x86.Build.0 = Release|x86
		{71E3F3B2-40DD-4F70-A50C-564B8DEA21A3}.Release|Win32.ActiveCfg = Release|x86
		{71E3F3B2-40DD-4F70-A50C-564B8DEA21A3}.Release|Win32.Build.0 = Release|x86
		{71E3F3B2-40DD-4F70-A50C-564B8DEA21A3}.Release|x64.ActiveCfg = Release|x64
		{71E3F3B2-40DD-4F70-A50C-564B8DEA21A3}.Release|x64.Build.0 = Release|x64
		{71E3F3B2-40DD-4F70-A50C-564B8DEA21A3}.Release|x86.ActiveCfg = Release|x86
		{71E3F3B2-40DD-4F70-A50C-564B8DEA21A3}.Release|x86.Build.0 = Release|x86
		{AD6D7112-5824-4E77-941C-BB50C7103BC5}.Debug|Win32.ActiveCfg = Release|x86
		{AD6D7112-5824-4E77-941C-BB50C7103BC5}.Debug|Win32.Build.0 = Release|x86
		{AD6D7112-5824-4E77-941C-BB50C7103BC5}.Debug|x64.ActiveCfg = Debug|x64
		{AD6D7112-5824-4E77-941C-BB50C7103BC5}.Debug|x64.Build.0 = Debug|x64
		{AD6D7112-5824-4E77-941C-BB50C7103BC5}.Debug|x86.ActiveCfg = Release|x86
		{AD6D7112-5824-4E77-941C-BB50C7103BC5}.Debug|x86.Build.0 = Release|x86
		{AD6D7112-5824-4E77-941C-BB50C7103BC5}.Release|Win32.ActiveCfg = Release|x64
		{AD6D7112-5824-4E77-941C-BB50C7103BC5}.Release|x64.ActiveCfg = Release|x64
		{AD6D7112-5824-4E77-941C-BB50C7103BC5}.Release|x64.Build.0 = Release|x64
		{AD6D7112-5824-4E77-941C-BB50C7103BC5}.Release|x86.ActiveCfg = Release|x86
		{AD6D7112-5824-4E77-941C-BB50C7103BC5}.Release|x86.Build.0 = Release|x86
		{4C1E6EF2-41C5-496E-81C8-D840E2AD913C}.Debug|Win32.ActiveCfg = Release|x86
		{4C1E6EF2-41C5-496E-81C8-D840E2AD913C}.Debug|Win32.Build.0 = Release|x86
		{4C1E6EF2-41C5-496E-81C8-D840E2AD913C}.Debug|x64.ActiveCfg = Debug|x64
		{4C1E6EF2-41C5-496E-81C8-D840E2AD913C}.Debug|x64.Build.0 = Debug|x64
		{4C1E6EF2-41C5-496E-81C8-D840E2AD913C}.Debug|x86.ActiveCfg = Release|x86
		{4C1E6EF2-41C5-496E-81C8-D840E2AD913C}.Debug|x86.Build.0 = Release|x86
		{4C1E6EF2-41C5-496E-81C8-D840E2AD913C}.Release|Win32.ActiveCfg = Release|x64
		{4C1E6EF2-41C5-496E-81C8-D840E2AD913C}.Release|x64.ActiveCfg = Release|x64
		{4C1E6EF2-41C5-496E-81C8-D840E2AD913C}.Release|x64.Build.0 = Release|x64
		{4C1E6EF2-41C5-496E-81C8-D840E2AD913C}.Release|x86.ActiveCfg = Release|x86
		{4C1E6EF2-41C5-496E-81C8-D840E2AD913C}.Release|x86.Build.0 = Release|x86
		{7CA96EAC-01A8-4CC2-A1CB-3BFFF297BAD7}.Debug|Win32.ActiveCfg = Release|x86
		{7CA96EAC-01A8-4CC2-A1CB-3BFFF297BAD7}.Debug|Win32.Build.0 = Release|x86
		{7CA96EAC-01A8-4CC2-A1CB-3BFFF297BAD7}.Debug|x64.ActiveCfg = Debug|x64
		{7CA96EAC-01A8-4CC2-A1CB-3BFFF297BAD7}.Debug|x64.Build.0 = Debug|x64
		{7CA96EAC-01A8-4CC2-A1CB-3BFFF297BAD7}.Debug|x86.ActiveCfg = Debug|x86
		{7CA96EAC-01A8-4CC2-A1CB-3BFFF297BAD7}.Debug|x86.Build.0 = Debug|x86
		{7CA96EAC-01A8-4CC2-A1CB-3BFFF297BAD7}.Release|Win32.ActiveCfg = Release|x64
		{7CA96EAC-01A8-4CC2-A1CB-3BFFF297BAD7}.Release|x64.ActiveCfg = Release|x64
		{7CA96EAC-01A8-4CC2-A1CB-3BFFF297BAD7}.Release|x64.Build.0 = Release|x64
		{7CA96EAC-01A8-4CC2-A1CB-3BFFF297BAD7}.Release|x86.ActiveCfg = Release|x86
		{7CA96EAC-01A8-4CC2-A1CB-3BFFF297BAD7}.Release|x86.Build.0 = Release|x86
		{074DEFAE-88A2-465D-85F1-5F9386C51423}.Debug|Win32.ActiveCfg = Debug|x64
		{074DEFAE-88A2-465D-85F1-5F9386C51423}.Debug|x64.ActiveCfg = Debug|x64
		{074DEFAE-88A2-465D-85F1-5F9386C51423}.Debug|x64.Build.0 = Debug|x64
		{074DEFAE-88A2-465D-85F1-5F9386C51423}.Debug|x86.ActiveCfg = Debug|x86
		{074DEFAE-88A2-465D-85F1-5F9386C51423}.Debug|x86.Build.0 = Debug|x86
		{074DEFAE-88A2-465D-85F1-5F9386C51423}.Release|Win32.ActiveCfg = Release|x64
		{074DEFAE-88A2-465D-85F1-5F9386C51423}.Release|x64.ActiveCfg = Release|x64
		{074DEFAE-88A2-465D-85F1-5F9386C51423}.Release|x64.Build.0 = Release|x64
		{074DEFAE-88A2-465D-85F1-5F9386C51423}.Release|x86.ActiveCfg = Release|x86
		{074DEFAE-88A2-465D-85F1-5F9386C51423}.Release|x86.Build.0 = Release|x86
		{8EEDCF62-63FA-4549-9FC2-F132E24FCD1C}.Debug|Win32.ActiveCfg = Debug|x64
		{8EEDCF62-63FA-4549-9FC2-F132E24FCD1C}.Debug|x64.ActiveCfg = Debug|x64
		{8EEDCF62-63FA-4549-9FC2-F132E24FCD1C}.Debug|x64.Build.0 = Debug|x64
		{8EEDCF62-63FA-4549-9FC2-F132E24FCD1C}.Debug|x86.ActiveCfg = Debug|x86
		{8EEDCF62-63FA-4549-9FC2-F132E24FCD1C}.Debug|x86.Build.0 = Debug|x86
		{8EEDCF62-63FA-4549-9FC2-F132E24FCD1C}.Release|Win32.ActiveCfg = Release|x64
		{8EEDCF62-63FA-4549-9FC2-F132E24FCD1C}.Release|x64.ActiveCfg = Release|x64
		{8EEDCF62-63FA-4549-9FC2-F132E24FCD1C}.Release|x64.Build.0 = Release|x64
		{8EEDCF62-63FA-4549-9FC2-F132E24FCD1C}.Release|x86.ActiveCfg = Release|x86
		{8EEDCF62-63FA-4549-9FC2-F132E24FCD1C}.Release|x86.Build.0 = Release|x86
	EndGlobalSection
	GlobalSection(SolutionProperties) = preSolution
		HideSolutionNode = FALSE
	EndGlobalSection
EndGlobal
