
Microsoft Visual Studio Solution File, Format Version 12.00
# Visual Studio 15
VisualStudioVersion = 15.0.28307.168
MinimumVisualStudioVersion = 10.0.40219.1
Project("{FAE04EC0-301F-11D3-BF4B-00C04F79EFBC}") = "ServerController", "ServerController\ServerController.csproj", "{296EE8E3-8529-42F2-9BA3-BEB71B2A24D9}"
EndProject
Global
	GlobalSection(SolutionConfigurationPlatforms) = preSolution
		Debug|Any CPU = Debug|Any CPU
		Release|Any CPU = Release|Any CPU
	EndGlobalSection
	GlobalSection(ProjectConfigurationPlatforms) = postSolution
		{296EE8E3-8529-42F2-9BA3-BEB71B2A24D9}.Debug|Any CPU.ActiveCfg = Debug|Any CPU
		{296EE8E3-8529-42F2-9BA3-BEB71B2A24D9}.Debug|Any CPU.Build.0 = Debug|Any CPU
		{296EE8E3-8529-42F2-9BA3-BEB71B2A24D9}.Release|Any CPU.ActiveCfg = Release|Any CPU
		{296EE8E3-8529-42F2-9BA3-BEB71B2A24D9}.Release|Any CPU.Build.0 = Release|Any CPU
	EndGlobalSection
	GlobalSection(SolutionProperties) = preSolution
		HideSolutionNode = FALSE
	EndGlobalSection
	GlobalSection(ExtensibilityGlobals) = postSolution
		SolutionGuid = {5490DF20-D133-4146-938C-926E40B41714}
	EndGlobalSection
EndGlobal
