
Microsoft Visual Studio Solution File, Format Version 11.00
# Visual Studio 2010
Project("{FAE04EC0-301F-11D3-BF4B-00C04F79EFBC}") = "KeyValidatorSample", "KeyValidatorSample\KeyValidatorSample.csproj", "{472439B7-3667-43DD-8D25-08BE8001708D}"
EndProject
Project("{FAE04EC0-301F-11D3-BF4B-00C04F79EFBC}") = "KeyValidator", "..\..\src\세중\KeyValidator\KeyValidator\KeyValidator.csproj", "{14C11CCC-4DD6-4F8C-A15E-7885F5283547}"
EndProject
Global
	GlobalSection(SolutionConfigurationPlatforms) = preSolution
		Debug|Any CPU = Debug|Any CPU
		Debug|Mixed Platforms = Debug|Mixed Platforms
		Debug|x86 = Debug|x86
		Release|Any CPU = Release|Any CPU
		Release|Mixed Platforms = Release|Mixed Platforms
		Release|x86 = Release|x86
	EndGlobalSection
	GlobalSection(ProjectConfigurationPlatforms) = postSolution
		{472439B7-3667-43DD-8D25-08BE8001708D}.Debug|Any CPU.ActiveCfg = Debug|x86
		{472439B7-3667-43DD-8D25-08BE8001708D}.Debug|Mixed Platforms.ActiveCfg = Debug|x86
		{472439B7-3667-43DD-8D25-08BE8001708D}.Debug|Mixed Platforms.Build.0 = Debug|x86
		{472439B7-3667-43DD-8D25-08BE8001708D}.Debug|x86.ActiveCfg = Debug|x86
		{472439B7-3667-43DD-8D25-08BE8001708D}.Debug|x86.Build.0 = Debug|x86
		{472439B7-3667-43DD-8D25-08BE8001708D}.Release|Any CPU.ActiveCfg = Release|x86
		{472439B7-3667-43DD-8D25-08BE8001708D}.Release|Mixed Platforms.ActiveCfg = Release|x86
		{472439B7-3667-43DD-8D25-08BE8001708D}.Release|Mixed Platforms.Build.0 = Release|x86
		{472439B7-3667-43DD-8D25-08BE8001708D}.Release|x86.ActiveCfg = Release|x86
		{472439B7-3667-43DD-8D25-08BE8001708D}.Release|x86.Build.0 = Release|x86
		{14C11CCC-4DD6-4F8C-A15E-7885F5283547}.Debug|Any CPU.ActiveCfg = Debug|Any CPU
		{14C11CCC-4DD6-4F8C-A15E-7885F5283547}.Debug|Any CPU.Build.0 = Debug|Any CPU
		{14C11CCC-4DD6-4F8C-A15E-7885F5283547}.Debug|Mixed Platforms.ActiveCfg = Debug|Any CPU
		{14C11CCC-4DD6-4F8C-A15E-7885F5283547}.Debug|Mixed Platforms.Build.0 = Debug|Any CPU
		{14C11CCC-4DD6-4F8C-A15E-7885F5283547}.Debug|x86.ActiveCfg = Debug|Any CPU
		{14C11CCC-4DD6-4F8C-A15E-7885F5283547}.Release|Any CPU.ActiveCfg = Release|Any CPU
		{14C11CCC-4DD6-4F8C-A15E-7885F5283547}.Release|Any CPU.Build.0 = Release|Any CPU
		{14C11CCC-4DD6-4F8C-A15E-7885F5283547}.Release|Mixed Platforms.ActiveCfg = Release|Any CPU
		{14C11CCC-4DD6-4F8C-A15E-7885F5283547}.Release|Mixed Platforms.Build.0 = Release|Any CPU
		{14C11CCC-4DD6-4F8C-A15E-7885F5283547}.Release|x86.ActiveCfg = Release|Any CPU
	EndGlobalSection
	GlobalSection(SolutionProperties) = preSolution
		HideSolutionNode = FALSE
	EndGlobalSection
EndGlobal
