
Microsoft Visual Studio Solution File, Format Version 12.00
# Visual Studio 15
VisualStudioVersion = 15.0.28307.645
MinimumVisualStudioVersion = 10.0.40219.1
Project("{FAE04EC0-301F-11D3-BF4B-00C04F79EFBC}") = "PSMSensorServer", "PSMSensorServer\PSMSensorServer.csproj", "{D9BA66C7-EA3F-457D-A26E-E81E22A97F7E}"
EndProject
Project("{FAE04EC0-301F-11D3-BF4B-00C04F79EFBC}") = "JubixSensor", "JubixSensorManager\JubixSensor.csproj", "{9A0409F1-4C53-4157-8D55-C9BA2701C991}"
EndProject
Global
	GlobalSection(SolutionConfigurationPlatforms) = preSolution
		Debug|x64 = Debug|x64
		Debug|x86 = Debug|x86
		Release|x64 = Release|x64
		Release|x86 = Release|x86
	EndGlobalSection
	GlobalSection(ProjectConfigurationPlatforms) = postSolution
		{D9BA66C7-EA3F-457D-A26E-E81E22A97F7E}.Debug|x64.ActiveCfg = Debug|Any CPU
		{D9BA66C7-EA3F-457D-A26E-E81E22A97F7E}.Debug|x86.ActiveCfg = Debug|Any CPU
		{D9BA66C7-EA3F-457D-A26E-E81E22A97F7E}.Release|x64.ActiveCfg = Release|x64
		{D9BA66C7-EA3F-457D-A26E-E81E22A97F7E}.Release|x64.Build.0 = Release|x64
		{D9BA66C7-EA3F-457D-A26E-E81E22A97F7E}.Release|x86.ActiveCfg = Release|x86
		{D9BA66C7-EA3F-457D-A26E-E81E22A97F7E}.Release|x86.Build.0 = Release|x86
		{9A0409F1-4C53-4157-8D55-C9BA2701C991}.Debug|x64.ActiveCfg = Debug|Any CPU
		{9A0409F1-4C53-4157-8D55-C9BA2701C991}.Debug|x86.ActiveCfg = Debug|Any CPU
		{9A0409F1-4C53-4157-8D55-C9BA2701C991}.Release|x64.ActiveCfg = Release|x64
		{9A0409F1-4C53-4157-8D55-C9BA2701C991}.Release|x64.Build.0 = Release|x64
		{9A0409F1-4C53-4157-8D55-C9BA2701C991}.Release|x86.ActiveCfg = Release|x86
		{9A0409F1-4C53-4157-8D55-C9BA2701C991}.Release|x86.Build.0 = Release|x86
	EndGlobalSection
	GlobalSection(SolutionProperties) = preSolution
		HideSolutionNode = FALSE
	EndGlobalSection
	GlobalSection(ExtensibilityGlobals) = postSolution
		SolutionGuid = {21A4513A-0439-45E5-93D0-60907C1AF0A0}
	EndGlobalSection
EndGlobal
